// !$*UTF8*$!
{
	archiveVersion = 1;
	classes = {
	};
	objectVersion = 46;
	objects = {

/* Begin PBXBuildFile section */
		187C40B419E2C95A000D1500 /* BusinessVO.getBusinessVOAsync.json in Resources */ = {isa = PBXBuildFile; fileRef = 187C409619E2C95A000D1500 /* BusinessVO.getBusinessVOAsync.json */; };
		187C40B519E2C95A000D1500 /* DatacenterVO.getBusinessListAsync.json in Resources */ = {isa = PBXBuildFile; fileRef = 187C409719E2C95A000D1500 /* DatacenterVO.getBusinessListAsync.json */; };
		187C40B619E2C95A000D1500 /* DatacenterVO.getDatacenterListAsync.json in Resources */ = {isa = PBXBuildFile; fileRef = 187C409819E2C95A000D1500 /* DatacenterVO.getDatacenterListAsync.json */; };
		187C40B719E2C95A000D1500 /* DatacenterVO.getDatacenterStatWinserverVOAsync.json in Resources */ = {isa = PBXBuildFile; fileRef = 187C409919E2C95A000D1500 /* DatacenterVO.getDatacenterStatWinserverVOAsync.json */; };
		187C40B819E2C95A000D1500 /* DatacenterVO.getPoolListAsync.json in Resources */ = {isa = PBXBuildFile; fileRef = 187C409A19E2C95A000D1500 /* DatacenterVO.getPoolListAsync.json */; };
		187C40B919E2C95A000D1500 /* DatacenterVO.getPoolListAsync.limit.json in Resources */ = {isa = PBXBuildFile; fileRef = 187C409B19E2C95A000D1500 /* DatacenterVO.getPoolListAsync.limit.json */; };
		187C40BA19E2C95A000D1500 /* DatacenterVO.getBusinessListAsync.limit.json in Resources */ = {isa = PBXBuildFile; fileRef = 187C409C19E2C95A000D1500 /* DatacenterVO.getBusinessListAsync.limit.json */; };
		187C40BB19E2C95A000D1500 /* HostVO.getHostNetworkExternalListAsync.json in Resources */ = {isa = PBXBuildFile; fileRef = 187C409D19E2C95A000D1500 /* HostVO.getHostNetworkExternalListAsync.json */; };
		187C40BC19E2C95A000D1500 /* HostVO.getHostNetworkInternalListAsync.json in Resources */ = {isa = PBXBuildFile; fileRef = 187C409E19E2C95A000D1500 /* HostVO.getHostNetworkInternalListAsync.json */; };
		187C40BD19E2C95A000D1500 /* HostVO.getHostNicGroupedListAsync.json in Resources */ = {isa = PBXBuildFile; fileRef = 187C409F19E2C95A000D1500 /* HostVO.getHostNicGroupedListAsync.json */; };
		187C40BE19E2C95A000D1500 /* HostVO.getHostNicUngroupedListAsync.json in Resources */ = {isa = PBXBuildFile; fileRef = 187C40A019E2C95A000D1500 /* HostVO.getHostNicUngroupedListAsync.json */; };
		187C40BF19E2C95A000D1500 /* HostVO.getHostStatVOAsync.json in Resources */ = {isa = PBXBuildFile; fileRef = 187C40A119E2C95A000D1500 /* HostVO.getHostStatVOAsync.json */; };
		187C40C019E2C95A000D1500 /* HostVO.getHostVOAsync.json in Resources */ = {isa = PBXBuildFile; fileRef = 187C40A219E2C95A000D1500 /* HostVO.getHostVOAsync.json */; };
		187C40C119E2C95A000D1500 /* HostVO.getStorageListAsync.json in Resources */ = {isa = PBXBuildFile; fileRef = 187C40A319E2C95A000D1500 /* HostVO.getStorageListAsync.json */; };
		187C40C219E2C95A000D1500 /* HostVO.getVmListAsync.json in Resources */ = {isa = PBXBuildFile; fileRef = 187C40A419E2C95A000D1500 /* HostVO.getVmListAsync.json */; };
		187C40C319E2C95A000D1500 /* PoolVO.getHostListAsync.json in Resources */ = {isa = PBXBuildFile; fileRef = 187C40A519E2C95A000D1500 /* PoolVO.getHostListAsync.json */; };
		187C40C419E2C95A000D1500 /* PoolVO.getHostLisWithlimit.json in Resources */ = {isa = PBXBuildFile; fileRef = 187C40A619E2C95A000D1500 /* PoolVO.getHostLisWithlimit.json */; };
		187C40C519E2C95A000D1500 /* PoolVO.getPoolElasticAsync.json in Resources */ = {isa = PBXBuildFile; fileRef = 187C40A719E2C95A000D1500 /* PoolVO.getPoolElasticAsync.json */; };
		187C40C619E2C95A000D1500 /* PoolVO.getPoolVOAsync.json in Resources */ = {isa = PBXBuildFile; fileRef = 187C40A819E2C95A000D1500 /* PoolVO.getPoolVOAsync.json */; };
		187C40C719E2C95A000D1500 /* PoolVO.getStorageList.json in Resources */ = {isa = PBXBuildFile; fileRef = 187C40A919E2C95A000D1500 /* PoolVO.getStorageList.json */; };
		187C40C819E2C95A000D1500 /* PoolVO.getStorageListAsync.json in Resources */ = {isa = PBXBuildFile; fileRef = 187C40AA19E2C95A000D1500 /* PoolVO.getStorageListAsync.json */; };
		187C40C919E2C95A000D1500 /* PoolVO.getVmListAsync.json in Resources */ = {isa = PBXBuildFile; fileRef = 187C40AB19E2C95A000D1500 /* PoolVO.getVmListAsync.json */; };
		187C40CA19E2C95A000D1500 /* PoolVO.getVmListWithlimit.json in Resources */ = {isa = PBXBuildFile; fileRef = 187C40AC19E2C95A000D1500 /* PoolVO.getVmListWithlimit.json */; };
		187C40CB19E2C95A000D1500 /* StorageVO.getStorageVOAsync.json in Resources */ = {isa = PBXBuildFile; fileRef = 187C40AD19E2C95A000D1500 /* StorageVO.getStorageVOAsync.json */; };
		187C40CC19E2C95A000D1500 /* StorageVO.getStorageVolumnListAsync.json in Resources */ = {isa = PBXBuildFile; fileRef = 187C40AE19E2C95A000D1500 /* StorageVO.getStorageVolumnListAsync.json */; };
		187C40CD19E2C95A000D1500 /* TemplateIcon2x.png in Resources */ = {isa = PBXBuildFile; fileRef = 187C40AF19E2C95A000D1500 /* TemplateIcon2x.png */; };
		187C40CE19E2C95A000D1500 /* UserVO.getUserVOAsync.json in Resources */ = {isa = PBXBuildFile; fileRef = 187C40B019E2C95A000D1500 /* UserVO.getUserVOAsync.json */; };
		187C40CF19E2C95A000D1500 /* VmVO.getVmNicListAsync.json in Resources */ = {isa = PBXBuildFile; fileRef = 187C40B119E2C95A000D1500 /* VmVO.getVmNicListAsync.json */; };
		187C40D019E2C95A000D1500 /* VmVO.getVmVOAsync.json in Resources */ = {isa = PBXBuildFile; fileRef = 187C40B219E2C95A000D1500 /* VmVO.getVmVOAsync.json */; };
		187C40D119E2C95A000D1500 /* VmVO.getVmVolumnListAsync.json in Resources */ = {isa = PBXBuildFile; fileRef = 187C40B319E2C95A000D1500 /* VmVO.getVmVolumnListAsync.json */; };
		18A4D32019B556BA00415896 /* Foundation.framework in Frameworks */ = {isa = PBXBuildFile; fileRef = 18A4D31F19B556BA00415896 /* Foundation.framework */; };
		18A4D32219B556BA00415896 /* CoreGraphics.framework in Frameworks */ = {isa = PBXBuildFile; fileRef = 18A4D32119B556BA00415896 /* CoreGraphics.framework */; };
		18A4D32419B556BA00415896 /* UIKit.framework in Frameworks */ = {isa = PBXBuildFile; fileRef = 18A4D32319B556BA00415896 /* UIKit.framework */; };
		18A4D32A19B556BA00415896 /* InfoPlist.strings in Resources */ = {isa = PBXBuildFile; fileRef = 18A4D32819B556BA00415896 /* InfoPlist.strings */; };
		18A4D32C19B556BA00415896 /* main.m in Sources */ = {isa = PBXBuildFile; fileRef = 18A4D32B19B556BA00415896 /* main.m */; };
		18A4D33019B556BA00415896 /* AppDelegate.m in Sources */ = {isa = PBXBuildFile; fileRef = 18A4D32F19B556BA00415896 /* AppDelegate.m */; };
		18A4D33819B556BA00415896 /* Images.xcassets in Resources */ = {isa = PBXBuildFile; fileRef = 18A4D33719B556BA00415896 /* Images.xcassets */; };
		18A4D35719B557F400415896 /* Main.storyboard in Resources */ = {isa = PBXBuildFile; fileRef = 18A4D35619B557F400415896 /* Main.storyboard */; };
		18B2324B19E50745000A1FA1 /* LicenseVO.getLicenseVOAsync.json in Resources */ = {isa = PBXBuildFile; fileRef = 18B2324A19E50745000A1FA1 /* LicenseVO.getLicenseVOAsync.json */; };
		18B2324D19E52677000A1FA1 /* ControlRecordVO.getControlRecordListViaObject.json in Resources */ = {isa = PBXBuildFile; fileRef = 18B2324C19E52677000A1FA1 /* ControlRecordVO.getControlRecordListViaObject.json */; };
		18B2324F19E52864000A1FA1 /* WarningInfoVO.getWarningInfoListAsync.json in Resources */ = {isa = PBXBuildFile; fileRef = 18B2324E19E52864000A1FA1 /* WarningInfoVO.getWarningInfoListAsync.json */; };
		18B232DF19E57C7C000A1FA1 /* BusinessContainerVC.m in Sources */ = {isa = PBXBuildFile; fileRef = 18B2325E19E57C7C000A1FA1 /* BusinessContainerVC.m */; };
		18B232E019E57C7C000A1FA1 /* BusinessDetailInfoVC.m in Sources */ = {isa = PBXBuildFile; fileRef = 18B2326019E57C7C000A1FA1 /* BusinessDetailInfoVC.m */; };
		18B232E119E57C7C000A1FA1 /* MasterCollectionCell.m in Sources */ = {isa = PBXBuildFile; fileRef = 18B2326319E57C7C000A1FA1 /* MasterCollectionCell.m */; };
		18B232E219E57C7C000A1FA1 /* MasterCollectionHeader.m in Sources */ = {isa = PBXBuildFile; fileRef = 18B2326519E57C7C000A1FA1 /* MasterCollectionHeader.m */; };
		18B232E319E57C7C000A1FA1 /* MasterCollectionVC.m in Sources */ = {isa = PBXBuildFile; fileRef = 18B2326719E57C7C000A1FA1 /* MasterCollectionVC.m */; };
		18B232E419E57C7C000A1FA1 /* MasterContainerVC.m in Sources */ = {isa = PBXBuildFile; fileRef = 18B2326A19E57C7C000A1FA1 /* MasterContainerVC.m */; };
		18B232E519E57C7C000A1FA1 /* DatacenterBusinessCollectionVC.m in Sources */ = {isa = PBXBuildFile; fileRef = 18B2326D19E57C7C000A1FA1 /* DatacenterBusinessCollectionVC.m */; };
		18B232E619E57C7C000A1FA1 /* DatacenterBusinessMore.m in Sources */ = {isa = PBXBuildFile; fileRef = 18B2326F19E57C7C000A1FA1 /* DatacenterBusinessMore.m */; };
		18B232E719E57C7C000A1FA1 /* DatacenterContainerVC.m in Sources */ = {isa = PBXBuildFile; fileRef = 18B2327119E57C7C000A1FA1 /* DatacenterContainerVC.m */; };
		18B232E819E57C7C000A1FA1 /* DatacenterDetailInfoVC.m in Sources */ = {isa = PBXBuildFile; fileRef = 18B2327319E57C7C000A1FA1 /* DatacenterDetailInfoVC.m */; };
		18B232E919E57C7C000A1FA1 /* DatacenterHostCollectionVC.m in Sources */ = {isa = PBXBuildFile; fileRef = 18B2327519E57C7C000A1FA1 /* DatacenterHostCollectionVC.m */; };
		18B232EA19E57C7C000A1FA1 /* DatacenterHostMore.m in Sources */ = {isa = PBXBuildFile; fileRef = 18B2327719E57C7C000A1FA1 /* DatacenterHostMore.m */; };
		18B232EB19E57C7C000A1FA1 /* DatacenterMoreVC.m in Sources */ = {isa = PBXBuildFile; fileRef = 18B2327919E57C7C000A1FA1 /* DatacenterMoreVC.m */; };
		18B232EC19E57C7C000A1FA1 /* DatacenterPoolCollectionVC.m in Sources */ = {isa = PBXBuildFile; fileRef = 18B2327B19E57C7C000A1FA1 /* DatacenterPoolCollectionVC.m */; };
		18B232ED19E57C7C000A1FA1 /* DatacenterPoolMore.m in Sources */ = {isa = PBXBuildFile; fileRef = 18B2327D19E57C7C000A1FA1 /* DatacenterPoolMore.m */; };
		18B232EE19E57C7C000A1FA1 /* DatacenterStorageCollectionVC.m in Sources */ = {isa = PBXBuildFile; fileRef = 18B2327F19E57C7C000A1FA1 /* DatacenterStorageCollectionVC.m */; };
		18B232EF19E57C7C000A1FA1 /* DatacenterStorageMore.m in Sources */ = {isa = PBXBuildFile; fileRef = 18B2328119E57C7C000A1FA1 /* DatacenterStorageMore.m */; };
		18B232F019E57C7C000A1FA1 /* DatacenterTableVC.m in Sources */ = {isa = PBXBuildFile; fileRef = 18B2328319E57C7C000A1FA1 /* DatacenterTableVC.m */; };
		18B232F119E57C7C000A1FA1 /* DatacenterVmCollectionVC.m in Sources */ = {isa = PBXBuildFile; fileRef = 18B2328519E57C7C000A1FA1 /* DatacenterVmCollectionVC.m */; };
		18B232F219E57C7C000A1FA1 /* DatacenterVmMore.m in Sources */ = {isa = PBXBuildFile; fileRef = 18B2328719E57C7C000A1FA1 /* DatacenterVmMore.m */; };
		18B232F319E57C7C000A1FA1 /* HostCollectionVC.m in Sources */ = {isa = PBXBuildFile; fileRef = 18B2328A19E57C7C000A1FA1 /* HostCollectionVC.m */; };
		18B232F419E57C7C000A1FA1 /* HostContainerVC.m in Sources */ = {isa = PBXBuildFile; fileRef = 18B2328C19E57C7C000A1FA1 /* HostContainerVC.m */; };
		18B232F519E57C7C000A1FA1 /* HostDetailInfoVC.m in Sources */ = {isa = PBXBuildFile; fileRef = 18B2328E19E57C7C000A1FA1 /* HostDetailInfoVC.m */; };
		18B232F619E57C7C000A1FA1 /* HostDetailPerformanceVC.m in Sources */ = {isa = PBXBuildFile; fileRef = 18B2329019E57C7C000A1FA1 /* HostDetailPerformanceVC.m */; };
		18B232F719E57C7C000A1FA1 /* HostNetworkCollectionVC.m in Sources */ = {isa = PBXBuildFile; fileRef = 18B2329219E57C7C000A1FA1 /* HostNetworkCollectionVC.m */; };
		18B232F819E57C7C000A1FA1 /* HostNicCollectionVC.m in Sources */ = {isa = PBXBuildFile; fileRef = 18B2329419E57C7C000A1FA1 /* HostNicCollectionVC.m */; };
		18B232F919E57C7C000A1FA1 /* LoginSettingVC.m in Sources */ = {isa = PBXBuildFile; fileRef = 18B2329719E57C7C000A1FA1 /* LoginSettingVC.m */; };
		18B232FA19E57C7C000A1FA1 /* LoginVC.m in Sources */ = {isa = PBXBuildFile; fileRef = 18B2329919E57C7C000A1FA1 /* LoginVC.m */; };
		18B232FB19E57C7C000A1FA1 /* NetworkCollectionCell.m in Sources */ = {isa = PBXBuildFile; fileRef = 18B2329C19E57C7C000A1FA1 /* NetworkCollectionCell.m */; };
		18B232FC19E57C7C000A1FA1 /* NetworkCollectionVC.m in Sources */ = {isa = PBXBuildFile; fileRef = 18B2329E19E57C7C000A1FA1 /* NetworkCollectionVC.m */; };
		18B232FD19E57C7C000A1FA1 /* NetworkContainerVC.m in Sources */ = {isa = PBXBuildFile; fileRef = 18B232A019E57C7C000A1FA1 /* NetworkContainerVC.m */; };
		18B232FE19E57C7C000A1FA1 /* PoolContainerVC.m in Sources */ = {isa = PBXBuildFile; fileRef = 18B232A319E57C7C000A1FA1 /* PoolContainerVC.m */; };
		18B232FF19E57C7C000A1FA1 /* PoolDetailInfoVC.m in Sources */ = {isa = PBXBuildFile; fileRef = 18B232A519E57C7C000A1FA1 /* PoolDetailInfoVC.m */; };
		18B2330019E57C7C000A1FA1 /* PopOptionLicenseVC.m in Sources */ = {isa = PBXBuildFile; fileRef = 18B232A819E57C7C000A1FA1 /* PopOptionLicenseVC.m */; };
		18B2330119E57C7C000A1FA1 /* PopOptionsUserInfoVC.m in Sources */ = {isa = PBXBuildFile; fileRef = 18B232AA19E57C7C000A1FA1 /* PopOptionsUserInfoVC.m */; };
		18B2330219E57C7C000A1FA1 /* PopOptionsVC.m in Sources */ = {isa = PBXBuildFile; fileRef = 18B232AC19E57C7C000A1FA1 /* PopOptionsVC.m */; };
		18B2330319E57C7C000A1FA1 /* StorageCollectionVC.m in Sources */ = {isa = PBXBuildFile; fileRef = 18B232AF19E57C7C000A1FA1 /* StorageCollectionVC.m */; };
		18B2330419E57C7C000A1FA1 /* StorageContainerVC.m in Sources */ = {isa = PBXBuildFile; fileRef = 18B232B119E57C7C000A1FA1 /* StorageContainerVC.m */; };
		18B2330519E57C7C000A1FA1 /* StorageDetailDiskCell.m in Sources */ = {isa = PBXBuildFile; fileRef = 18B232B319E57C7C000A1FA1 /* StorageDetailDiskCell.m */; };
		18B2330619E57C7C000A1FA1 /* StorageDetailInfoVC.m in Sources */ = {isa = PBXBuildFile; fileRef = 18B232B519E57C7C000A1FA1 /* StorageDetailInfoVC.m */; };
		18B2330719E57C7C000A1FA1 /* PopControlRecordCell.m in Sources */ = {isa = PBXBuildFile; fileRef = 18B232B819E57C7C000A1FA1 /* PopControlRecordCell.m */; };
		18B2330819E57C7C000A1FA1 /* PopControlRecordCellForTime.m in Sources */ = {isa = PBXBuildFile; fileRef = 18B232BA19E57C7C000A1FA1 /* PopControlRecordCellForTime.m */; };
		18B2330919E57C7C000A1FA1 /* PopControlRecordVC.m in Sources */ = {isa = PBXBuildFile; fileRef = 18B232BC19E57C7C000A1FA1 /* PopControlRecordVC.m */; };
		18B2330A19E57C7C000A1FA1 /* VmCollectionCell.m in Sources */ = {isa = PBXBuildFile; fileRef = 18B232BF19E57C7C000A1FA1 /* VmCollectionCell.m */; };
		18B2330B19E57C7C000A1FA1 /* VmCollectionVC.m in Sources */ = {isa = PBXBuildFile; fileRef = 18B232C119E57C7C000A1FA1 /* VmCollectionVC.m */; };
		18B2330C19E57C7C000A1FA1 /* VmContainerVC.m in Sources */ = {isa = PBXBuildFile; fileRef = 18B232C319E57C7C000A1FA1 /* VmContainerVC.m */; };
		18B2330D19E57C7C000A1FA1 /* VmDetailCPUConfigVC.m in Sources */ = {isa = PBXBuildFile; fileRef = 18B232C519E57C7C000A1FA1 /* VmDetailCPUConfigVC.m */; };
		18B2330E19E57C7C000A1FA1 /* VmDetailInfoVC.m in Sources */ = {isa = PBXBuildFile; fileRef = 18B232C719E57C7C000A1FA1 /* VmDetailInfoVC.m */; };
		18B2330F19E57C7C000A1FA1 /* VmDetailMemryConfigVC.m in Sources */ = {isa = PBXBuildFile; fileRef = 18B232C919E57C7C000A1FA1 /* VmDetailMemryConfigVC.m */; };
		18B2331019E57C7C000A1FA1 /* VmDetailSnapshootVC.m in Sources */ = {isa = PBXBuildFile; fileRef = 18B232CB19E57C7C000A1FA1 /* VmDetailSnapshootVC.m */; };
		18B2331119E57C7C000A1FA1 /* VmDiskCollectionVC.m in Sources */ = {isa = PBXBuildFile; fileRef = 18B232CD19E57C7C000A1FA1 /* VmDiskCollectionVC.m */; };
		18B2331219E57C7C000A1FA1 /* VmMigrateSelectHostListCell.m in Sources */ = {isa = PBXBuildFile; fileRef = 18B232CF19E57C7C000A1FA1 /* VmMigrateSelectHostListCell.m */; };
		18B2331319E57C7C000A1FA1 /* VmMigrateSelectHostListVC.m in Sources */ = {isa = PBXBuildFile; fileRef = 18B232D119E57C7C000A1FA1 /* VmMigrateSelectHostListVC.m */; };
		18B2331419E57C7C000A1FA1 /* VmMigrateVC.m in Sources */ = {isa = PBXBuildFile; fileRef = 18B232D319E57C7C000A1FA1 /* VmMigrateVC.m */; };
		18B2331519E57C7C000A1FA1 /* VmNetworkCollectionVC.m in Sources */ = {isa = PBXBuildFile; fileRef = 18B232D519E57C7C000A1FA1 /* VmNetworkCollectionVC.m */; };
		18B2331619E57C7C000A1FA1 /* VmNewVC.m in Sources */ = {isa = PBXBuildFile; fileRef = 18B232D719E57C7C000A1FA1 /* VmNewVC.m */; };
		18B2331719E57C7C000A1FA1 /* PopWarningInfoCell.m in Sources */ = {isa = PBXBuildFile; fileRef = 18B232DA19E57C7C000A1FA1 /* PopWarningInfoCell.m */; };
		18B2331819E57C7C000A1FA1 /* PopWarningInfoCellForTime.m in Sources */ = {isa = PBXBuildFile; fileRef = 18B232DC19E57C7C000A1FA1 /* PopWarningInfoCellForTime.m */; };
		18B2331919E57C7C000A1FA1 /* PopWarningInfoVC.m in Sources */ = {isa = PBXBuildFile; fileRef = 18B232DE19E57C7C000A1FA1 /* PopWarningInfoVC.m */; };
		18B3BEF919DAD42F00E68AC3 /* libWinCenter-Common.a in Frameworks */ = {isa = PBXBuildFile; fileRef = 18B3BEF819DAD42F00E68AC3 /* libWinCenter-Common.a */; };
		18DCAE5219E3819B00F878AF /* Setting.storyboard in Resources */ = {isa = PBXBuildFile; fileRef = 18DCAE5119E3819B00F878AF /* Setting.storyboard */; };
		18DCAE5419E3823300F878AF /* Business.storyboard in Resources */ = {isa = PBXBuildFile; fileRef = 18DCAE5319E3823300F878AF /* Business.storyboard */; };
		18DCAE5619E382DC00F878AF /* VM.storyboard in Resources */ = {isa = PBXBuildFile; fileRef = 18DCAE5519E382DA00F878AF /* VM.storyboard */; };
		18DCAE5819E383CB00F878AF /* Storage.storyboard in Resources */ = {isa = PBXBuildFile; fileRef = 18DCAE5719E383CB00F878AF /* Storage.storyboard */; };
		18DCAE5A19E3841900F878AF /* Host.storyboard in Resources */ = {isa = PBXBuildFile; fileRef = 18DCAE5919E3841900F878AF /* Host.storyboard */; };
		18DCAE5C19E384C000F878AF /* Pool.storyboard in Resources */ = {isa = PBXBuildFile; fileRef = 18DCAE5B19E384C000F878AF /* Pool.storyboard */; };
		18DCAE5E19E3855C00F878AF /* Datacenter.storyboard in Resources */ = {isa = PBXBuildFile; fileRef = 18DCAE5D19E3855C00F878AF /* Datacenter.storyboard */; };
/* End PBXBuildFile section */

/* Begin PBXFileReference section */
		187C409619E2C95A000D1500 /* BusinessVO.getBusinessVOAsync.json */ = {isa = PBXFileReference; fileEncoding = 4; lastKnownFileType = text.json; path = BusinessVO.getBusinessVOAsync.json; sourceTree = "<group>"; };
		187C409719E2C95A000D1500 /* DatacenterVO.getBusinessListAsync.json */ = {isa = PBXFileReference; fileEncoding = 4; lastKnownFileType = text.json; path = DatacenterVO.getBusinessListAsync.json; sourceTree = "<group>"; };
		187C409819E2C95A000D1500 /* DatacenterVO.getDatacenterListAsync.json */ = {isa = PBXFileReference; fileEncoding = 4; lastKnownFileType = text.json; path = DatacenterVO.getDatacenterListAsync.json; sourceTree = "<group>"; };
		187C409919E2C95A000D1500 /* DatacenterVO.getDatacenterStatWinserverVOAsync.json */ = {isa = PBXFileReference; fileEncoding = 4; lastKnownFileType = text.json; path = DatacenterVO.getDatacenterStatWinserverVOAsync.json; sourceTree = "<group>"; };
		187C409A19E2C95A000D1500 /* DatacenterVO.getPoolListAsync.json */ = {isa = PBXFileReference; fileEncoding = 4; lastKnownFileType = text.json; path = DatacenterVO.getPoolListAsync.json; sourceTree = "<group>"; };
		187C409B19E2C95A000D1500 /* DatacenterVO.getPoolListAsync.limit.json */ = {isa = PBXFileReference; fileEncoding = 4; lastKnownFileType = text.json; path = DatacenterVO.getPoolListAsync.limit.json; sourceTree = "<group>"; };
		187C409C19E2C95A000D1500 /* DatacenterVO.getBusinessListAsync.limit.json */ = {isa = PBXFileReference; fileEncoding = 4; lastKnownFileType = text.json; path = DatacenterVO.getBusinessListAsync.limit.json; sourceTree = "<group>"; };
		187C409D19E2C95A000D1500 /* HostVO.getHostNetworkExternalListAsync.json */ = {isa = PBXFileReference; fileEncoding = 4; lastKnownFileType = text.json; path = HostVO.getHostNetworkExternalListAsync.json; sourceTree = "<group>"; };
		187C409E19E2C95A000D1500 /* HostVO.getHostNetworkInternalListAsync.json */ = {isa = PBXFileReference; fileEncoding = 4; lastKnownFileType = text.json; path = HostVO.getHostNetworkInternalListAsync.json; sourceTree = "<group>"; };
		187C409F19E2C95A000D1500 /* HostVO.getHostNicGroupedListAsync.json */ = {isa = PBXFileReference; fileEncoding = 4; lastKnownFileType = text.json; path = HostVO.getHostNicGroupedListAsync.json; sourceTree = "<group>"; };
		187C40A019E2C95A000D1500 /* HostVO.getHostNicUngroupedListAsync.json */ = {isa = PBXFileReference; fileEncoding = 4; lastKnownFileType = text.json; path = HostVO.getHostNicUngroupedListAsync.json; sourceTree = "<group>"; };
		187C40A119E2C95A000D1500 /* HostVO.getHostStatVOAsync.json */ = {isa = PBXFileReference; fileEncoding = 4; lastKnownFileType = text.json; path = HostVO.getHostStatVOAsync.json; sourceTree = "<group>"; };
		187C40A219E2C95A000D1500 /* HostVO.getHostVOAsync.json */ = {isa = PBXFileReference; fileEncoding = 4; lastKnownFileType = text.json; path = HostVO.getHostVOAsync.json; sourceTree = "<group>"; };
		187C40A319E2C95A000D1500 /* HostVO.getStorageListAsync.json */ = {isa = PBXFileReference; fileEncoding = 4; lastKnownFileType = text.json; path = HostVO.getStorageListAsync.json; sourceTree = "<group>"; };
		187C40A419E2C95A000D1500 /* HostVO.getVmListAsync.json */ = {isa = PBXFileReference; fileEncoding = 4; lastKnownFileType = text.json; path = HostVO.getVmListAsync.json; sourceTree = "<group>"; };
		187C40A519E2C95A000D1500 /* PoolVO.getHostListAsync.json */ = {isa = PBXFileReference; fileEncoding = 4; lastKnownFileType = text.json; path = PoolVO.getHostListAsync.json; sourceTree = "<group>"; };
		187C40A619E2C95A000D1500 /* PoolVO.getHostLisWithlimit.json */ = {isa = PBXFileReference; fileEncoding = 4; lastKnownFileType = text.json; path = PoolVO.getHostLisWithlimit.json; sourceTree = "<group>"; };
		187C40A719E2C95A000D1500 /* PoolVO.getPoolElasticAsync.json */ = {isa = PBXFileReference; fileEncoding = 4; lastKnownFileType = text.json; path = PoolVO.getPoolElasticAsync.json; sourceTree = "<group>"; };
		187C40A819E2C95A000D1500 /* PoolVO.getPoolVOAsync.json */ = {isa = PBXFileReference; fileEncoding = 4; lastKnownFileType = text.json; path = PoolVO.getPoolVOAsync.json; sourceTree = "<group>"; };
		187C40A919E2C95A000D1500 /* PoolVO.getStorageList.json */ = {isa = PBXFileReference; fileEncoding = 4; lastKnownFileType = text.json; path = PoolVO.getStorageList.json; sourceTree = "<group>"; };
		187C40AA19E2C95A000D1500 /* PoolVO.getStorageListAsync.json */ = {isa = PBXFileReference; fileEncoding = 4; lastKnownFileType = text.json; path = PoolVO.getStorageListAsync.json; sourceTree = "<group>"; };
		187C40AB19E2C95A000D1500 /* PoolVO.getVmListAsync.json */ = {isa = PBXFileReference; fileEncoding = 4; lastKnownFileType = text.json; path = PoolVO.getVmListAsync.json; sourceTree = "<group>"; };
		187C40AC19E2C95A000D1500 /* PoolVO.getVmListWithlimit.json */ = {isa = PBXFileReference; fileEncoding = 4; lastKnownFileType = text.json; path = PoolVO.getVmListWithlimit.json; sourceTree = "<group>"; };
		187C40AD19E2C95A000D1500 /* StorageVO.getStorageVOAsync.json */ = {isa = PBXFileReference; fileEncoding = 4; lastKnownFileType = text.json; path = StorageVO.getStorageVOAsync.json; sourceTree = "<group>"; };
		187C40AE19E2C95A000D1500 /* StorageVO.getStorageVolumnListAsync.json */ = {isa = PBXFileReference; fileEncoding = 4; lastKnownFileType = text.json; path = StorageVO.getStorageVolumnListAsync.json; sourceTree = "<group>"; };
		187C40AF19E2C95A000D1500 /* TemplateIcon2x.png */ = {isa = PBXFileReference; lastKnownFileType = image.png; path = TemplateIcon2x.png; sourceTree = "<group>"; };
		187C40B019E2C95A000D1500 /* UserVO.getUserVOAsync.json */ = {isa = PBXFileReference; fileEncoding = 4; lastKnownFileType = text.json; path = UserVO.getUserVOAsync.json; sourceTree = "<group>"; };
		187C40B119E2C95A000D1500 /* VmVO.getVmNicListAsync.json */ = {isa = PBXFileReference; fileEncoding = 4; lastKnownFileType = text.json; path = VmVO.getVmNicListAsync.json; sourceTree = "<group>"; };
		187C40B219E2C95A000D1500 /* VmVO.getVmVOAsync.json */ = {isa = PBXFileReference; fileEncoding = 4; lastKnownFileType = text.json; path = VmVO.getVmVOAsync.json; sourceTree = "<group>"; };
		187C40B319E2C95A000D1500 /* VmVO.getVmVolumnListAsync.json */ = {isa = PBXFileReference; fileEncoding = 4; lastKnownFileType = text.json; path = VmVO.getVmVolumnListAsync.json; sourceTree = "<group>"; };
		18A4D31C19B556BA00415896 /* WinCenter-iPad.app */ = {isa = PBXFileReference; explicitFileType = wrapper.application; includeInIndex = 0; path = "WinCenter-iPad.app"; sourceTree = BUILT_PRODUCTS_DIR; };
		18A4D31F19B556BA00415896 /* Foundation.framework */ = {isa = PBXFileReference; lastKnownFileType = wrapper.framework; name = Foundation.framework; path = System/Library/Frameworks/Foundation.framework; sourceTree = SDKROOT; };
		18A4D32119B556BA00415896 /* CoreGraphics.framework */ = {isa = PBXFileReference; lastKnownFileType = wrapper.framework; name = CoreGraphics.framework; path = System/Library/Frameworks/CoreGraphics.framework; sourceTree = SDKROOT; };
		18A4D32319B556BA00415896 /* UIKit.framework */ = {isa = PBXFileReference; lastKnownFileType = wrapper.framework; name = UIKit.framework; path = System/Library/Frameworks/UIKit.framework; sourceTree = SDKROOT; };
		18A4D32719B556BA00415896 /* WinCenter-iPad-Info.plist */ = {isa = PBXFileReference; lastKnownFileType = text.plist.xml; path = "WinCenter-iPad-Info.plist"; sourceTree = "<group>"; };
		18A4D32919B556BA00415896 /* en */ = {isa = PBXFileReference; lastKnownFileType = text.plist.strings; name = en; path = en.lproj/InfoPlist.strings; sourceTree = "<group>"; };
		18A4D32B19B556BA00415896 /* main.m */ = {isa = PBXFileReference; lastKnownFileType = sourcecode.c.objc; path = main.m; sourceTree = "<group>"; };
		18A4D32D19B556BA00415896 /* WinCenter-iPad-Prefix.pch */ = {isa = PBXFileReference; lastKnownFileType = sourcecode.c.h; path = "WinCenter-iPad-Prefix.pch"; sourceTree = "<group>"; };
		18A4D32E19B556BA00415896 /* AppDelegate.h */ = {isa = PBXFileReference; lastKnownFileType = sourcecode.c.h; path = AppDelegate.h; sourceTree = "<group>"; };
		18A4D32F19B556BA00415896 /* AppDelegate.m */ = {isa = PBXFileReference; lastKnownFileType = sourcecode.c.objc; path = AppDelegate.m; sourceTree = "<group>"; };
		18A4D33719B556BA00415896 /* Images.xcassets */ = {isa = PBXFileReference; lastKnownFileType = folder.assetcatalog; path = Images.xcassets; sourceTree = "<group>"; };
		18A4D33E19B556BA00415896 /* XCTest.framework */ = {isa = PBXFileReference; lastKnownFileType = wrapper.framework; name = XCTest.framework; path = Library/Frameworks/XCTest.framework; sourceTree = DEVELOPER_DIR; };
		18A4D34619B556BA00415896 /* WinCenter-iPadTests-Info.plist */ = {isa = PBXFileReference; lastKnownFileType = text.plist.xml; path = "WinCenter-iPadTests-Info.plist"; sourceTree = "<group>"; };
		18A4D34819B556BA00415896 /* en */ = {isa = PBXFileReference; lastKnownFileType = text.plist.strings; name = en; path = en.lproj/InfoPlist.strings; sourceTree = "<group>"; };
		18A4D34A19B556BA00415896 /* WinCenter_iPadTests.m */ = {isa = PBXFileReference; lastKnownFileType = sourcecode.c.objc; path = WinCenter_iPadTests.m; sourceTree = "<group>"; };
		18A4D35619B557F400415896 /* Main.storyboard */ = {isa = PBXFileReference; fileEncoding = 4; lastKnownFileType = file.storyboard; path = Main.storyboard; sourceTree = "<group>"; };
		18B2324A19E50745000A1FA1 /* LicenseVO.getLicenseVOAsync.json */ = {isa = PBXFileReference; fileEncoding = 4; lastKnownFileType = text.json; path = LicenseVO.getLicenseVOAsync.json; sourceTree = "<group>"; };
		18B2324C19E52677000A1FA1 /* ControlRecordVO.getControlRecordListViaObject.json */ = {isa = PBXFileReference; fileEncoding = 4; lastKnownFileType = text.json; path = ControlRecordVO.getControlRecordListViaObject.json; sourceTree = "<group>"; };
		18B2324E19E52864000A1FA1 /* WarningInfoVO.getWarningInfoListAsync.json */ = {isa = PBXFileReference; fileEncoding = 4; lastKnownFileType = text.json; path = WarningInfoVO.getWarningInfoListAsync.json; sourceTree = "<group>"; };
		18B2325D19E57C7C000A1FA1 /* BusinessContainerVC.h */ = {isa = PBXFileReference; fileEncoding = 4; lastKnownFileType = sourcecode.c.h; path = BusinessContainerVC.h; sourceTree = "<group>"; };
		18B2325E19E57C7C000A1FA1 /* BusinessContainerVC.m */ = {isa = PBXFileReference; fileEncoding = 4; lastKnownFileType = sourcecode.c.objc; path = BusinessContainerVC.m; sourceTree = "<group>"; };
		18B2325F19E57C7C000A1FA1 /* BusinessDetailInfoVC.h */ = {isa = PBXFileReference; fileEncoding = 4; lastKnownFileType = sourcecode.c.h; path = BusinessDetailInfoVC.h; sourceTree = "<group>"; };
		18B2326019E57C7C000A1FA1 /* BusinessDetailInfoVC.m */ = {isa = PBXFileReference; fileEncoding = 4; lastKnownFileType = sourcecode.c.objc; path = BusinessDetailInfoVC.m; sourceTree = "<group>"; };
		18B2326219E57C7C000A1FA1 /* MasterCollectionCell.h */ = {isa = PBXFileReference; fileEncoding = 4; lastKnownFileType = sourcecode.c.h; path = MasterCollectionCell.h; sourceTree = "<group>"; };
		18B2326319E57C7C000A1FA1 /* MasterCollectionCell.m */ = {isa = PBXFileReference; fileEncoding = 4; lastKnownFileType = sourcecode.c.objc; path = MasterCollectionCell.m; sourceTree = "<group>"; };
		18B2326419E57C7C000A1FA1 /* MasterCollectionHeader.h */ = {isa = PBXFileReference; fileEncoding = 4; lastKnownFileType = sourcecode.c.h; path = MasterCollectionHeader.h; sourceTree = "<group>"; };
		18B2326519E57C7C000A1FA1 /* MasterCollectionHeader.m */ = {isa = PBXFileReference; fileEncoding = 4; lastKnownFileType = sourcecode.c.objc; path = MasterCollectionHeader.m; sourceTree = "<group>"; };
		18B2326619E57C7C000A1FA1 /* MasterCollectionVC.h */ = {isa = PBXFileReference; fileEncoding = 4; lastKnownFileType = sourcecode.c.h; path = MasterCollectionVC.h; sourceTree = "<group>"; };
		18B2326719E57C7C000A1FA1 /* MasterCollectionVC.m */ = {isa = PBXFileReference; fileEncoding = 4; lastKnownFileType = sourcecode.c.objc; path = MasterCollectionVC.m; sourceTree = "<group>"; };
		18B2326919E57C7C000A1FA1 /* MasterContainerVC.h */ = {isa = PBXFileReference; fileEncoding = 4; lastKnownFileType = sourcecode.c.h; path = MasterContainerVC.h; sourceTree = "<group>"; };
		18B2326A19E57C7C000A1FA1 /* MasterContainerVC.m */ = {isa = PBXFileReference; fileEncoding = 4; lastKnownFileType = sourcecode.c.objc; path = MasterContainerVC.m; sourceTree = "<group>"; };
		18B2326C19E57C7C000A1FA1 /* DatacenterBusinessCollectionVC.h */ = {isa = PBXFileReference; fileEncoding = 4; lastKnownFileType = sourcecode.c.h; path = DatacenterBusinessCollectionVC.h; sourceTree = "<group>"; };
		18B2326D19E57C7C000A1FA1 /* DatacenterBusinessCollectionVC.m */ = {isa = PBXFileReference; fileEncoding = 4; lastKnownFileType = sourcecode.c.objc; path = DatacenterBusinessCollectionVC.m; sourceTree = "<group>"; };
		18B2326E19E57C7C000A1FA1 /* DatacenterBusinessMore.h */ = {isa = PBXFileReference; fileEncoding = 4; lastKnownFileType = sourcecode.c.h; path = DatacenterBusinessMore.h; sourceTree = "<group>"; };
		18B2326F19E57C7C000A1FA1 /* DatacenterBusinessMore.m */ = {isa = PBXFileReference; fileEncoding = 4; lastKnownFileType = sourcecode.c.objc; path = DatacenterBusinessMore.m; sourceTree = "<group>"; };
		18B2327019E57C7C000A1FA1 /* DatacenterContainerVC.h */ = {isa = PBXFileReference; fileEncoding = 4; lastKnownFileType = sourcecode.c.h; path = DatacenterContainerVC.h; sourceTree = "<group>"; };
		18B2327119E57C7C000A1FA1 /* DatacenterContainerVC.m */ = {isa = PBXFileReference; fileEncoding = 4; lastKnownFileType = sourcecode.c.objc; path = DatacenterContainerVC.m; sourceTree = "<group>"; };
		18B2327219E57C7C000A1FA1 /* DatacenterDetailInfoVC.h */ = {isa = PBXFileReference; fileEncoding = 4; lastKnownFileType = sourcecode.c.h; path = DatacenterDetailInfoVC.h; sourceTree = "<group>"; };
		18B2327319E57C7C000A1FA1 /* DatacenterDetailInfoVC.m */ = {isa = PBXFileReference; fileEncoding = 4; lastKnownFileType = sourcecode.c.objc; path = DatacenterDetailInfoVC.m; sourceTree = "<group>"; };
		18B2327419E57C7C000A1FA1 /* DatacenterHostCollectionVC.h */ = {isa = PBXFileReference; fileEncoding = 4; lastKnownFileType = sourcecode.c.h; path = DatacenterHostCollectionVC.h; sourceTree = "<group>"; };
		18B2327519E57C7C000A1FA1 /* DatacenterHostCollectionVC.m */ = {isa = PBXFileReference; fileEncoding = 4; lastKnownFileType = sourcecode.c.objc; path = DatacenterHostCollectionVC.m; sourceTree = "<group>"; };
		18B2327619E57C7C000A1FA1 /* DatacenterHostMore.h */ = {isa = PBXFileReference; fileEncoding = 4; lastKnownFileType = sourcecode.c.h; path = DatacenterHostMore.h; sourceTree = "<group>"; };
		18B2327719E57C7C000A1FA1 /* DatacenterHostMore.m */ = {isa = PBXFileReference; fileEncoding = 4; lastKnownFileType = sourcecode.c.objc; path = DatacenterHostMore.m; sourceTree = "<group>"; };
		18B2327819E57C7C000A1FA1 /* DatacenterMoreVC.h */ = {isa = PBXFileReference; fileEncoding = 4; lastKnownFileType = sourcecode.c.h; path = DatacenterMoreVC.h; sourceTree = "<group>"; };
		18B2327919E57C7C000A1FA1 /* DatacenterMoreVC.m */ = {isa = PBXFileReference; fileEncoding = 4; lastKnownFileType = sourcecode.c.objc; path = DatacenterMoreVC.m; sourceTree = "<group>"; };
		18B2327A19E57C7C000A1FA1 /* DatacenterPoolCollectionVC.h */ = {isa = PBXFileReference; fileEncoding = 4; lastKnownFileType = sourcecode.c.h; path = DatacenterPoolCollectionVC.h; sourceTree = "<group>"; };
		18B2327B19E57C7C000A1FA1 /* DatacenterPoolCollectionVC.m */ = {isa = PBXFileReference; fileEncoding = 4; lastKnownFileType = sourcecode.c.objc; path = DatacenterPoolCollectionVC.m; sourceTree = "<group>"; };
		18B2327C19E57C7C000A1FA1 /* DatacenterPoolMore.h */ = {isa = PBXFileReference; fileEncoding = 4; lastKnownFileType = sourcecode.c.h; path = DatacenterPoolMore.h; sourceTree = "<group>"; };
		18B2327D19E57C7C000A1FA1 /* DatacenterPoolMore.m */ = {isa = PBXFileReference; fileEncoding = 4; lastKnownFileType = sourcecode.c.objc; path = DatacenterPoolMore.m; sourceTree = "<group>"; };
		18B2327E19E57C7C000A1FA1 /* DatacenterStorageCollectionVC.h */ = {isa = PBXFileReference; fileEncoding = 4; lastKnownFileType = sourcecode.c.h; path = DatacenterStorageCollectionVC.h; sourceTree = "<group>"; };
		18B2327F19E57C7C000A1FA1 /* DatacenterStorageCollectionVC.m */ = {isa = PBXFileReference; fileEncoding = 4; lastKnownFileType = sourcecode.c.objc; path = DatacenterStorageCollectionVC.m; sourceTree = "<group>"; };
		18B2328019E57C7C000A1FA1 /* DatacenterStorageMore.h */ = {isa = PBXFileReference; fileEncoding = 4; lastKnownFileType = sourcecode.c.h; path = DatacenterStorageMore.h; sourceTree = "<group>"; };
		18B2328119E57C7C000A1FA1 /* DatacenterStorageMore.m */ = {isa = PBXFileReference; fileEncoding = 4; lastKnownFileType = sourcecode.c.objc; path = DatacenterStorageMore.m; sourceTree = "<group>"; };
		18B2328219E57C7C000A1FA1 /* DatacenterTableVC.h */ = {isa = PBXFileReference; fileEncoding = 4; lastKnownFileType = sourcecode.c.h; path = DatacenterTableVC.h; sourceTree = "<group>"; };
		18B2328319E57C7C000A1FA1 /* DatacenterTableVC.m */ = {isa = PBXFileReference; fileEncoding = 4; lastKnownFileType = sourcecode.c.objc; path = DatacenterTableVC.m; sourceTree = "<group>"; };
		18B2328419E57C7C000A1FA1 /* DatacenterVmCollectionVC.h */ = {isa = PBXFileReference; fileEncoding = 4; lastKnownFileType = sourcecode.c.h; path = DatacenterVmCollectionVC.h; sourceTree = "<group>"; };
		18B2328519E57C7C000A1FA1 /* DatacenterVmCollectionVC.m */ = {isa = PBXFileReference; fileEncoding = 4; lastKnownFileType = sourcecode.c.objc; path = DatacenterVmCollectionVC.m; sourceTree = "<group>"; };
		18B2328619E57C7C000A1FA1 /* DatacenterVmMore.h */ = {isa = PBXFileReference; fileEncoding = 4; lastKnownFileType = sourcecode.c.h; path = DatacenterVmMore.h; sourceTree = "<group>"; };
		18B2328719E57C7C000A1FA1 /* DatacenterVmMore.m */ = {isa = PBXFileReference; fileEncoding = 4; lastKnownFileType = sourcecode.c.objc; path = DatacenterVmMore.m; sourceTree = "<group>"; };
		18B2328919E57C7C000A1FA1 /* HostCollectionVC.h */ = {isa = PBXFileReference; fileEncoding = 4; lastKnownFileType = sourcecode.c.h; path = HostCollectionVC.h; sourceTree = "<group>"; };
		18B2328A19E57C7C000A1FA1 /* HostCollectionVC.m */ = {isa = PBXFileReference; fileEncoding = 4; lastKnownFileType = sourcecode.c.objc; path = HostCollectionVC.m; sourceTree = "<group>"; };
		18B2328B19E57C7C000A1FA1 /* HostContainerVC.h */ = {isa = PBXFileReference; fileEncoding = 4; lastKnownFileType = sourcecode.c.h; path = HostContainerVC.h; sourceTree = "<group>"; };
		18B2328C19E57C7C000A1FA1 /* HostContainerVC.m */ = {isa = PBXFileReference; fileEncoding = 4; lastKnownFileType = sourcecode.c.objc; path = HostContainerVC.m; sourceTree = "<group>"; };
		18B2328D19E57C7C000A1FA1 /* HostDetailInfoVC.h */ = {isa = PBXFileReference; fileEncoding = 4; lastKnownFileType = sourcecode.c.h; path = HostDetailInfoVC.h; sourceTree = "<group>"; };
		18B2328E19E57C7C000A1FA1 /* HostDetailInfoVC.m */ = {isa = PBXFileReference; fileEncoding = 4; lastKnownFileType = sourcecode.c.objc; path = HostDetailInfoVC.m; sourceTree = "<group>"; };
		18B2328F19E57C7C000A1FA1 /* HostDetailPerformanceVC.h */ = {isa = PBXFileReference; fileEncoding = 4; lastKnownFileType = sourcecode.c.h; path = HostDetailPerformanceVC.h; sourceTree = "<group>"; };
		18B2329019E57C7C000A1FA1 /* HostDetailPerformanceVC.m */ = {isa = PBXFileReference; fileEncoding = 4; lastKnownFileType = sourcecode.c.objc; path = HostDetailPerformanceVC.m; sourceTree = "<group>"; };
		18B2329119E57C7C000A1FA1 /* HostNetworkCollectionVC.h */ = {isa = PBXFileReference; fileEncoding = 4; lastKnownFileType = sourcecode.c.h; path = HostNetworkCollectionVC.h; sourceTree = "<group>"; };
		18B2329219E57C7C000A1FA1 /* HostNetworkCollectionVC.m */ = {isa = PBXFileReference; fileEncoding = 4; lastKnownFileType = sourcecode.c.objc; path = HostNetworkCollectionVC.m; sourceTree = "<group>"; };
		18B2329319E57C7C000A1FA1 /* HostNicCollectionVC.h */ = {isa = PBXFileReference; fileEncoding = 4; lastKnownFileType = sourcecode.c.h; path = HostNicCollectionVC.h; sourceTree = "<group>"; };
		18B2329419E57C7C000A1FA1 /* HostNicCollectionVC.m */ = {isa = PBXFileReference; fileEncoding = 4; lastKnownFileType = sourcecode.c.objc; path = HostNicCollectionVC.m; sourceTree = "<group>"; };
		18B2329619E57C7C000A1FA1 /* LoginSettingVC.h */ = {isa = PBXFileReference; fileEncoding = 4; lastKnownFileType = sourcecode.c.h; path = LoginSettingVC.h; sourceTree = "<group>"; };
		18B2329719E57C7C000A1FA1 /* LoginSettingVC.m */ = {isa = PBXFileReference; fileEncoding = 4; lastKnownFileType = sourcecode.c.objc; path = LoginSettingVC.m; sourceTree = "<group>"; };
		18B2329819E57C7C000A1FA1 /* LoginVC.h */ = {isa = PBXFileReference; fileEncoding = 4; lastKnownFileType = sourcecode.c.h; path = LoginVC.h; sourceTree = "<group>"; };
		18B2329919E57C7C000A1FA1 /* LoginVC.m */ = {isa = PBXFileReference; fileEncoding = 4; lastKnownFileType = sourcecode.c.objc; path = LoginVC.m; sourceTree = "<group>"; };
		18B2329B19E57C7C000A1FA1 /* NetworkCollectionCell.h */ = {isa = PBXFileReference; fileEncoding = 4; lastKnownFileType = sourcecode.c.h; path = NetworkCollectionCell.h; sourceTree = "<group>"; };
		18B2329C19E57C7C000A1FA1 /* NetworkCollectionCell.m */ = {isa = PBXFileReference; fileEncoding = 4; lastKnownFileType = sourcecode.c.objc; path = NetworkCollectionCell.m; sourceTree = "<group>"; };
		18B2329D19E57C7C000A1FA1 /* NetworkCollectionVC.h */ = {isa = PBXFileReference; fileEncoding = 4; lastKnownFileType = sourcecode.c.h; path = NetworkCollectionVC.h; sourceTree = "<group>"; };
		18B2329E19E57C7C000A1FA1 /* NetworkCollectionVC.m */ = {isa = PBXFileReference; fileEncoding = 4; lastKnownFileType = sourcecode.c.objc; path = NetworkCollectionVC.m; sourceTree = "<group>"; };
		18B2329F19E57C7C000A1FA1 /* NetworkContainerVC.h */ = {isa = PBXFileReference; fileEncoding = 4; lastKnownFileType = sourcecode.c.h; path = NetworkContainerVC.h; sourceTree = "<group>"; };
		18B232A019E57C7C000A1FA1 /* NetworkContainerVC.m */ = {isa = PBXFileReference; fileEncoding = 4; lastKnownFileType = sourcecode.c.objc; path = NetworkContainerVC.m; sourceTree = "<group>"; };
		18B232A219E57C7C000A1FA1 /* PoolContainerVC.h */ = {isa = PBXFileReference; fileEncoding = 4; lastKnownFileType = sourcecode.c.h; path = PoolContainerVC.h; sourceTree = "<group>"; };
		18B232A319E57C7C000A1FA1 /* PoolContainerVC.m */ = {isa = PBXFileReference; fileEncoding = 4; lastKnownFileType = sourcecode.c.objc; path = PoolContainerVC.m; sourceTree = "<group>"; };
		18B232A419E57C7C000A1FA1 /* PoolDetailInfoVC.h */ = {isa = PBXFileReference; fileEncoding = 4; lastKnownFileType = sourcecode.c.h; path = PoolDetailInfoVC.h; sourceTree = "<group>"; };
		18B232A519E57C7C000A1FA1 /* PoolDetailInfoVC.m */ = {isa = PBXFileReference; fileEncoding = 4; lastKnownFileType = sourcecode.c.objc; path = PoolDetailInfoVC.m; sourceTree = "<group>"; };
		18B232A719E57C7C000A1FA1 /* PopOptionLicenseVC.h */ = {isa = PBXFileReference; fileEncoding = 4; lastKnownFileType = sourcecode.c.h; path = PopOptionLicenseVC.h; sourceTree = "<group>"; };
		18B232A819E57C7C000A1FA1 /* PopOptionLicenseVC.m */ = {isa = PBXFileReference; fileEncoding = 4; lastKnownFileType = sourcecode.c.objc; path = PopOptionLicenseVC.m; sourceTree = "<group>"; };
		18B232A919E57C7C000A1FA1 /* PopOptionsUserInfoVC.h */ = {isa = PBXFileReference; fileEncoding = 4; lastKnownFileType = sourcecode.c.h; path = PopOptionsUserInfoVC.h; sourceTree = "<group>"; };
		18B232AA19E57C7C000A1FA1 /* PopOptionsUserInfoVC.m */ = {isa = PBXFileReference; fileEncoding = 4; lastKnownFileType = sourcecode.c.objc; path = PopOptionsUserInfoVC.m; sourceTree = "<group>"; };
		18B232AB19E57C7C000A1FA1 /* PopOptionsVC.h */ = {isa = PBXFileReference; fileEncoding = 4; lastKnownFileType = sourcecode.c.h; path = PopOptionsVC.h; sourceTree = "<group>"; };
		18B232AC19E57C7C000A1FA1 /* PopOptionsVC.m */ = {isa = PBXFileReference; fileEncoding = 4; lastKnownFileType = sourcecode.c.objc; path = PopOptionsVC.m; sourceTree = "<group>"; };
		18B232AE19E57C7C000A1FA1 /* StorageCollectionVC.h */ = {isa = PBXFileReference; fileEncoding = 4; lastKnownFileType = sourcecode.c.h; path = StorageCollectionVC.h; sourceTree = "<group>"; };
		18B232AF19E57C7C000A1FA1 /* StorageCollectionVC.m */ = {isa = PBXFileReference; fileEncoding = 4; lastKnownFileType = sourcecode.c.objc; path = StorageCollectionVC.m; sourceTree = "<group>"; };
		18B232B019E57C7C000A1FA1 /* StorageContainerVC.h */ = {isa = PBXFileReference; fileEncoding = 4; lastKnownFileType = sourcecode.c.h; path = StorageContainerVC.h; sourceTree = "<group>"; };
		18B232B119E57C7C000A1FA1 /* StorageContainerVC.m */ = {isa = PBXFileReference; fileEncoding = 4; lastKnownFileType = sourcecode.c.objc; path = StorageContainerVC.m; sourceTree = "<group>"; };
		18B232B219E57C7C000A1FA1 /* StorageDetailDiskCell.h */ = {isa = PBXFileReference; fileEncoding = 4; lastKnownFileType = sourcecode.c.h; path = StorageDetailDiskCell.h; sourceTree = "<group>"; };
		18B232B319E57C7C000A1FA1 /* StorageDetailDiskCell.m */ = {isa = PBXFileReference; fileEncoding = 4; lastKnownFileType = sourcecode.c.objc; path = StorageDetailDiskCell.m; sourceTree = "<group>"; };
		18B232B419E57C7C000A1FA1 /* StorageDetailInfoVC.h */ = {isa = PBXFileReference; fileEncoding = 4; lastKnownFileType = sourcecode.c.h; path = StorageDetailInfoVC.h; sourceTree = "<group>"; };
		18B232B519E57C7C000A1FA1 /* StorageDetailInfoVC.m */ = {isa = PBXFileReference; fileEncoding = 4; lastKnownFileType = sourcecode.c.objc; path = StorageDetailInfoVC.m; sourceTree = "<group>"; };
		18B232B719E57C7C000A1FA1 /* PopControlRecordCell.h */ = {isa = PBXFileReference; fileEncoding = 4; lastKnownFileType = sourcecode.c.h; path = PopControlRecordCell.h; sourceTree = "<group>"; };
		18B232B819E57C7C000A1FA1 /* PopControlRecordCell.m */ = {isa = PBXFileReference; fileEncoding = 4; lastKnownFileType = sourcecode.c.objc; path = PopControlRecordCell.m; sourceTree = "<group>"; };
		18B232B919E57C7C000A1FA1 /* PopControlRecordCellForTime.h */ = {isa = PBXFileReference; fileEncoding = 4; lastKnownFileType = sourcecode.c.h; path = PopControlRecordCellForTime.h; sourceTree = "<group>"; };
		18B232BA19E57C7C000A1FA1 /* PopControlRecordCellForTime.m */ = {isa = PBXFileReference; fileEncoding = 4; lastKnownFileType = sourcecode.c.objc; path = PopControlRecordCellForTime.m; sourceTree = "<group>"; };
		18B232BB19E57C7C000A1FA1 /* PopControlRecordVC.h */ = {isa = PBXFileReference; fileEncoding = 4; lastKnownFileType = sourcecode.c.h; path = PopControlRecordVC.h; sourceTree = "<group>"; };
		18B232BC19E57C7C000A1FA1 /* PopControlRecordVC.m */ = {isa = PBXFileReference; fileEncoding = 4; lastKnownFileType = sourcecode.c.objc; path = PopControlRecordVC.m; sourceTree = "<group>"; };
		18B232BE19E57C7C000A1FA1 /* VmCollectionCell.h */ = {isa = PBXFileReference; fileEncoding = 4; lastKnownFileType = sourcecode.c.h; path = VmCollectionCell.h; sourceTree = "<group>"; };
		18B232BF19E57C7C000A1FA1 /* VmCollectionCell.m */ = {isa = PBXFileReference; fileEncoding = 4; lastKnownFileType = sourcecode.c.objc; path = VmCollectionCell.m; sourceTree = "<group>"; };
		18B232C019E57C7C000A1FA1 /* VmCollectionVC.h */ = {isa = PBXFileReference; fileEncoding = 4; lastKnownFileType = sourcecode.c.h; path = VmCollectionVC.h; sourceTree = "<group>"; };
		18B232C119E57C7C000A1FA1 /* VmCollectionVC.m */ = {isa = PBXFileReference; fileEncoding = 4; lastKnownFileType = sourcecode.c.objc; path = VmCollectionVC.m; sourceTree = "<group>"; };
		18B232C219E57C7C000A1FA1 /* VmContainerVC.h */ = {isa = PBXFileReference; fileEncoding = 4; lastKnownFileType = sourcecode.c.h; path = VmContainerVC.h; sourceTree = "<group>"; };
		18B232C319E57C7C000A1FA1 /* VmContainerVC.m */ = {isa = PBXFileReference; fileEncoding = 4; lastKnownFileType = sourcecode.c.objc; path = VmContainerVC.m; sourceTree = "<group>"; };
		18B232C419E57C7C000A1FA1 /* VmDetailCPUConfigVC.h */ = {isa = PBXFileReference; fileEncoding = 4; lastKnownFileType = sourcecode.c.h; path = VmDetailCPUConfigVC.h; sourceTree = "<group>"; };
		18B232C519E57C7C000A1FA1 /* VmDetailCPUConfigVC.m */ = {isa = PBXFileReference; fileEncoding = 4; lastKnownFileType = sourcecode.c.objc; path = VmDetailCPUConfigVC.m; sourceTree = "<group>"; };
		18B232C619E57C7C000A1FA1 /* VmDetailInfoVC.h */ = {isa = PBXFileReference; fileEncoding = 4; lastKnownFileType = sourcecode.c.h; path = VmDetailInfoVC.h; sourceTree = "<group>"; };
		18B232C719E57C7C000A1FA1 /* VmDetailInfoVC.m */ = {isa = PBXFileReference; fileEncoding = 4; lastKnownFileType = sourcecode.c.objc; path = VmDetailInfoVC.m; sourceTree = "<group>"; };
		18B232C819E57C7C000A1FA1 /* VmDetailMemryConfigVC.h */ = {isa = PBXFileReference; fileEncoding = 4; lastKnownFileType = sourcecode.c.h; path = VmDetailMemryConfigVC.h; sourceTree = "<group>"; };
		18B232C919E57C7C000A1FA1 /* VmDetailMemryConfigVC.m */ = {isa = PBXFileReference; fileEncoding = 4; lastKnownFileType = sourcecode.c.objc; path = VmDetailMemryConfigVC.m; sourceTree = "<group>"; };
		18B232CA19E57C7C000A1FA1 /* VmDetailSnapshootVC.h */ = {isa = PBXFileReference; fileEncoding = 4; lastKnownFileType = sourcecode.c.h; path = VmDetailSnapshootVC.h; sourceTree = "<group>"; };
		18B232CB19E57C7C000A1FA1 /* VmDetailSnapshootVC.m */ = {isa = PBXFileReference; fileEncoding = 4; lastKnownFileType = sourcecode.c.objc; path = VmDetailSnapshootVC.m; sourceTree = "<group>"; };
		18B232CC19E57C7C000A1FA1 /* VmDiskCollectionVC.h */ = {isa = PBXFileReference; fileEncoding = 4; lastKnownFileType = sourcecode.c.h; path = VmDiskCollectionVC.h; sourceTree = "<group>"; };
		18B232CD19E57C7C000A1FA1 /* VmDiskCollectionVC.m */ = {isa = PBXFileReference; fileEncoding = 4; lastKnownFileType = sourcecode.c.objc; path = VmDiskCollectionVC.m; sourceTree = "<group>"; };
		18B232CE19E57C7C000A1FA1 /* VmMigrateSelectHostListCell.h */ = {isa = PBXFileReference; fileEncoding = 4; lastKnownFileType = sourcecode.c.h; path = VmMigrateSelectHostListCell.h; sourceTree = "<group>"; };
		18B232CF19E57C7C000A1FA1 /* VmMigrateSelectHostListCell.m */ = {isa = PBXFileReference; fileEncoding = 4; lastKnownFileType = sourcecode.c.objc; path = VmMigrateSelectHostListCell.m; sourceTree = "<group>"; };
		18B232D019E57C7C000A1FA1 /* VmMigrateSelectHostListVC.h */ = {isa = PBXFileReference; fileEncoding = 4; lastKnownFileType = sourcecode.c.h; path = VmMigrateSelectHostListVC.h; sourceTree = "<group>"; };
		18B232D119E57C7C000A1FA1 /* VmMigrateSelectHostListVC.m */ = {isa = PBXFileReference; fileEncoding = 4; lastKnownFileType = sourcecode.c.objc; path = VmMigrateSelectHostListVC.m; sourceTree = "<group>"; };
		18B232D219E57C7C000A1FA1 /* VmMigrateVC.h */ = {isa = PBXFileReference; fileEncoding = 4; lastKnownFileType = sourcecode.c.h; path = VmMigrateVC.h; sourceTree = "<group>"; };
		18B232D319E57C7C000A1FA1 /* VmMigrateVC.m */ = {isa = PBXFileReference; fileEncoding = 4; lastKnownFileType = sourcecode.c.objc; path = VmMigrateVC.m; sourceTree = "<group>"; };
		18B232D419E57C7C000A1FA1 /* VmNetworkCollectionVC.h */ = {isa = PBXFileReference; fileEncoding = 4; lastKnownFileType = sourcecode.c.h; path = VmNetworkCollectionVC.h; sourceTree = "<group>"; };
		18B232D519E57C7C000A1FA1 /* VmNetworkCollectionVC.m */ = {isa = PBXFileReference; fileEncoding = 4; lastKnownFileType = sourcecode.c.objc; path = VmNetworkCollectionVC.m; sourceTree = "<group>"; };
		18B232D619E57C7C000A1FA1 /* VmNewVC.h */ = {isa = PBXFileReference; fileEncoding = 4; lastKnownFileType = sourcecode.c.h; path = VmNewVC.h; sourceTree = "<group>"; };
		18B232D719E57C7C000A1FA1 /* VmNewVC.m */ = {isa = PBXFileReference; fileEncoding = 4; lastKnownFileType = sourcecode.c.objc; path = VmNewVC.m; sourceTree = "<group>"; };
		18B232D919E57C7C000A1FA1 /* PopWarningInfoCell.h */ = {isa = PBXFileReference; fileEncoding = 4; lastKnownFileType = sourcecode.c.h; path = PopWarningInfoCell.h; sourceTree = "<group>"; };
		18B232DA19E57C7C000A1FA1 /* PopWarningInfoCell.m */ = {isa = PBXFileReference; fileEncoding = 4; lastKnownFileType = sourcecode.c.objc; path = PopWarningInfoCell.m; sourceTree = "<group>"; };
		18B232DB19E57C7C000A1FA1 /* PopWarningInfoCellForTime.h */ = {isa = PBXFileReference; fileEncoding = 4; lastKnownFileType = sourcecode.c.h; path = PopWarningInfoCellForTime.h; sourceTree = "<group>"; };
		18B232DC19E57C7C000A1FA1 /* PopWarningInfoCellForTime.m */ = {isa = PBXFileReference; fileEncoding = 4; lastKnownFileType = sourcecode.c.objc; path = PopWarningInfoCellForTime.m; sourceTree = "<group>"; };
		18B232DD19E57C7C000A1FA1 /* PopWarningInfoVC.h */ = {isa = PBXFileReference; fileEncoding = 4; lastKnownFileType = sourcecode.c.h; path = PopWarningInfoVC.h; sourceTree = "<group>"; };
		18B232DE19E57C7C000A1FA1 /* PopWarningInfoVC.m */ = {isa = PBXFileReference; fileEncoding = 4; lastKnownFileType = sourcecode.c.objc; path = PopWarningInfoVC.m; sourceTree = "<group>"; };
		18B3BEF819DAD42F00E68AC3 /* libWinCenter-Common.a */ = {isa = PBXFileReference; lastKnownFileType = archive.ar; name = "libWinCenter-Common.a"; path = "../WinCenter-Common/build/Debug-iphoneos/libWinCenter-Common.a"; sourceTree = "<group>"; };
		18DCAE5119E3819B00F878AF /* Setting.storyboard */ = {isa = PBXFileReference; fileEncoding = 4; lastKnownFileType = file.storyboard; path = Setting.storyboard; sourceTree = "<group>"; };
		18DCAE5319E3823300F878AF /* Business.storyboard */ = {isa = PBXFileReference; fileEncoding = 4; lastKnownFileType = file.storyboard; path = Business.storyboard; sourceTree = "<group>"; };
		18DCAE5519E382DA00F878AF /* VM.storyboard */ = {isa = PBXFileReference; fileEncoding = 4; lastKnownFileType = file.storyboard; path = VM.storyboard; sourceTree = "<group>"; };
		18DCAE5719E383CB00F878AF /* Storage.storyboard */ = {isa = PBXFileReference; fileEncoding = 4; lastKnownFileType = file.storyboard; path = Storage.storyboard; sourceTree = "<group>"; };
		18DCAE5919E3841900F878AF /* Host.storyboard */ = {isa = PBXFileReference; fileEncoding = 4; lastKnownFileType = file.storyboard; path = Host.storyboard; sourceTree = "<group>"; };
		18DCAE5B19E384C000F878AF /* Pool.storyboard */ = {isa = PBXFileReference; fileEncoding = 4; lastKnownFileType = file.storyboard; path = Pool.storyboard; sourceTree = "<group>"; };
		18DCAE5D19E3855C00F878AF /* Datacenter.storyboard */ = {isa = PBXFileReference; fileEncoding = 4; lastKnownFileType = file.storyboard; path = Datacenter.storyboard; sourceTree = "<group>"; };
		3B7FC4E493804226BD2B7B06 /* Pods-WinCenter-iPad.xcconfig */ = {isa = PBXFileReference; includeInIndex = 1; lastKnownFileType = text.xcconfig; name = "Pods-WinCenter-iPad.xcconfig"; path = "../Pods/Pods-WinCenter-iPad.xcconfig"; sourceTree = "<group>"; };
		9316045FEA134B4CA8052DAB /* libPods-WinCenter-iPad.a */ = {isa = PBXFileReference; explicitFileType = archive.ar; includeInIndex = 0; path = "libPods-WinCenter-iPad.a"; sourceTree = BUILT_PRODUCTS_DIR; };
/* End PBXFileReference section */

/* Begin PBXFrameworksBuildPhase section */
		18A4D31919B556BA00415896 /* Frameworks */ = {
			isa = PBXFrameworksBuildPhase;
			buildActionMask = 2147483647;
			files = (
				18B3BEF919DAD42F00E68AC3 /* libWinCenter-Common.a in Frameworks */,
				18A4D32219B556BA00415896 /* CoreGraphics.framework in Frameworks */,
				18A4D32419B556BA00415896 /* UIKit.framework in Frameworks */,
				18A4D32019B556BA00415896 /* Foundation.framework in Frameworks */,
			);
			runOnlyForDeploymentPostprocessing = 0;
		};
/* End PBXFrameworksBuildPhase section */

/* Begin PBXGroup section */
		187C409519E2C95A000D1500 /* datas */ = {
			isa = PBXGroup;
			children = (
				187C409619E2C95A000D1500 /* BusinessVO.getBusinessVOAsync.json */,
				187C409719E2C95A000D1500 /* DatacenterVO.getBusinessListAsync.json */,
				187C409819E2C95A000D1500 /* DatacenterVO.getDatacenterListAsync.json */,
				187C409919E2C95A000D1500 /* DatacenterVO.getDatacenterStatWinserverVOAsync.json */,
				187C409A19E2C95A000D1500 /* DatacenterVO.getPoolListAsync.json */,
				187C409B19E2C95A000D1500 /* DatacenterVO.getPoolListAsync.limit.json */,
				187C409C19E2C95A000D1500 /* DatacenterVO.getBusinessListAsync.limit.json */,
				187C409D19E2C95A000D1500 /* HostVO.getHostNetworkExternalListAsync.json */,
				187C409E19E2C95A000D1500 /* HostVO.getHostNetworkInternalListAsync.json */,
				187C409F19E2C95A000D1500 /* HostVO.getHostNicGroupedListAsync.json */,
				187C40A019E2C95A000D1500 /* HostVO.getHostNicUngroupedListAsync.json */,
				187C40A119E2C95A000D1500 /* HostVO.getHostStatVOAsync.json */,
				187C40A219E2C95A000D1500 /* HostVO.getHostVOAsync.json */,
				187C40A319E2C95A000D1500 /* HostVO.getStorageListAsync.json */,
				187C40A419E2C95A000D1500 /* HostVO.getVmListAsync.json */,
				187C40A519E2C95A000D1500 /* PoolVO.getHostListAsync.json */,
				187C40A619E2C95A000D1500 /* PoolVO.getHostLisWithlimit.json */,
				187C40A719E2C95A000D1500 /* PoolVO.getPoolElasticAsync.json */,
				187C40A819E2C95A000D1500 /* PoolVO.getPoolVOAsync.json */,
				187C40A919E2C95A000D1500 /* PoolVO.getStorageList.json */,
				187C40AA19E2C95A000D1500 /* PoolVO.getStorageListAsync.json */,
				187C40AB19E2C95A000D1500 /* PoolVO.getVmListAsync.json */,
				187C40AC19E2C95A000D1500 /* PoolVO.getVmListWithlimit.json */,
				187C40AD19E2C95A000D1500 /* StorageVO.getStorageVOAsync.json */,
				187C40AE19E2C95A000D1500 /* StorageVO.getStorageVolumnListAsync.json */,
				187C40AF19E2C95A000D1500 /* TemplateIcon2x.png */,
				187C40B019E2C95A000D1500 /* UserVO.getUserVOAsync.json */,
				18B2324A19E50745000A1FA1 /* LicenseVO.getLicenseVOAsync.json */,
				18B2324C19E52677000A1FA1 /* ControlRecordVO.getControlRecordListViaObject.json */,
				18B2324E19E52864000A1FA1 /* WarningInfoVO.getWarningInfoListAsync.json */,
				187C40B119E2C95A000D1500 /* VmVO.getVmNicListAsync.json */,
				187C40B219E2C95A000D1500 /* VmVO.getVmVOAsync.json */,
				187C40B319E2C95A000D1500 /* VmVO.getVmVolumnListAsync.json */,
			);
			path = datas;
			sourceTree = "<group>";
		};
		18A4D31319B556BA00415896 = {
			isa = PBXGroup;
			children = (
				18A4D32519B556BA00415896 /* WinCenter-iPad */,
				18A4D34419B556BA00415896 /* WinCenter-iPadTests */,
				18A4D31E19B556BA00415896 /* Frameworks */,
				18A4D31D19B556BA00415896 /* Products */,
				3B7FC4E493804226BD2B7B06 /* Pods-WinCenter-iPad.xcconfig */,
			);
			sourceTree = "<group>";
		};
		18A4D31D19B556BA00415896 /* Products */ = {
			isa = PBXGroup;
			children = (
				18A4D31C19B556BA00415896 /* WinCenter-iPad.app */,
			);
			name = Products;
			sourceTree = "<group>";
		};
		18A4D31E19B556BA00415896 /* Frameworks */ = {
			isa = PBXGroup;
			children = (
				18B3BEF819DAD42F00E68AC3 /* libWinCenter-Common.a */,
				18A4D31F19B556BA00415896 /* Foundation.framework */,
				18A4D32119B556BA00415896 /* CoreGraphics.framework */,
				18A4D32319B556BA00415896 /* UIKit.framework */,
				18A4D33E19B556BA00415896 /* XCTest.framework */,
				9316045FEA134B4CA8052DAB /* libPods-WinCenter-iPad.a */,
			);
			name = Frameworks;
			sourceTree = "<group>";
		};
		18A4D32519B556BA00415896 /* WinCenter-iPad */ = {
			isa = PBXGroup;
			children = (
				18A4D35A19B558E500415896 /* views */,
				187C409519E2C95A000D1500 /* datas */,
				18A4D32E19B556BA00415896 /* AppDelegate.h */,
				18A4D32F19B556BA00415896 /* AppDelegate.m */,
				18DCAE5119E3819B00F878AF /* Setting.storyboard */,
				18DCAE5319E3823300F878AF /* Business.storyboard */,
				18DCAE5719E383CB00F878AF /* Storage.storyboard */,
				18DCAE5B19E384C000F878AF /* Pool.storyboard */,
				18DCAE5919E3841900F878AF /* Host.storyboard */,
				18DCAE5519E382DA00F878AF /* VM.storyboard */,
				18DCAE5D19E3855C00F878AF /* Datacenter.storyboard */,
				18A4D35619B557F400415896 /* Main.storyboard */,
				18A4D33719B556BA00415896 /* Images.xcassets */,
				18A4D32619B556BA00415896 /* Supporting Files */,
			);
			path = "WinCenter-iPad";
			sourceTree = "<group>";
		};
		18A4D32619B556BA00415896 /* Supporting Files */ = {
			isa = PBXGroup;
			children = (
				18A4D32719B556BA00415896 /* WinCenter-iPad-Info.plist */,
				18A4D32819B556BA00415896 /* InfoPlist.strings */,
				18A4D32B19B556BA00415896 /* main.m */,
				18A4D32D19B556BA00415896 /* WinCenter-iPad-Prefix.pch */,
			);
			name = "Supporting Files";
			sourceTree = "<group>";
		};
		18A4D34419B556BA00415896 /* WinCenter-iPadTests */ = {
			isa = PBXGroup;
			children = (
				18A4D34A19B556BA00415896 /* WinCenter_iPadTests.m */,
				18A4D34519B556BA00415896 /* Supporting Files */,
			);
			path = "WinCenter-iPadTests";
			sourceTree = "<group>";
		};
		18A4D34519B556BA00415896 /* Supporting Files */ = {
			isa = PBXGroup;
			children = (
				18A4D34619B556BA00415896 /* WinCenter-iPadTests-Info.plist */,
				18A4D34719B556BA00415896 /* InfoPlist.strings */,
			);
			name = "Supporting Files";
			sourceTree = "<group>";
		};
		18A4D35A19B558E500415896 /* views */ = {
			isa = PBXGroup;
			children = (
				18B2325B19E57C7C000A1FA1 /* controllers */,
			);
			path = views;
			sourceTree = "<group>";
		};
		18B2325B19E57C7C000A1FA1 /* controllers */ = {
			isa = PBXGroup;
			children = (
				18B2325C19E57C7C000A1FA1 /* business */,
				18B2326119E57C7C000A1FA1 /* collection */,
				18B2326819E57C7C000A1FA1 /* container */,
				18B2326B19E57C7C000A1FA1 /* datacenter */,
				18B2328819E57C7C000A1FA1 /* host */,
				18B2329519E57C7C000A1FA1 /* login */,
				18B2329A19E57C7C000A1FA1 /* network */,
				18B232A119E57C7C000A1FA1 /* pool */,
				18B232A619E57C7C000A1FA1 /* setting */,
				18B232AD19E57C7C000A1FA1 /* storage */,
				18B232B619E57C7C000A1FA1 /* task */,
				18B232BD19E57C7C000A1FA1 /* vm */,
				18B232D819E57C7C000A1FA1 /* warning */,
			);
			path = controllers;
			sourceTree = "<group>";
		};
		18B2325C19E57C7C000A1FA1 /* business */ = {
			isa = PBXGroup;
			children = (
				18B2325D19E57C7C000A1FA1 /* BusinessContainerVC.h */,
				18B2325E19E57C7C000A1FA1 /* BusinessContainerVC.m */,
				18B2325F19E57C7C000A1FA1 /* BusinessDetailInfoVC.h */,
				18B2326019E57C7C000A1FA1 /* BusinessDetailInfoVC.m */,
			);
			path = business;
			sourceTree = "<group>";
		};
		18B2326119E57C7C000A1FA1 /* collection */ = {
			isa = PBXGroup;
			children = (
				18B2326219E57C7C000A1FA1 /* MasterCollectionCell.h */,
				18B2326319E57C7C000A1FA1 /* MasterCollectionCell.m */,
				18B2326419E57C7C000A1FA1 /* MasterCollectionHeader.h */,
				18B2326519E57C7C000A1FA1 /* MasterCollectionHeader.m */,
				18B2326619E57C7C000A1FA1 /* MasterCollectionVC.h */,
				18B2326719E57C7C000A1FA1 /* MasterCollectionVC.m */,
			);
			path = collection;
			sourceTree = "<group>";
		};
		18B2326819E57C7C000A1FA1 /* container */ = {
			isa = PBXGroup;
			children = (
				18B2326919E57C7C000A1FA1 /* MasterContainerVC.h */,
				18B2326A19E57C7C000A1FA1 /* MasterContainerVC.m */,
			);
			path = container;
			sourceTree = "<group>";
		};
		18B2326B19E57C7C000A1FA1 /* datacenter */ = {
			isa = PBXGroup;
			children = (
				18B2326C19E57C7C000A1FA1 /* DatacenterBusinessCollectionVC.h */,
				18B2326D19E57C7C000A1FA1 /* DatacenterBusinessCollectionVC.m */,
				18B2326E19E57C7C000A1FA1 /* DatacenterBusinessMore.h */,
				18B2326F19E57C7C000A1FA1 /* DatacenterBusinessMore.m */,
				18B2327019E57C7C000A1FA1 /* DatacenterContainerVC.h */,
				18B2327119E57C7C000A1FA1 /* DatacenterContainerVC.m */,
				18B2327219E57C7C000A1FA1 /* DatacenterDetailInfoVC.h */,
				18B2327319E57C7C000A1FA1 /* DatacenterDetailInfoVC.m */,
				18B2327419E57C7C000A1FA1 /* DatacenterHostCollectionVC.h */,
				18B2327519E57C7C000A1FA1 /* DatacenterHostCollectionVC.m */,
				18B2327619E57C7C000A1FA1 /* DatacenterHostMore.h */,
				18B2327719E57C7C000A1FA1 /* DatacenterHostMore.m */,
				18B2327819E57C7C000A1FA1 /* DatacenterMoreVC.h */,
				18B2327919E57C7C000A1FA1 /* DatacenterMoreVC.m */,
				18B2327A19E57C7C000A1FA1 /* DatacenterPoolCollectionVC.h */,
				18B2327B19E57C7C000A1FA1 /* DatacenterPoolCollectionVC.m */,
				18B2327C19E57C7C000A1FA1 /* DatacenterPoolMore.h */,
				18B2327D19E57C7C000A1FA1 /* DatacenterPoolMore.m */,
				18B2327E19E57C7C000A1FA1 /* DatacenterStorageCollectionVC.h */,
				18B2327F19E57C7C000A1FA1 /* DatacenterStorageCollectionVC.m */,
				18B2328019E57C7C000A1FA1 /* DatacenterStorageMore.h */,
				18B2328119E57C7C000A1FA1 /* DatacenterStorageMore.m */,
				18B2328219E57C7C000A1FA1 /* DatacenterTableVC.h */,
				18B2328319E57C7C000A1FA1 /* DatacenterTableVC.m */,
				18B2328419E57C7C000A1FA1 /* DatacenterVmCollectionVC.h */,
				18B2328519E57C7C000A1FA1 /* DatacenterVmCollectionVC.m */,
				18B2328619E57C7C000A1FA1 /* DatacenterVmMore.h */,
				18B2328719E57C7C000A1FA1 /* DatacenterVmMore.m */,
			);
			path = datacenter;
			sourceTree = "<group>";
		};
		18B2328819E57C7C000A1FA1 /* host */ = {
			isa = PBXGroup;
			children = (
				18B2328919E57C7C000A1FA1 /* HostCollectionVC.h */,
				18B2328A19E57C7C000A1FA1 /* HostCollectionVC.m */,
				18B2328B19E57C7C000A1FA1 /* HostContainerVC.h */,
				18B2328C19E57C7C000A1FA1 /* HostContainerVC.m */,
				18B2328D19E57C7C000A1FA1 /* HostDetailInfoVC.h */,
				18B2328E19E57C7C000A1FA1 /* HostDetailInfoVC.m */,
				18B2328F19E57C7C000A1FA1 /* HostDetailPerformanceVC.h */,
				18B2329019E57C7C000A1FA1 /* HostDetailPerformanceVC.m */,
				18B2329119E57C7C000A1FA1 /* HostNetworkCollectionVC.h */,
				18B2329219E57C7C000A1FA1 /* HostNetworkCollectionVC.m */,
				18B2329319E57C7C000A1FA1 /* HostNicCollectionVC.h */,
				18B2329419E57C7C000A1FA1 /* HostNicCollectionVC.m */,
			);
			path = host;
			sourceTree = "<group>";
		};
		18B2329519E57C7C000A1FA1 /* login */ = {
			isa = PBXGroup;
			children = (
				18B2329619E57C7C000A1FA1 /* LoginSettingVC.h */,
				18B2329719E57C7C000A1FA1 /* LoginSettingVC.m */,
				18B2329819E57C7C000A1FA1 /* LoginVC.h */,
				18B2329919E57C7C000A1FA1 /* LoginVC.m */,
			);
			path = login;
			sourceTree = "<group>";
		};
		18B2329A19E57C7C000A1FA1 /* network */ = {
			isa = PBXGroup;
			children = (
				18B2329B19E57C7C000A1FA1 /* NetworkCollectionCell.h */,
				18B2329C19E57C7C000A1FA1 /* NetworkCollectionCell.m */,
				18B2329D19E57C7C000A1FA1 /* NetworkCollectionVC.h */,
				18B2329E19E57C7C000A1FA1 /* NetworkCollectionVC.m */,
				18B2329F19E57C7C000A1FA1 /* NetworkContainerVC.h */,
				18B232A019E57C7C000A1FA1 /* NetworkContainerVC.m */,
			);
			path = network;
			sourceTree = "<group>";
		};
		18B232A119E57C7C000A1FA1 /* pool */ = {
			isa = PBXGroup;
			children = (
				18B232A219E57C7C000A1FA1 /* PoolContainerVC.h */,
				18B232A319E57C7C000A1FA1 /* PoolContainerVC.m */,
				18B232A419E57C7C000A1FA1 /* PoolDetailInfoVC.h */,
				18B232A519E57C7C000A1FA1 /* PoolDetailInfoVC.m */,
			);
			path = pool;
			sourceTree = "<group>";
		};
		18B232A619E57C7C000A1FA1 /* setting */ = {
			isa = PBXGroup;
			children = (
				18B232A719E57C7C000A1FA1 /* PopOptionLicenseVC.h */,
				18B232A819E57C7C000A1FA1 /* PopOptionLicenseVC.m */,
				18B232A919E57C7C000A1FA1 /* PopOptionsUserInfoVC.h */,
				18B232AA19E57C7C000A1FA1 /* PopOptionsUserInfoVC.m */,
				18B232AB19E57C7C000A1FA1 /* PopOptionsVC.h */,
				18B232AC19E57C7C000A1FA1 /* PopOptionsVC.m */,
			);
			path = setting;
			sourceTree = "<group>";
		};
		18B232AD19E57C7C000A1FA1 /* storage */ = {
			isa = PBXGroup;
			children = (
				18B232AE19E57C7C000A1FA1 /* StorageCollectionVC.h */,
				18B232AF19E57C7C000A1FA1 /* StorageCollectionVC.m */,
				18B232B019E57C7C000A1FA1 /* StorageContainerVC.h */,
				18B232B119E57C7C000A1FA1 /* StorageContainerVC.m */,
				18B232B219E57C7C000A1FA1 /* StorageDetailDiskCell.h */,
				18B232B319E57C7C000A1FA1 /* StorageDetailDiskCell.m */,
				18B232B419E57C7C000A1FA1 /* StorageDetailInfoVC.h */,
				18B232B519E57C7C000A1FA1 /* StorageDetailInfoVC.m */,
			);
			path = storage;
			sourceTree = "<group>";
		};
		18B232B619E57C7C000A1FA1 /* task */ = {
			isa = PBXGroup;
			children = (
				18B232B719E57C7C000A1FA1 /* PopControlRecordCell.h */,
				18B232B819E57C7C000A1FA1 /* PopControlRecordCell.m */,
				18B232B919E57C7C000A1FA1 /* PopControlRecordCellForTime.h */,
				18B232BA19E57C7C000A1FA1 /* PopControlRecordCellForTime.m */,
				18B232BB19E57C7C000A1FA1 /* PopControlRecordVC.h */,
				18B232BC19E57C7C000A1FA1 /* PopControlRecordVC.m */,
			);
			path = task;
			sourceTree = "<group>";
		};
		18B232BD19E57C7C000A1FA1 /* vm */ = {
			isa = PBXGroup;
			children = (
				18B232BE19E57C7C000A1FA1 /* VmCollectionCell.h */,
				18B232BF19E57C7C000A1FA1 /* VmCollectionCell.m */,
				18B232C019E57C7C000A1FA1 /* VmCollectionVC.h */,
				18B232C119E57C7C000A1FA1 /* VmCollectionVC.m */,
				18B232C219E57C7C000A1FA1 /* VmContainerVC.h */,
				18B232C319E57C7C000A1FA1 /* VmContainerVC.m */,
				18B232C419E57C7C000A1FA1 /* VmDetailCPUConfigVC.h */,
				18B232C519E57C7C000A1FA1 /* VmDetailCPUConfigVC.m */,
				18B232C619E57C7C000A1FA1 /* VmDetailInfoVC.h */,
				18B232C719E57C7C000A1FA1 /* VmDetailInfoVC.m */,
				18B232C819E57C7C000A1FA1 /* VmDetailMemryConfigVC.h */,
				18B232C919E57C7C000A1FA1 /* VmDetailMemryConfigVC.m */,
				18B232CA19E57C7C000A1FA1 /* VmDetailSnapshootVC.h */,
				18B232CB19E57C7C000A1FA1 /* VmDetailSnapshootVC.m */,
				18B232CC19E57C7C000A1FA1 /* VmDiskCollectionVC.h */,
				18B232CD19E57C7C000A1FA1 /* VmDiskCollectionVC.m */,
				18B232CE19E57C7C000A1FA1 /* VmMigrateSelectHostListCell.h */,
				18B232CF19E57C7C000A1FA1 /* VmMigrateSelectHostListCell.m */,
				18B232D019E57C7C000A1FA1 /* VmMigrateSelectHostListVC.h */,
				18B232D119E57C7C000A1FA1 /* VmMigrateSelectHostListVC.m */,
				18B232D219E57C7C000A1FA1 /* VmMigrateVC.h */,
				18B232D319E57C7C000A1FA1 /* VmMigrateVC.m */,
				18B232D419E57C7C000A1FA1 /* VmNetworkCollectionVC.h */,
				18B232D519E57C7C000A1FA1 /* VmNetworkCollectionVC.m */,
				18B232D619E57C7C000A1FA1 /* VmNewVC.h */,
				18B232D719E57C7C000A1FA1 /* VmNewVC.m */,
			);
			path = vm;
			sourceTree = "<group>";
		};
		18B232D819E57C7C000A1FA1 /* warning */ = {
			isa = PBXGroup;
			children = (
				18B232D919E57C7C000A1FA1 /* PopWarningInfoCell.h */,
				18B232DA19E57C7C000A1FA1 /* PopWarningInfoCell.m */,
				18B232DB19E57C7C000A1FA1 /* PopWarningInfoCellForTime.h */,
				18B232DC19E57C7C000A1FA1 /* PopWarningInfoCellForTime.m */,
				18B232DD19E57C7C000A1FA1 /* PopWarningInfoVC.h */,
				18B232DE19E57C7C000A1FA1 /* PopWarningInfoVC.m */,
			);
			path = warning;
			sourceTree = "<group>";
		};
/* End PBXGroup section */

/* Begin PBXNativeTarget section */
		18A4D31B19B556BA00415896 /* WinCenter-iPad */ = {
			isa = PBXNativeTarget;
			buildConfigurationList = 18A4D34E19B556BA00415896 /* Build configuration list for PBXNativeTarget "WinCenter-iPad" */;
			buildPhases = (
				91F789CFA9774B7EBEB499C5 /* Check Pods Manifest.lock */,
				18A4D31819B556BA00415896 /* Sources */,
				18A4D31919B556BA00415896 /* Frameworks */,
				18A4D31A19B556BA00415896 /* Resources */,
				A837DA59B96042838036942B /* Copy Pods Resources */,
			);
			buildRules = (
			);
			dependencies = (
			);
			name = "WinCenter-iPad";
			productName = "WinCenter-iPad";
			productReference = 18A4D31C19B556BA00415896 /* WinCenter-iPad.app */;
			productType = "com.apple.product-type.application";
		};
/* End PBXNativeTarget section */

/* Begin PBXProject section */
		18A4D31419B556BA00415896 /* Project object */ = {
			isa = PBXProject;
			attributes = {
				LastUpgradeCheck = 0510;
				ORGANIZATIONNAME = huadi;
			};
			buildConfigurationList = 18A4D31719B556BA00415896 /* Build configuration list for PBXProject "WinCenter-iPad" */;
			compatibilityVersion = "Xcode 3.2";
			developmentRegion = English;
			hasScannedForEncodings = 0;
			knownRegions = (
				en,
				Base,
			);
			mainGroup = 18A4D31319B556BA00415896;
			productRefGroup = 18A4D31D19B556BA00415896 /* Products */;
			projectDirPath = "";
			projectRoot = "";
			targets = (
				18A4D31B19B556BA00415896 /* WinCenter-iPad */,
			);
		};
/* End PBXProject section */

/* Begin PBXResourcesBuildPhase section */
		18A4D31A19B556BA00415896 /* Resources */ = {
			isa = PBXResourcesBuildPhase;
			buildActionMask = 2147483647;
			files = (
				187C40C219E2C95A000D1500 /* HostVO.getVmListAsync.json in Resources */,
				187C40C119E2C95A000D1500 /* HostVO.getStorageListAsync.json in Resources */,
				187C40B919E2C95A000D1500 /* DatacenterVO.getPoolListAsync.limit.json in Resources */,
				187C40B419E2C95A000D1500 /* BusinessVO.getBusinessVOAsync.json in Resources */,
				187C40C319E2C95A000D1500 /* PoolVO.getHostListAsync.json in Resources */,
				18B2324B19E50745000A1FA1 /* LicenseVO.getLicenseVOAsync.json in Resources */,
				18DCAE5C19E384C000F878AF /* Pool.storyboard in Resources */,
				18A4D33819B556BA00415896 /* Images.xcassets in Resources */,
				187C40C519E2C95A000D1500 /* PoolVO.getPoolElasticAsync.json in Resources */,
				18DCAE5419E3823300F878AF /* Business.storyboard in Resources */,
				187C40B519E2C95A000D1500 /* DatacenterVO.getBusinessListAsync.json in Resources */,
				187C40C019E2C95A000D1500 /* HostVO.getHostVOAsync.json in Resources */,
				187C40B719E2C95A000D1500 /* DatacenterVO.getDatacenterStatWinserverVOAsync.json in Resources */,
				187C40D119E2C95A000D1500 /* VmVO.getVmVolumnListAsync.json in Resources */,
				187C40CE19E2C95A000D1500 /* UserVO.getUserVOAsync.json in Resources */,
				187C40CD19E2C95A000D1500 /* TemplateIcon2x.png in Resources */,
				187C40C419E2C95A000D1500 /* PoolVO.getHostLisWithlimit.json in Resources */,
				18DCAE5619E382DC00F878AF /* VM.storyboard in Resources */,
				18B2324F19E52864000A1FA1 /* WarningInfoVO.getWarningInfoListAsync.json in Resources */,
				187C40CB19E2C95A000D1500 /* StorageVO.getStorageVOAsync.json in Resources */,
				187C40B819E2C95A000D1500 /* DatacenterVO.getPoolListAsync.json in Resources */,
				187C40C919E2C95A000D1500 /* PoolVO.getVmListAsync.json in Resources */,
				18DCAE5219E3819B00F878AF /* Setting.storyboard in Resources */,
				187C40BD19E2C95A000D1500 /* HostVO.getHostNicGroupedListAsync.json in Resources */,
				187C40B619E2C95A000D1500 /* DatacenterVO.getDatacenterListAsync.json in Resources */,
				18DCAE5819E383CB00F878AF /* Storage.storyboard in Resources */,
				187C40CC19E2C95A000D1500 /* StorageVO.getStorageVolumnListAsync.json in Resources */,
				18B2324D19E52677000A1FA1 /* ControlRecordVO.getControlRecordListViaObject.json in Resources */,
				187C40BF19E2C95A000D1500 /* HostVO.getHostStatVOAsync.json in Resources */,
				187C40BC19E2C95A000D1500 /* HostVO.getHostNetworkInternalListAsync.json in Resources */,
				18DCAE5A19E3841900F878AF /* Host.storyboard in Resources */,
				187C40C719E2C95A000D1500 /* PoolVO.getStorageList.json in Resources */,
				187C40BA19E2C95A000D1500 /* DatacenterVO.getBusinessListAsync.limit.json in Resources */,
				187C40CA19E2C95A000D1500 /* PoolVO.getVmListWithlimit.json in Resources */,
				18A4D32A19B556BA00415896 /* InfoPlist.strings in Resources */,
				187C40C819E2C95A000D1500 /* PoolVO.getStorageListAsync.json in Resources */,
				187C40D019E2C95A000D1500 /* VmVO.getVmVOAsync.json in Resources */,
				18A4D35719B557F400415896 /* Main.storyboard in Resources */,
				187C40CF19E2C95A000D1500 /* VmVO.getVmNicListAsync.json in Resources */,
				187C40BE19E2C95A000D1500 /* HostVO.getHostNicUngroupedListAsync.json in Resources */,
				187C40C619E2C95A000D1500 /* PoolVO.getPoolVOAsync.json in Resources */,
				187C40BB19E2C95A000D1500 /* HostVO.getHostNetworkExternalListAsync.json in Resources */,
				18DCAE5E19E3855C00F878AF /* Datacenter.storyboard in Resources */,
			);
			runOnlyForDeploymentPostprocessing = 0;
		};
/* End PBXResourcesBuildPhase section */

/* Begin PBXShellScriptBuildPhase section */
		91F789CFA9774B7EBEB499C5 /* Check Pods Manifest.lock */ = {
			isa = PBXShellScriptBuildPhase;
			buildActionMask = 2147483647;
			files = (
			);
			inputPaths = (
			);
			name = "Check Pods Manifest.lock";
			outputPaths = (
			);
			runOnlyForDeploymentPostprocessing = 0;
			shellPath = /bin/sh;
			shellScript = "diff \"${PODS_ROOT}/../Podfile.lock\" \"${PODS_ROOT}/Manifest.lock\" > /dev/null\nif [[ $? != 0 ]] ; then\n    cat << EOM\nerror: The sandbox is not in sync with the Podfile.lock. Run 'pod install' or update your CocoaPods installation.\nEOM\n    exit 1\nfi\n";
			showEnvVarsInLog = 0;
		};
		A837DA59B96042838036942B /* Copy Pods Resources */ = {
			isa = PBXShellScriptBuildPhase;
			buildActionMask = 2147483647;
			files = (
			);
			inputPaths = (
			);
			name = "Copy Pods Resources";
			outputPaths = (
			);
			runOnlyForDeploymentPostprocessing = 0;
			shellPath = /bin/sh;
			shellScript = "\"${SRCROOT}/../Pods/Pods-WinCenter-iPad-resources.sh\"\n";
			showEnvVarsInLog = 0;
		};
/* End PBXShellScriptBuildPhase section */

/* Begin PBXSourcesBuildPhase section */
		18A4D31819B556BA00415896 /* Sources */ = {
			isa = PBXSourcesBuildPhase;
			buildActionMask = 2147483647;
			files = (
				18B2330419E57C7C000A1FA1 /* StorageContainerVC.m in Sources */,
				18B2331919E57C7C000A1FA1 /* PopWarningInfoVC.m in Sources */,
				18B232E719E57C7C000A1FA1 /* DatacenterContainerVC.m in Sources */,
				18B232F519E57C7C000A1FA1 /* HostDetailInfoVC.m in Sources */,
				18B232FF19E57C7C000A1FA1 /* PoolDetailInfoVC.m in Sources */,
				18B232FA19E57C7C000A1FA1 /* LoginVC.m in Sources */,
				18B232EC19E57C7C000A1FA1 /* DatacenterPoolCollectionVC.m in Sources */,
				18B232EF19E57C7C000A1FA1 /* DatacenterStorageMore.m in Sources */,
				18B232F719E57C7C000A1FA1 /* HostNetworkCollectionVC.m in Sources */,
				18B232E319E57C7C000A1FA1 /* MasterCollectionVC.m in Sources */,
				18B2330C19E57C7C000A1FA1 /* VmContainerVC.m in Sources */,
				18B2330B19E57C7C000A1FA1 /* VmCollectionVC.m in Sources */,
				18B2330819E57C7C000A1FA1 /* PopControlRecordCellForTime.m in Sources */,
				18B2330A19E57C7C000A1FA1 /* VmCollectionCell.m in Sources */,
				18B232F219E57C7C000A1FA1 /* DatacenterVmMore.m in Sources */,
				18B232FE19E57C7C000A1FA1 /* PoolContainerVC.m in Sources */,
				18B232E919E57C7C000A1FA1 /* DatacenterHostCollectionVC.m in Sources */,
				18B232F919E57C7C000A1FA1 /* LoginSettingVC.m in Sources */,
				18B232F419E57C7C000A1FA1 /* HostContainerVC.m in Sources */,
				18B232F819E57C7C000A1FA1 /* HostNicCollectionVC.m in Sources */,
				18B2330519E57C7C000A1FA1 /* StorageDetailDiskCell.m in Sources */,
				18B2331619E57C7C000A1FA1 /* VmNewVC.m in Sources */,
				18B2331319E57C7C000A1FA1 /* VmMigrateSelectHostListVC.m in Sources */,
				18B2331419E57C7C000A1FA1 /* VmMigrateVC.m in Sources */,
				18B2331119E57C7C000A1FA1 /* VmDiskCollectionVC.m in Sources */,
				18B2330F19E57C7C000A1FA1 /* VmDetailMemryConfigVC.m in Sources */,
				18B232F119E57C7C000A1FA1 /* DatacenterVmCollectionVC.m in Sources */,
				18B2331019E57C7C000A1FA1 /* VmDetailSnapshootVC.m in Sources */,
				18B2330019E57C7C000A1FA1 /* PopOptionLicenseVC.m in Sources */,
				18B232F319E57C7C000A1FA1 /* HostCollectionVC.m in Sources */,
				18A4D33019B556BA00415896 /* AppDelegate.m in Sources */,
				18B2331519E57C7C000A1FA1 /* VmNetworkCollectionVC.m in Sources */,
				18B2330719E57C7C000A1FA1 /* PopControlRecordCell.m in Sources */,
				18B232FB19E57C7C000A1FA1 /* NetworkCollectionCell.m in Sources */,
				18B232E019E57C7C000A1FA1 /* BusinessDetailInfoVC.m in Sources */,
				18B2330319E57C7C000A1FA1 /* StorageCollectionVC.m in Sources */,
				18A4D32C19B556BA00415896 /* main.m in Sources */,
				18B2330D19E57C7C000A1FA1 /* VmDetailCPUConfigVC.m in Sources */,
				18B2331819E57C7C000A1FA1 /* PopWarningInfoCellForTime.m in Sources */,
				18B2330219E57C7C000A1FA1 /* PopOptionsVC.m in Sources */,
				18B2330919E57C7C000A1FA1 /* PopControlRecordVC.m in Sources */,
				18B232E519E57C7C000A1FA1 /* DatacenterBusinessCollectionVC.m in Sources */,
				18B2331719E57C7C000A1FA1 /* PopWarningInfoCell.m in Sources */,
				18B232EB19E57C7C000A1FA1 /* DatacenterMoreVC.m in Sources */,
				18B2330619E57C7C000A1FA1 /* StorageDetailInfoVC.m in Sources */,
				18B232EE19E57C7C000A1FA1 /* DatacenterStorageCollectionVC.m in Sources */,
				18B232E619E57C7C000A1FA1 /* DatacenterBusinessMore.m in Sources */,
				18B232E119E57C7C000A1FA1 /* MasterCollectionCell.m in Sources */,
				18B232EA19E57C7C000A1FA1 /* DatacenterHostMore.m in Sources */,
				18B232F019E57C7C000A1FA1 /* DatacenterTableVC.m in Sources */,
				18B2330E19E57C7C000A1FA1 /* VmDetailInfoVC.m in Sources */,
				18B2331219E57C7C000A1FA1 /* VmMigrateSelectHostListCell.m in Sources */,
				18B232E219E57C7C000A1FA1 /* MasterCollectionHeader.m in Sources */,
				18B232ED19E57C7C000A1FA1 /* DatacenterPoolMore.m in Sources */,
				18B232F619E57C7C000A1FA1 /* HostDetailPerformanceVC.m in Sources */,
				18B2330119E57C7C000A1FA1 /* PopOptionsUserInfoVC.m in Sources */,
				18B232E419E57C7C000A1FA1 /* MasterContainerVC.m in Sources */,
				18B232FD19E57C7C000A1FA1 /* NetworkContainerVC.m in Sources */,
				18B232E819E57C7C000A1FA1 /* DatacenterDetailInfoVC.m in Sources */,
				18B232DF19E57C7C000A1FA1 /* BusinessContainerVC.m in Sources */,
				18B232FC19E57C7C000A1FA1 /* NetworkCollectionVC.m in Sources */,
			);
			runOnlyForDeploymentPostprocessing = 0;
		};
/* End PBXSourcesBuildPhase section */

/* Begin PBXVariantGroup section */
		18A4D32819B556BA00415896 /* InfoPlist.strings */ = {
			isa = PBXVariantGroup;
			children = (
				18A4D32919B556BA00415896 /* en */,
			);
			name = InfoPlist.strings;
			sourceTree = "<group>";
		};
		18A4D34719B556BA00415896 /* InfoPlist.strings */ = {
			isa = PBXVariantGroup;
			children = (
				18A4D34819B556BA00415896 /* en */,
			);
			name = InfoPlist.strings;
			sourceTree = "<group>";
		};
/* End PBXVariantGroup section */

/* Begin XCBuildConfiguration section */
		18A4D34C19B556BA00415896 /* Debug */ = {
			isa = XCBuildConfiguration;
			buildSettings = {
				ALWAYS_SEARCH_USER_PATHS = NO;
				CLANG_CXX_LANGUAGE_STANDARD = "gnu++0x";
				CLANG_CXX_LIBRARY = "libc++";
				CLANG_ENABLE_MODULES = YES;
				CLANG_ENABLE_OBJC_ARC = YES;
				CLANG_WARN_BOOL_CONVERSION = YES;
				CLANG_WARN_CONSTANT_CONVERSION = YES;
				CLANG_WARN_DIRECT_OBJC_ISA_USAGE = YES_ERROR;
				CLANG_WARN_EMPTY_BODY = YES;
				CLANG_WARN_ENUM_CONVERSION = YES;
				CLANG_WARN_INT_CONVERSION = YES;
				CLANG_WARN_OBJC_ROOT_CLASS = YES_ERROR;
				CLANG_WARN__DUPLICATE_METHOD_MATCH = YES;
				"CODE_SIGN_IDENTITY[sdk=iphoneos*]" = "iPhone Developer";
				COPY_PHASE_STRIP = NO;
				GCC_C_LANGUAGE_STANDARD = gnu99;
				GCC_DYNAMIC_NO_PIC = NO;
				GCC_OPTIMIZATION_LEVEL = 0;
				GCC_PREPROCESSOR_DEFINITIONS = (
					"DEBUG=1",
					"$(inherited)",
				);
				GCC_SYMBOLS_PRIVATE_EXTERN = NO;
				GCC_WARN_64_TO_32_BIT_CONVERSION = YES;
				GCC_WARN_ABOUT_RETURN_TYPE = YES_ERROR;
				GCC_WARN_UNDECLARED_SELECTOR = YES;
				GCC_WARN_UNINITIALIZED_AUTOS = YES_AGGRESSIVE;
				GCC_WARN_UNUSED_FUNCTION = YES;
				GCC_WARN_UNUSED_VARIABLE = YES;
				IPHONEOS_DEPLOYMENT_TARGET = 7.1;
				ONLY_ACTIVE_ARCH = YES;
				SDKROOT = iphoneos;
				TARGETED_DEVICE_FAMILY = 2;
			};
			name = Debug;
		};
		18A4D34D19B556BA00415896 /* Release */ = {
			isa = XCBuildConfiguration;
			buildSettings = {
				ALWAYS_SEARCH_USER_PATHS = NO;
				CLANG_CXX_LANGUAGE_STANDARD = "gnu++0x";
				CLANG_CXX_LIBRARY = "libc++";
				CLANG_ENABLE_MODULES = YES;
				CLANG_ENABLE_OBJC_ARC = YES;
				CLANG_WARN_BOOL_CONVERSION = YES;
				CLANG_WARN_CONSTANT_CONVERSION = YES;
				CLANG_WARN_DIRECT_OBJC_ISA_USAGE = YES_ERROR;
				CLANG_WARN_EMPTY_BODY = YES;
				CLANG_WARN_ENUM_CONVERSION = YES;
				CLANG_WARN_INT_CONVERSION = YES;
				CLANG_WARN_OBJC_ROOT_CLASS = YES_ERROR;
				CLANG_WARN__DUPLICATE_METHOD_MATCH = YES;
				"CODE_SIGN_IDENTITY[sdk=iphoneos*]" = "iPhone Developer";
				COPY_PHASE_STRIP = YES;
				ENABLE_NS_ASSERTIONS = NO;
				GCC_C_LANGUAGE_STANDARD = gnu99;
				GCC_WARN_64_TO_32_BIT_CONVERSION = YES;
				GCC_WARN_ABOUT_RETURN_TYPE = YES_ERROR;
				GCC_WARN_UNDECLARED_SELECTOR = YES;
				GCC_WARN_UNINITIALIZED_AUTOS = YES_AGGRESSIVE;
				GCC_WARN_UNUSED_FUNCTION = YES;
				GCC_WARN_UNUSED_VARIABLE = YES;
				IPHONEOS_DEPLOYMENT_TARGET = 7.1;
				SDKROOT = iphoneos;
				TARGETED_DEVICE_FAMILY = 2;
				VALIDATE_PRODUCT = YES;
			};
			name = Release;
		};
		18A4D34F19B556BA00415896 /* Debug */ = {
			isa = XCBuildConfiguration;
			baseConfigurationReference = 3B7FC4E493804226BD2B7B06 /* Pods-WinCenter-iPad.xcconfig */;
			buildSettings = {
				ASSETCATALOG_COMPILER_APPICON_NAME = AppIcon;
				ASSETCATALOG_COMPILER_LAUNCHIMAGE_NAME = LaunchImage;
				GCC_PRECOMPILE_PREFIX_HEADER = YES;
				GCC_PREFIX_HEADER = "WinCenter-iPad/WinCenter-iPad-Prefix.pch";
				INFOPLIST_FILE = "WinCenter-iPad/WinCenter-iPad-Info.plist";
				LIBRARY_SEARCH_PATHS = (
					"$(inherited)",
					"/Users/apple/Documents/xcodes/winhong-ios/WinCenter-Common/build/Debug-iphoneos",
				);
				PRODUCT_NAME = "$(TARGET_NAME)";
				TARGETED_DEVICE_FAMILY = 2;
				USER_HEADER_SEARCH_PATHS = "../WinCenter-Common/**";
				WRAPPER_EXTENSION = app;
			};
			name = Debug;
		};
		18A4D35019B556BA00415896 /* Release */ = {
			isa = XCBuildConfiguration;
			baseConfigurationReference = 3B7FC4E493804226BD2B7B06 /* Pods-WinCenter-iPad.xcconfig */;
			buildSettings = {
				ASSETCATALOG_COMPILER_APPICON_NAME = AppIcon;
				ASSETCATALOG_COMPILER_LAUNCHIMAGE_NAME = LaunchImage;
				GCC_PRECOMPILE_PREFIX_HEADER = YES;
				GCC_PREFIX_HEADER = "WinCenter-iPad/WinCenter-iPad-Prefix.pch";
				INFOPLIST_FILE = "WinCenter-iPad/WinCenter-iPad-Info.plist";
				LIBRARY_SEARCH_PATHS = (
					"$(inherited)",
					"/Users/apple/Documents/xcodes/winhong-ios/WinCenter-Common/build/Debug-iphoneos",
				);
				PRODUCT_NAME = "$(TARGET_NAME)";
				TARGETED_DEVICE_FAMILY = 2;
				USER_HEADER_SEARCH_PATHS = "../WinCenter-Common/**";
				WRAPPER_EXTENSION = app;
			};
			name = Release;
		};
/* End XCBuildConfiguration section */

/* Begin XCConfigurationList section */
		18A4D31719B556BA00415896 /* Build configuration list for PBXProject "WinCenter-iPad" */ = {
			isa = XCConfigurationList;
			buildConfigurations = (
				18A4D34C19B556BA00415896 /* Debug */,
				18A4D34D19B556BA00415896 /* Release */,
			);
			defaultConfigurationIsVisible = 0;
			defaultConfigurationName = Release;
		};
		18A4D34E19B556BA00415896 /* Build configuration list for PBXNativeTarget "WinCenter-iPad" */ = {
			isa = XCConfigurationList;
			buildConfigurations = (
				18A4D34F19B556BA00415896 /* Debug */,
				18A4D35019B556BA00415896 /* Release */,
			);
			defaultConfigurationIsVisible = 0;
			defaultConfigurationName = Release;
		};
/* End XCConfigurationList section */
	};
	rootObject = 18A4D31419B556BA00415896 /* Project object */;
}
