// !$*UTF8*$!
{
	archiveVersion = 1;
	classes = {
	};
	objectVersion = 46;
	objects = {

/* Begin PBXBuildFile section */
		18A4D43219B560D400415896 /* Foundation.framework in Frameworks */ = {isa = PBXBuildFile; fileRef = 18A4D43119B560D400415896 /* Foundation.framework */; };
		18A4D43419B560D400415896 /* CoreGraphics.framework in Frameworks */ = {isa = PBXBuildFile; fileRef = 18A4D43319B560D400415896 /* CoreGraphics.framework */; };
		18A4D43619B560D400415896 /* UIKit.framework in Frameworks */ = {isa = PBXBuildFile; fileRef = 18A4D43519B560D400415896 /* UIKit.framework */; };
		18A4D43C19B560D400415896 /* InfoPlist.strings in Resources */ = {isa = PBXBuildFile; fileRef = 18A4D43A19B560D400415896 /* InfoPlist.strings */; };
		18A4D43E19B560D400415896 /* main.m in Sources */ = {isa = PBXBuildFile; fileRef = 18A4D43D19B560D400415896 /* main.m */; };
		18A4D44219B560D400415896 /* AppDelegate.m in Sources */ = {isa = PBXBuildFile; fileRef = 18A4D44119B560D400415896 /* AppDelegate.m */; };
		18A4D44519B560D400415896 /* Main.storyboard in Resources */ = {isa = PBXBuildFile; fileRef = 18A4D44319B560D400415896 /* Main.storyboard */; };
		18A4D44A19B560D400415896 /* Images.xcassets in Resources */ = {isa = PBXBuildFile; fileRef = 18A4D44919B560D400415896 /* Images.xcassets */; };
		18A4D45119B560D400415896 /* XCTest.framework in Frameworks */ = {isa = PBXBuildFile; fileRef = 18A4D45019B560D400415896 /* XCTest.framework */; };
		18A4D45219B560D400415896 /* Foundation.framework in Frameworks */ = {isa = PBXBuildFile; fileRef = 18A4D43119B560D400415896 /* Foundation.framework */; };
		18A4D45319B560D400415896 /* UIKit.framework in Frameworks */ = {isa = PBXBuildFile; fileRef = 18A4D43519B560D400415896 /* UIKit.framework */; };
		18A4D45B19B560D400415896 /* InfoPlist.strings in Resources */ = {isa = PBXBuildFile; fileRef = 18A4D45919B560D400415896 /* InfoPlist.strings */; };
		18A4D45D19B560D400415896 /* WinCenter_iPhoneTests.m in Sources */ = {isa = PBXBuildFile; fileRef = 18A4D45C19B560D400415896 /* WinCenter_iPhoneTests.m */; };
		18B2325719E57462000A1FA1 /* libWinCenter-Common.a in Frameworks */ = {isa = PBXBuildFile; fileRef = 18B2325519E5724F000A1FA1 /* libWinCenter-Common.a */; };
		18B233C119E57D3C000A1FA1 /* BusinessVO.getBusinessVOAsync.json in Resources */ = {isa = PBXBuildFile; fileRef = 18B2331B19E57D3B000A1FA1 /* BusinessVO.getBusinessVOAsync.json */; };
		18B233C219E57D3C000A1FA1 /* ControlRecordVO.getControlRecordListViaObject.json in Resources */ = {isa = PBXBuildFile; fileRef = 18B2331C19E57D3B000A1FA1 /* ControlRecordVO.getControlRecordListViaObject.json */; };
		18B233C319E57D3C000A1FA1 /* DatacenterVO.getBusinessListAsync.json in Resources */ = {isa = PBXBuildFile; fileRef = 18B2331D19E57D3B000A1FA1 /* DatacenterVO.getBusinessListAsync.json */; };
		18B233C419E57D3C000A1FA1 /* DatacenterVO.getBusinessListAsync.limit.json in Resources */ = {isa = PBXBuildFile; fileRef = 18B2331E19E57D3B000A1FA1 /* DatacenterVO.getBusinessListAsync.limit.json */; };
		18B233C519E57D3C000A1FA1 /* DatacenterVO.getDatacenterListAsync.json in Resources */ = {isa = PBXBuildFile; fileRef = 18B2331F19E57D3B000A1FA1 /* DatacenterVO.getDatacenterListAsync.json */; };
		18B233C619E57D3C000A1FA1 /* DatacenterVO.getDatacenterStatWinserverVOAsync.json in Resources */ = {isa = PBXBuildFile; fileRef = 18B2332019E57D3B000A1FA1 /* DatacenterVO.getDatacenterStatWinserverVOAsync.json */; };
		18B233C719E57D3C000A1FA1 /* DatacenterVO.getPoolListAsync.json in Resources */ = {isa = PBXBuildFile; fileRef = 18B2332119E57D3B000A1FA1 /* DatacenterVO.getPoolListAsync.json */; };
		18B233C819E57D3C000A1FA1 /* DatacenterVO.getPoolListAsync.limit.json in Resources */ = {isa = PBXBuildFile; fileRef = 18B2332219E57D3B000A1FA1 /* DatacenterVO.getPoolListAsync.limit.json */; };
		18B233C919E57D3C000A1FA1 /* HostVO.getHostNetworkExternalListAsync.json in Resources */ = {isa = PBXBuildFile; fileRef = 18B2332319E57D3B000A1FA1 /* HostVO.getHostNetworkExternalListAsync.json */; };
		18B233CA19E57D3C000A1FA1 /* HostVO.getHostNetworkInternalListAsync.json in Resources */ = {isa = PBXBuildFile; fileRef = 18B2332419E57D3B000A1FA1 /* HostVO.getHostNetworkInternalListAsync.json */; };
		18B233CB19E57D3C000A1FA1 /* HostVO.getHostNicGroupedListAsync.json in Resources */ = {isa = PBXBuildFile; fileRef = 18B2332519E57D3B000A1FA1 /* HostVO.getHostNicGroupedListAsync.json */; };
		18B233CC19E57D3C000A1FA1 /* HostVO.getHostNicUngroupedListAsync.json in Resources */ = {isa = PBXBuildFile; fileRef = 18B2332619E57D3B000A1FA1 /* HostVO.getHostNicUngroupedListAsync.json */; };
		18B233CD19E57D3C000A1FA1 /* HostVO.getHostStatVOAsync.json in Resources */ = {isa = PBXBuildFile; fileRef = 18B2332719E57D3B000A1FA1 /* HostVO.getHostStatVOAsync.json */; };
		18B233CE19E57D3C000A1FA1 /* HostVO.getHostVOAsync.json in Resources */ = {isa = PBXBuildFile; fileRef = 18B2332819E57D3B000A1FA1 /* HostVO.getHostVOAsync.json */; };
		18B233CF19E57D3C000A1FA1 /* HostVO.getStorageListAsync.json in Resources */ = {isa = PBXBuildFile; fileRef = 18B2332919E57D3B000A1FA1 /* HostVO.getStorageListAsync.json */; };
		18B233D019E57D3C000A1FA1 /* HostVO.getVmListAsync.json in Resources */ = {isa = PBXBuildFile; fileRef = 18B2332A19E57D3B000A1FA1 /* HostVO.getVmListAsync.json */; };
		18B233D119E57D3C000A1FA1 /* LicenseVO.getLicenseVOAsync.json in Resources */ = {isa = PBXBuildFile; fileRef = 18B2332B19E57D3B000A1FA1 /* LicenseVO.getLicenseVOAsync.json */; };
		18B233D219E57D3C000A1FA1 /* PoolVO.getHostListAsync.json in Resources */ = {isa = PBXBuildFile; fileRef = 18B2332C19E57D3B000A1FA1 /* PoolVO.getHostListAsync.json */; };
		18B233D319E57D3C000A1FA1 /* PoolVO.getHostLisWithlimit.json in Resources */ = {isa = PBXBuildFile; fileRef = 18B2332D19E57D3B000A1FA1 /* PoolVO.getHostLisWithlimit.json */; };
		18B233D419E57D3C000A1FA1 /* PoolVO.getPoolElasticAsync.json in Resources */ = {isa = PBXBuildFile; fileRef = 18B2332E19E57D3B000A1FA1 /* PoolVO.getPoolElasticAsync.json */; };
		18B233D519E57D3C000A1FA1 /* PoolVO.getPoolVOAsync.json in Resources */ = {isa = PBXBuildFile; fileRef = 18B2332F19E57D3B000A1FA1 /* PoolVO.getPoolVOAsync.json */; };
		18B233D619E57D3C000A1FA1 /* PoolVO.getStorageList.json in Resources */ = {isa = PBXBuildFile; fileRef = 18B2333019E57D3B000A1FA1 /* PoolVO.getStorageList.json */; };
		18B233D719E57D3C000A1FA1 /* PoolVO.getStorageListAsync.json in Resources */ = {isa = PBXBuildFile; fileRef = 18B2333119E57D3B000A1FA1 /* PoolVO.getStorageListAsync.json */; };
		18B233D819E57D3C000A1FA1 /* PoolVO.getVmListAsync.json in Resources */ = {isa = PBXBuildFile; fileRef = 18B2333219E57D3B000A1FA1 /* PoolVO.getVmListAsync.json */; };
		18B233D919E57D3C000A1FA1 /* PoolVO.getVmListWithlimit.json in Resources */ = {isa = PBXBuildFile; fileRef = 18B2333319E57D3B000A1FA1 /* PoolVO.getVmListWithlimit.json */; };
		18B233DA19E57D3C000A1FA1 /* StorageVO.getStorageVOAsync.json in Resources */ = {isa = PBXBuildFile; fileRef = 18B2333419E57D3B000A1FA1 /* StorageVO.getStorageVOAsync.json */; };
		18B233DB19E57D3C000A1FA1 /* StorageVO.getStorageVolumnListAsync.json in Resources */ = {isa = PBXBuildFile; fileRef = 18B2333519E57D3B000A1FA1 /* StorageVO.getStorageVolumnListAsync.json */; };
		18B233DC19E57D3C000A1FA1 /* TemplateIcon2x.png in Resources */ = {isa = PBXBuildFile; fileRef = 18B2333619E57D3B000A1FA1 /* TemplateIcon2x.png */; };
		18B233DD19E57D3C000A1FA1 /* UserVO.getUserVOAsync.json in Resources */ = {isa = PBXBuildFile; fileRef = 18B2333719E57D3B000A1FA1 /* UserVO.getUserVOAsync.json */; };
		18B233DE19E57D3C000A1FA1 /* VmVO.getVmNicListAsync.json in Resources */ = {isa = PBXBuildFile; fileRef = 18B2333819E57D3B000A1FA1 /* VmVO.getVmNicListAsync.json */; };
		18B233DF19E57D3C000A1FA1 /* VmVO.getVmVOAsync.json in Resources */ = {isa = PBXBuildFile; fileRef = 18B2333919E57D3B000A1FA1 /* VmVO.getVmVOAsync.json */; };
		18B233E019E57D3C000A1FA1 /* VmVO.getVmVolumnListAsync.json in Resources */ = {isa = PBXBuildFile; fileRef = 18B2333A19E57D3B000A1FA1 /* VmVO.getVmVolumnListAsync.json */; };
		18B233E119E57D3C000A1FA1 /* WarningInfoVO.getWarningInfoListAsync.json in Resources */ = {isa = PBXBuildFile; fileRef = 18B2333B19E57D3B000A1FA1 /* WarningInfoVO.getWarningInfoListAsync.json */; };
		18B233E219E57D3C000A1FA1 /* BusinessContainerVC.m in Sources */ = {isa = PBXBuildFile; fileRef = 18B2334019E57D3B000A1FA1 /* BusinessContainerVC.m */; };
		18B233E319E57D3C000A1FA1 /* BusinessDetailInfoVC.m in Sources */ = {isa = PBXBuildFile; fileRef = 18B2334219E57D3B000A1FA1 /* BusinessDetailInfoVC.m */; };
		18B233E419E57D3C000A1FA1 /* MasterCollectionCell.m in Sources */ = {isa = PBXBuildFile; fileRef = 18B2334519E57D3B000A1FA1 /* MasterCollectionCell.m */; };
		18B233E519E57D3C000A1FA1 /* MasterCollectionHeader.m in Sources */ = {isa = PBXBuildFile; fileRef = 18B2334719E57D3B000A1FA1 /* MasterCollectionHeader.m */; };
		18B233E619E57D3C000A1FA1 /* MasterCollectionVC.m in Sources */ = {isa = PBXBuildFile; fileRef = 18B2334919E57D3B000A1FA1 /* MasterCollectionVC.m */; };
		18B233E719E57D3C000A1FA1 /* MasterContainerVC.m in Sources */ = {isa = PBXBuildFile; fileRef = 18B2334C19E57D3B000A1FA1 /* MasterContainerVC.m */; };
		18B233F619E57D3C000A1FA1 /* HostCollectionVC.m in Sources */ = {isa = PBXBuildFile; fileRef = 18B2336C19E57D3C000A1FA1 /* HostCollectionVC.m */; };
		18B233F719E57D3C000A1FA1 /* HostContainerVC.m in Sources */ = {isa = PBXBuildFile; fileRef = 18B2336E19E57D3C000A1FA1 /* HostContainerVC.m */; };
		18B233F819E57D3C000A1FA1 /* HostDetailInfoVC.m in Sources */ = {isa = PBXBuildFile; fileRef = 18B2337019E57D3C000A1FA1 /* HostDetailInfoVC.m */; };
		18B233F919E57D3C000A1FA1 /* HostDetailPerformanceVC.m in Sources */ = {isa = PBXBuildFile; fileRef = 18B2337219E57D3C000A1FA1 /* HostDetailPerformanceVC.m */; };
		18B233FA19E57D3C000A1FA1 /* HostNetworkCollectionVC.m in Sources */ = {isa = PBXBuildFile; fileRef = 18B2337419E57D3C000A1FA1 /* HostNetworkCollectionVC.m */; };
		18B233FB19E57D3C000A1FA1 /* HostNicCollectionVC.m in Sources */ = {isa = PBXBuildFile; fileRef = 18B2337619E57D3C000A1FA1 /* HostNicCollectionVC.m */; };
		18B233FC19E57D3C000A1FA1 /* LoginSettingVC.m in Sources */ = {isa = PBXBuildFile; fileRef = 18B2337919E57D3C000A1FA1 /* LoginSettingVC.m */; };
		18B233FD19E57D3C000A1FA1 /* LoginVC.m in Sources */ = {isa = PBXBuildFile; fileRef = 18B2337B19E57D3C000A1FA1 /* LoginVC.m */; };
		18B233FE19E57D3C000A1FA1 /* NetworkCollectionCell.m in Sources */ = {isa = PBXBuildFile; fileRef = 18B2337E19E57D3C000A1FA1 /* NetworkCollectionCell.m */; };
		18B233FF19E57D3C000A1FA1 /* NetworkCollectionVC.m in Sources */ = {isa = PBXBuildFile; fileRef = 18B2338019E57D3C000A1FA1 /* NetworkCollectionVC.m */; };
		18B2340019E57D3C000A1FA1 /* NetworkContainerVC.m in Sources */ = {isa = PBXBuildFile; fileRef = 18B2338219E57D3C000A1FA1 /* NetworkContainerVC.m */; };
		18B2340119E57D3C000A1FA1 /* PoolContainerVC.m in Sources */ = {isa = PBXBuildFile; fileRef = 18B2338519E57D3C000A1FA1 /* PoolContainerVC.m */; };
		18B2340219E57D3C000A1FA1 /* PoolDetailInfoVC.m in Sources */ = {isa = PBXBuildFile; fileRef = 18B2338719E57D3C000A1FA1 /* PoolDetailInfoVC.m */; };
		18B2340319E57D3C000A1FA1 /* PopOptionLicenseVC.m in Sources */ = {isa = PBXBuildFile; fileRef = 18B2338A19E57D3C000A1FA1 /* PopOptionLicenseVC.m */; };
		18B2340419E57D3C000A1FA1 /* PopOptionsUserInfoVC.m in Sources */ = {isa = PBXBuildFile; fileRef = 18B2338C19E57D3C000A1FA1 /* PopOptionsUserInfoVC.m */; };
		18B2340519E57D3C000A1FA1 /* PopOptionsVC.m in Sources */ = {isa = PBXBuildFile; fileRef = 18B2338E19E57D3C000A1FA1 /* PopOptionsVC.m */; };
		18B2340619E57D3C000A1FA1 /* StorageCollectionVC.m in Sources */ = {isa = PBXBuildFile; fileRef = 18B2339119E57D3C000A1FA1 /* StorageCollectionVC.m */; };
		18B2340719E57D3C000A1FA1 /* StorageContainerVC.m in Sources */ = {isa = PBXBuildFile; fileRef = 18B2339319E57D3C000A1FA1 /* StorageContainerVC.m */; };
		18B2340819E57D3C000A1FA1 /* StorageDetailDiskCell.m in Sources */ = {isa = PBXBuildFile; fileRef = 18B2339519E57D3C000A1FA1 /* StorageDetailDiskCell.m */; };
		18B2340919E57D3C000A1FA1 /* StorageDetailInfoVC.m in Sources */ = {isa = PBXBuildFile; fileRef = 18B2339719E57D3C000A1FA1 /* StorageDetailInfoVC.m */; };
		18B2340A19E57D3C000A1FA1 /* PopControlRecordCell.m in Sources */ = {isa = PBXBuildFile; fileRef = 18B2339A19E57D3C000A1FA1 /* PopControlRecordCell.m */; };
		18B2340B19E57D3C000A1FA1 /* PopControlRecordCellForTime.m in Sources */ = {isa = PBXBuildFile; fileRef = 18B2339C19E57D3C000A1FA1 /* PopControlRecordCellForTime.m */; };
		18B2340C19E57D3C000A1FA1 /* PopControlRecordVC.m in Sources */ = {isa = PBXBuildFile; fileRef = 18B2339E19E57D3C000A1FA1 /* PopControlRecordVC.m */; };
		18B2340D19E57D3C000A1FA1 /* VmCollectionCell.m in Sources */ = {isa = PBXBuildFile; fileRef = 18B233A119E57D3C000A1FA1 /* VmCollectionCell.m */; };
		18B2340E19E57D3C000A1FA1 /* VmCollectionVC.m in Sources */ = {isa = PBXBuildFile; fileRef = 18B233A319E57D3C000A1FA1 /* VmCollectionVC.m */; };
		18B2340F19E57D3C000A1FA1 /* VmContainerVC.m in Sources */ = {isa = PBXBuildFile; fileRef = 18B233A519E57D3C000A1FA1 /* VmContainerVC.m */; };
		18B2341019E57D3C000A1FA1 /* VmDetailCPUConfigVC.m in Sources */ = {isa = PBXBuildFile; fileRef = 18B233A719E57D3C000A1FA1 /* VmDetailCPUConfigVC.m */; };
		18B2341119E57D3C000A1FA1 /* VmDetailInfoVC.m in Sources */ = {isa = PBXBuildFile; fileRef = 18B233A919E57D3C000A1FA1 /* VmDetailInfoVC.m */; };
		18B2341219E57D3C000A1FA1 /* VmDetailMemryConfigVC.m in Sources */ = {isa = PBXBuildFile; fileRef = 18B233AB19E57D3C000A1FA1 /* VmDetailMemryConfigVC.m */; };
		18B2341319E57D3C000A1FA1 /* VmDetailSnapshootVC.m in Sources */ = {isa = PBXBuildFile; fileRef = 18B233AD19E57D3C000A1FA1 /* VmDetailSnapshootVC.m */; };
		18B2341419E57D3C000A1FA1 /* VmDiskCollectionVC.m in Sources */ = {isa = PBXBuildFile; fileRef = 18B233AF19E57D3C000A1FA1 /* VmDiskCollectionVC.m */; };
		18B2341519E57D3C000A1FA1 /* VmMigrateSelectHostListCell.m in Sources */ = {isa = PBXBuildFile; fileRef = 18B233B119E57D3C000A1FA1 /* VmMigrateSelectHostListCell.m */; };
		18B2341619E57D3C000A1FA1 /* VmMigrateSelectHostListVC.m in Sources */ = {isa = PBXBuildFile; fileRef = 18B233B319E57D3C000A1FA1 /* VmMigrateSelectHostListVC.m */; };
		18B2341719E57D3C000A1FA1 /* VmMigrateVC.m in Sources */ = {isa = PBXBuildFile; fileRef = 18B233B519E57D3C000A1FA1 /* VmMigrateVC.m */; };
		18B2341819E57D3C000A1FA1 /* VmNetworkCollectionVC.m in Sources */ = {isa = PBXBuildFile; fileRef = 18B233B719E57D3C000A1FA1 /* VmNetworkCollectionVC.m */; };
		18B2341919E57D3C000A1FA1 /* VmNewVC.m in Sources */ = {isa = PBXBuildFile; fileRef = 18B233B919E57D3C000A1FA1 /* VmNewVC.m */; };
		18B2341A19E57D3C000A1FA1 /* PopWarningInfoCell.m in Sources */ = {isa = PBXBuildFile; fileRef = 18B233BC19E57D3C000A1FA1 /* PopWarningInfoCell.m */; };
		18B2341B19E57D3C000A1FA1 /* PopWarningInfoCellForTime.m in Sources */ = {isa = PBXBuildFile; fileRef = 18B233BE19E57D3C000A1FA1 /* PopWarningInfoCellForTime.m */; };
		18B2341C19E57D3C000A1FA1 /* PopWarningInfoVC.m in Sources */ = {isa = PBXBuildFile; fileRef = 18B233C019E57D3C000A1FA1 /* PopWarningInfoVC.m */; };
		18C8467119E5A15F005FD404 /* DatacenterContainerVC.m in Sources */ = {isa = PBXBuildFile; fileRef = 18C8466819E5A15F005FD404 /* DatacenterContainerVC.m */; };
		18C8467219E5A15F005FD404 /* DatacenterDetailCollectionVC.m in Sources */ = {isa = PBXBuildFile; fileRef = 18C8466A19E5A15F005FD404 /* DatacenterDetailCollectionVC.m */; };
		18C8467319E5A15F005FD404 /* DatacenterDetailInfoVC.m in Sources */ = {isa = PBXBuildFile; fileRef = 18C8466C19E5A15F005FD404 /* DatacenterDetailInfoVC.m */; };
		18C8467419E5A15F005FD404 /* DatacenterDetailMoreVC.m in Sources */ = {isa = PBXBuildFile; fileRef = 18C8466E19E5A15F005FD404 /* DatacenterDetailMoreVC.m */; };
		18C8467519E5A15F005FD404 /* DatacenterTableVC.m in Sources */ = {isa = PBXBuildFile; fileRef = 18C8467019E5A15F005FD404 /* DatacenterTableVC.m */; };
/* End PBXBuildFile section */

/* Begin PBXContainerItemProxy section */
		18A4D45419B560D400415896 /* PBXContainerItemProxy */ = {
			isa = PBXContainerItemProxy;
			containerPortal = 18A4D42619B560D400415896 /* Project object */;
			proxyType = 1;
			remoteGlobalIDString = 18A4D42D19B560D400415896;
			remoteInfo = "WinCenter-iPhone";
		};
/* End PBXContainerItemProxy section */

/* Begin PBXFileReference section */
		13A170202CD2432BA61AB707 /* libPods-WinCenter-iPhone.a */ = {isa = PBXFileReference; explicitFileType = archive.ar; includeInIndex = 0; path = "libPods-WinCenter-iPhone.a"; sourceTree = BUILT_PRODUCTS_DIR; };
		18A4D42E19B560D400415896 /* WinCenter-iPhone.app */ = {isa = PBXFileReference; explicitFileType = wrapper.application; includeInIndex = 0; path = "WinCenter-iPhone.app"; sourceTree = BUILT_PRODUCTS_DIR; };
		18A4D43119B560D400415896 /* Foundation.framework */ = {isa = PBXFileReference; lastKnownFileType = wrapper.framework; name = Foundation.framework; path = System/Library/Frameworks/Foundation.framework; sourceTree = SDKROOT; };
		18A4D43319B560D400415896 /* CoreGraphics.framework */ = {isa = PBXFileReference; lastKnownFileType = wrapper.framework; name = CoreGraphics.framework; path = System/Library/Frameworks/CoreGraphics.framework; sourceTree = SDKROOT; };
		18A4D43519B560D400415896 /* UIKit.framework */ = {isa = PBXFileReference; lastKnownFileType = wrapper.framework; name = UIKit.framework; path = System/Library/Frameworks/UIKit.framework; sourceTree = SDKROOT; };
		18A4D43919B560D400415896 /* WinCenter-iPhone-Info.plist */ = {isa = PBXFileReference; lastKnownFileType = text.plist.xml; path = "WinCenter-iPhone-Info.plist"; sourceTree = "<group>"; };
		18A4D43B19B560D400415896 /* en */ = {isa = PBXFileReference; lastKnownFileType = text.plist.strings; name = en; path = en.lproj/InfoPlist.strings; sourceTree = "<group>"; };
		18A4D43D19B560D400415896 /* main.m */ = {isa = PBXFileReference; lastKnownFileType = sourcecode.c.objc; path = main.m; sourceTree = "<group>"; };
		18A4D43F19B560D400415896 /* WinCenter-iPhone-Prefix.pch */ = {isa = PBXFileReference; lastKnownFileType = sourcecode.c.h; path = "WinCenter-iPhone-Prefix.pch"; sourceTree = "<group>"; };
		18A4D44019B560D400415896 /* AppDelegate.h */ = {isa = PBXFileReference; lastKnownFileType = sourcecode.c.h; path = AppDelegate.h; sourceTree = "<group>"; };
		18A4D44119B560D400415896 /* AppDelegate.m */ = {isa = PBXFileReference; lastKnownFileType = sourcecode.c.objc; path = AppDelegate.m; sourceTree = "<group>"; };
		18A4D44419B560D400415896 /* Base */ = {isa = PBXFileReference; lastKnownFileType = file.storyboard; name = Base; path = Base.lproj/Main.storyboard; sourceTree = "<group>"; };
		18A4D44919B560D400415896 /* Images.xcassets */ = {isa = PBXFileReference; lastKnownFileType = folder.assetcatalog; path = Images.xcassets; sourceTree = "<group>"; };
		18A4D44F19B560D400415896 /* WinCenter-iPhoneTests.xctest */ = {isa = PBXFileReference; explicitFileType = wrapper.cfbundle; includeInIndex = 0; path = "WinCenter-iPhoneTests.xctest"; sourceTree = BUILT_PRODUCTS_DIR; };
		18A4D45019B560D400415896 /* XCTest.framework */ = {isa = PBXFileReference; lastKnownFileType = wrapper.framework; name = XCTest.framework; path = Library/Frameworks/XCTest.framework; sourceTree = DEVELOPER_DIR; };
		18A4D45819B560D400415896 /* WinCenter-iPhoneTests-Info.plist */ = {isa = PBXFileReference; lastKnownFileType = text.plist.xml; path = "WinCenter-iPhoneTests-Info.plist"; sourceTree = "<group>"; };
		18A4D45A19B560D400415896 /* en */ = {isa = PBXFileReference; lastKnownFileType = text.plist.strings; name = en; path = en.lproj/InfoPlist.strings; sourceTree = "<group>"; };
		18A4D45C19B560D400415896 /* WinCenter_iPhoneTests.m */ = {isa = PBXFileReference; lastKnownFileType = sourcecode.c.objc; path = WinCenter_iPhoneTests.m; sourceTree = "<group>"; };
		18B2325519E5724F000A1FA1 /* libWinCenter-Common.a */ = {isa = PBXFileReference; lastKnownFileType = archive.ar; name = "libWinCenter-Common.a"; path = "../../../../Library/Developer/Xcode/DerivedData/Winhong-dvmhodjrothmeaalefhubdoypnlc/Build/Products/Debug-iphoneos/libWinCenter-Common.a"; sourceTree = "<group>"; };
		18B2331B19E57D3B000A1FA1 /* BusinessVO.getBusinessVOAsync.json */ = {isa = PBXFileReference; fileEncoding = 4; lastKnownFileType = text.json; path = BusinessVO.getBusinessVOAsync.json; sourceTree = "<group>"; };
		18B2331C19E57D3B000A1FA1 /* ControlRecordVO.getControlRecordListViaObject.json */ = {isa = PBXFileReference; fileEncoding = 4; lastKnownFileType = text.json; path = ControlRecordVO.getControlRecordListViaObject.json; sourceTree = "<group>"; };
		18B2331D19E57D3B000A1FA1 /* DatacenterVO.getBusinessListAsync.json */ = {isa = PBXFileReference; fileEncoding = 4; lastKnownFileType = text.json; path = DatacenterVO.getBusinessListAsync.json; sourceTree = "<group>"; };
		18B2331E19E57D3B000A1FA1 /* DatacenterVO.getBusinessListAsync.limit.json */ = {isa = PBXFileReference; fileEncoding = 4; lastKnownFileType = text.json; path = DatacenterVO.getBusinessListAsync.limit.json; sourceTree = "<group>"; };
		18B2331F19E57D3B000A1FA1 /* DatacenterVO.getDatacenterListAsync.json */ = {isa = PBXFileReference; fileEncoding = 4; lastKnownFileType = text.json; path = DatacenterVO.getDatacenterListAsync.json; sourceTree = "<group>"; };
		18B2332019E57D3B000A1FA1 /* DatacenterVO.getDatacenterStatWinserverVOAsync.json */ = {isa = PBXFileReference; fileEncoding = 4; lastKnownFileType = text.json; path = DatacenterVO.getDatacenterStatWinserverVOAsync.json; sourceTree = "<group>"; };
		18B2332119E57D3B000A1FA1 /* DatacenterVO.getPoolListAsync.json */ = {isa = PBXFileReference; fileEncoding = 4; lastKnownFileType = text.json; path = DatacenterVO.getPoolListAsync.json; sourceTree = "<group>"; };
		18B2332219E57D3B000A1FA1 /* DatacenterVO.getPoolListAsync.limit.json */ = {isa = PBXFileReference; fileEncoding = 4; lastKnownFileType = text.json; path = DatacenterVO.getPoolListAsync.limit.json; sourceTree = "<group>"; };
		18B2332319E57D3B000A1FA1 /* HostVO.getHostNetworkExternalListAsync.json */ = {isa = PBXFileReference; fileEncoding = 4; lastKnownFileType = text.json; path = HostVO.getHostNetworkExternalListAsync.json; sourceTree = "<group>"; };
		18B2332419E57D3B000A1FA1 /* HostVO.getHostNetworkInternalListAsync.json */ = {isa = PBXFileReference; fileEncoding = 4; lastKnownFileType = text.json; path = HostVO.getHostNetworkInternalListAsync.json; sourceTree = "<group>"; };
		18B2332519E57D3B000A1FA1 /* HostVO.getHostNicGroupedListAsync.json */ = {isa = PBXFileReference; fileEncoding = 4; lastKnownFileType = text.json; path = HostVO.getHostNicGroupedListAsync.json; sourceTree = "<group>"; };
		18B2332619E57D3B000A1FA1 /* HostVO.getHostNicUngroupedListAsync.json */ = {isa = PBXFileReference; fileEncoding = 4; lastKnownFileType = text.json; path = HostVO.getHostNicUngroupedListAsync.json; sourceTree = "<group>"; };
		18B2332719E57D3B000A1FA1 /* HostVO.getHostStatVOAsync.json */ = {isa = PBXFileReference; fileEncoding = 4; lastKnownFileType = text.json; path = HostVO.getHostStatVOAsync.json; sourceTree = "<group>"; };
		18B2332819E57D3B000A1FA1 /* HostVO.getHostVOAsync.json */ = {isa = PBXFileReference; fileEncoding = 4; lastKnownFileType = text.json; path = HostVO.getHostVOAsync.json; sourceTree = "<group>"; };
		18B2332919E57D3B000A1FA1 /* HostVO.getStorageListAsync.json */ = {isa = PBXFileReference; fileEncoding = 4; lastKnownFileType = text.json; path = HostVO.getStorageListAsync.json; sourceTree = "<group>"; };
		18B2332A19E57D3B000A1FA1 /* HostVO.getVmListAsync.json */ = {isa = PBXFileReference; fileEncoding = 4; lastKnownFileType = text.json; path = HostVO.getVmListAsync.json; sourceTree = "<group>"; };
		18B2332B19E57D3B000A1FA1 /* LicenseVO.getLicenseVOAsync.json */ = {isa = PBXFileReference; fileEncoding = 4; lastKnownFileType = text.json; path = LicenseVO.getLicenseVOAsync.json; sourceTree = "<group>"; };
		18B2332C19E57D3B000A1FA1 /* PoolVO.getHostListAsync.json */ = {isa = PBXFileReference; fileEncoding = 4; lastKnownFileType = text.json; path = PoolVO.getHostListAsync.json; sourceTree = "<group>"; };
		18B2332D19E57D3B000A1FA1 /* PoolVO.getHostLisWithlimit.json */ = {isa = PBXFileReference; fileEncoding = 4; lastKnownFileType = text.json; path = PoolVO.getHostLisWithlimit.json; sourceTree = "<group>"; };
		18B2332E19E57D3B000A1FA1 /* PoolVO.getPoolElasticAsync.json */ = {isa = PBXFileReference; fileEncoding = 4; lastKnownFileType = text.json; path = PoolVO.getPoolElasticAsync.json; sourceTree = "<group>"; };
		18B2332F19E57D3B000A1FA1 /* PoolVO.getPoolVOAsync.json */ = {isa = PBXFileReference; fileEncoding = 4; lastKnownFileType = text.json; path = PoolVO.getPoolVOAsync.json; sourceTree = "<group>"; };
		18B2333019E57D3B000A1FA1 /* PoolVO.getStorageList.json */ = {isa = PBXFileReference; fileEncoding = 4; lastKnownFileType = text.json; path = PoolVO.getStorageList.json; sourceTree = "<group>"; };
		18B2333119E57D3B000A1FA1 /* PoolVO.getStorageListAsync.json */ = {isa = PBXFileReference; fileEncoding = 4; lastKnownFileType = text.json; path = PoolVO.getStorageListAsync.json; sourceTree = "<group>"; };
		18B2333219E57D3B000A1FA1 /* PoolVO.getVmListAsync.json */ = {isa = PBXFileReference; fileEncoding = 4; lastKnownFileType = text.json; path = PoolVO.getVmListAsync.json; sourceTree = "<group>"; };
		18B2333319E57D3B000A1FA1 /* PoolVO.getVmListWithlimit.json */ = {isa = PBXFileReference; fileEncoding = 4; lastKnownFileType = text.json; path = PoolVO.getVmListWithlimit.json; sourceTree = "<group>"; };
		18B2333419E57D3B000A1FA1 /* StorageVO.getStorageVOAsync.json */ = {isa = PBXFileReference; fileEncoding = 4; lastKnownFileType = text.json; path = StorageVO.getStorageVOAsync.json; sourceTree = "<group>"; };
		18B2333519E57D3B000A1FA1 /* StorageVO.getStorageVolumnListAsync.json */ = {isa = PBXFileReference; fileEncoding = 4; lastKnownFileType = text.json; path = StorageVO.getStorageVolumnListAsync.json; sourceTree = "<group>"; };
		18B2333619E57D3B000A1FA1 /* TemplateIcon2x.png */ = {isa = PBXFileReference; lastKnownFileType = image.png; path = TemplateIcon2x.png; sourceTree = "<group>"; };
		18B2333719E57D3B000A1FA1 /* UserVO.getUserVOAsync.json */ = {isa = PBXFileReference; fileEncoding = 4; lastKnownFileType = text.json; path = UserVO.getUserVOAsync.json; sourceTree = "<group>"; };
		18B2333819E57D3B000A1FA1 /* VmVO.getVmNicListAsync.json */ = {isa = PBXFileReference; fileEncoding = 4; lastKnownFileType = text.json; path = VmVO.getVmNicListAsync.json; sourceTree = "<group>"; };
		18B2333919E57D3B000A1FA1 /* VmVO.getVmVOAsync.json */ = {isa = PBXFileReference; fileEncoding = 4; lastKnownFileType = text.json; path = VmVO.getVmVOAsync.json; sourceTree = "<group>"; };
		18B2333A19E57D3B000A1FA1 /* VmVO.getVmVolumnListAsync.json */ = {isa = PBXFileReference; fileEncoding = 4; lastKnownFileType = text.json; path = VmVO.getVmVolumnListAsync.json; sourceTree = "<group>"; };
		18B2333B19E57D3B000A1FA1 /* WarningInfoVO.getWarningInfoListAsync.json */ = {isa = PBXFileReference; fileEncoding = 4; lastKnownFileType = text.json; path = WarningInfoVO.getWarningInfoListAsync.json; sourceTree = "<group>"; };
		18B2333F19E57D3B000A1FA1 /* BusinessContainerVC.h */ = {isa = PBXFileReference; fileEncoding = 4; lastKnownFileType = sourcecode.c.h; path = BusinessContainerVC.h; sourceTree = "<group>"; };
		18B2334019E57D3B000A1FA1 /* BusinessContainerVC.m */ = {isa = PBXFileReference; fileEncoding = 4; lastKnownFileType = sourcecode.c.objc; path = BusinessContainerVC.m; sourceTree = "<group>"; };
		18B2334119E57D3B000A1FA1 /* BusinessDetailInfoVC.h */ = {isa = PBXFileReference; fileEncoding = 4; lastKnownFileType = sourcecode.c.h; path = BusinessDetailInfoVC.h; sourceTree = "<group>"; };
		18B2334219E57D3B000A1FA1 /* BusinessDetailInfoVC.m */ = {isa = PBXFileReference; fileEncoding = 4; lastKnownFileType = sourcecode.c.objc; path = BusinessDetailInfoVC.m; sourceTree = "<group>"; };
		18B2334419E57D3B000A1FA1 /* MasterCollectionCell.h */ = {isa = PBXFileReference; fileEncoding = 4; lastKnownFileType = sourcecode.c.h; path = MasterCollectionCell.h; sourceTree = "<group>"; };
		18B2334519E57D3B000A1FA1 /* MasterCollectionCell.m */ = {isa = PBXFileReference; fileEncoding = 4; lastKnownFileType = sourcecode.c.objc; path = MasterCollectionCell.m; sourceTree = "<group>"; };
		18B2334619E57D3B000A1FA1 /* MasterCollectionHeader.h */ = {isa = PBXFileReference; fileEncoding = 4; lastKnownFileType = sourcecode.c.h; path = MasterCollectionHeader.h; sourceTree = "<group>"; };
		18B2334719E57D3B000A1FA1 /* MasterCollectionHeader.m */ = {isa = PBXFileReference; fileEncoding = 4; lastKnownFileType = sourcecode.c.objc; path = MasterCollectionHeader.m; sourceTree = "<group>"; };
		18B2334819E57D3B000A1FA1 /* MasterCollectionVC.h */ = {isa = PBXFileReference; fileEncoding = 4; lastKnownFileType = sourcecode.c.h; path = MasterCollectionVC.h; sourceTree = "<group>"; };
		18B2334919E57D3B000A1FA1 /* MasterCollectionVC.m */ = {isa = PBXFileReference; fileEncoding = 4; lastKnownFileType = sourcecode.c.objc; path = MasterCollectionVC.m; sourceTree = "<group>"; };
		18B2334B19E57D3B000A1FA1 /* MasterContainerVC.h */ = {isa = PBXFileReference; fileEncoding = 4; lastKnownFileType = sourcecode.c.h; path = MasterContainerVC.h; sourceTree = "<group>"; };
		18B2334C19E57D3B000A1FA1 /* MasterContainerVC.m */ = {isa = PBXFileReference; fileEncoding = 4; lastKnownFileType = sourcecode.c.objc; path = MasterContainerVC.m; sourceTree = "<group>"; };
		18B2336B19E57D3C000A1FA1 /* HostCollectionVC.h */ = {isa = PBXFileReference; fileEncoding = 4; lastKnownFileType = sourcecode.c.h; path = HostCollectionVC.h; sourceTree = "<group>"; };
		18B2336C19E57D3C000A1FA1 /* HostCollectionVC.m */ = {isa = PBXFileReference; fileEncoding = 4; lastKnownFileType = sourcecode.c.objc; path = HostCollectionVC.m; sourceTree = "<group>"; };
		18B2336D19E57D3C000A1FA1 /* HostContainerVC.h */ = {isa = PBXFileReference; fileEncoding = 4; lastKnownFileType = sourcecode.c.h; path = HostContainerVC.h; sourceTree = "<group>"; };
		18B2336E19E57D3C000A1FA1 /* HostContainerVC.m */ = {isa = PBXFileReference; fileEncoding = 4; lastKnownFileType = sourcecode.c.objc; path = HostContainerVC.m; sourceTree = "<group>"; };
		18B2336F19E57D3C000A1FA1 /* HostDetailInfoVC.h */ = {isa = PBXFileReference; fileEncoding = 4; lastKnownFileType = sourcecode.c.h; path = HostDetailInfoVC.h; sourceTree = "<group>"; };
		18B2337019E57D3C000A1FA1 /* HostDetailInfoVC.m */ = {isa = PBXFileReference; fileEncoding = 4; lastKnownFileType = sourcecode.c.objc; path = HostDetailInfoVC.m; sourceTree = "<group>"; };
		18B2337119E57D3C000A1FA1 /* HostDetailPerformanceVC.h */ = {isa = PBXFileReference; fileEncoding = 4; lastKnownFileType = sourcecode.c.h; path = HostDetailPerformanceVC.h; sourceTree = "<group>"; };
		18B2337219E57D3C000A1FA1 /* HostDetailPerformanceVC.m */ = {isa = PBXFileReference; fileEncoding = 4; lastKnownFileType = sourcecode.c.objc; path = HostDetailPerformanceVC.m; sourceTree = "<group>"; };
		18B2337319E57D3C000A1FA1 /* HostNetworkCollectionVC.h */ = {isa = PBXFileReference; fileEncoding = 4; lastKnownFileType = sourcecode.c.h; path = HostNetworkCollectionVC.h; sourceTree = "<group>"; };
		18B2337419E57D3C000A1FA1 /* HostNetworkCollectionVC.m */ = {isa = PBXFileReference; fileEncoding = 4; lastKnownFileType = sourcecode.c.objc; path = HostNetworkCollectionVC.m; sourceTree = "<group>"; };
		18B2337519E57D3C000A1FA1 /* HostNicCollectionVC.h */ = {isa = PBXFileReference; fileEncoding = 4; lastKnownFileType = sourcecode.c.h; path = HostNicCollectionVC.h; sourceTree = "<group>"; };
		18B2337619E57D3C000A1FA1 /* HostNicCollectionVC.m */ = {isa = PBXFileReference; fileEncoding = 4; lastKnownFileType = sourcecode.c.objc; path = HostNicCollectionVC.m; sourceTree = "<group>"; };
		18B2337819E57D3C000A1FA1 /* LoginSettingVC.h */ = {isa = PBXFileReference; fileEncoding = 4; lastKnownFileType = sourcecode.c.h; path = LoginSettingVC.h; sourceTree = "<group>"; };
		18B2337919E57D3C000A1FA1 /* LoginSettingVC.m */ = {isa = PBXFileReference; fileEncoding = 4; lastKnownFileType = sourcecode.c.objc; path = LoginSettingVC.m; sourceTree = "<group>"; };
		18B2337A19E57D3C000A1FA1 /* LoginVC.h */ = {isa = PBXFileReference; fileEncoding = 4; lastKnownFileType = sourcecode.c.h; path = LoginVC.h; sourceTree = "<group>"; };
		18B2337B19E57D3C000A1FA1 /* LoginVC.m */ = {isa = PBXFileReference; fileEncoding = 4; lastKnownFileType = sourcecode.c.objc; path = LoginVC.m; sourceTree = "<group>"; };
		18B2337D19E57D3C000A1FA1 /* NetworkCollectionCell.h */ = {isa = PBXFileReference; fileEncoding = 4; lastKnownFileType = sourcecode.c.h; path = NetworkCollectionCell.h; sourceTree = "<group>"; };
		18B2337E19E57D3C000A1FA1 /* NetworkCollectionCell.m */ = {isa = PBXFileReference; fileEncoding = 4; lastKnownFileType = sourcecode.c.objc; path = NetworkCollectionCell.m; sourceTree = "<group>"; };
		18B2337F19E57D3C000A1FA1 /* NetworkCollectionVC.h */ = {isa = PBXFileReference; fileEncoding = 4; lastKnownFileType = sourcecode.c.h; path = NetworkCollectionVC.h; sourceTree = "<group>"; };
		18B2338019E57D3C000A1FA1 /* NetworkCollectionVC.m */ = {isa = PBXFileReference; fileEncoding = 4; lastKnownFileType = sourcecode.c.objc; path = NetworkCollectionVC.m; sourceTree = "<group>"; };
		18B2338119E57D3C000A1FA1 /* NetworkContainerVC.h */ = {isa = PBXFileReference; fileEncoding = 4; lastKnownFileType = sourcecode.c.h; path = NetworkContainerVC.h; sourceTree = "<group>"; };
		18B2338219E57D3C000A1FA1 /* NetworkContainerVC.m */ = {isa = PBXFileReference; fileEncoding = 4; lastKnownFileType = sourcecode.c.objc; path = NetworkContainerVC.m; sourceTree = "<group>"; };
		18B2338419E57D3C000A1FA1 /* PoolContainerVC.h */ = {isa = PBXFileReference; fileEncoding = 4; lastKnownFileType = sourcecode.c.h; path = PoolContainerVC.h; sourceTree = "<group>"; };
		18B2338519E57D3C000A1FA1 /* PoolContainerVC.m */ = {isa = PBXFileReference; fileEncoding = 4; lastKnownFileType = sourcecode.c.objc; path = PoolContainerVC.m; sourceTree = "<group>"; };
		18B2338619E57D3C000A1FA1 /* PoolDetailInfoVC.h */ = {isa = PBXFileReference; fileEncoding = 4; lastKnownFileType = sourcecode.c.h; path = PoolDetailInfoVC.h; sourceTree = "<group>"; };
		18B2338719E57D3C000A1FA1 /* PoolDetailInfoVC.m */ = {isa = PBXFileReference; fileEncoding = 4; lastKnownFileType = sourcecode.c.objc; path = PoolDetailInfoVC.m; sourceTree = "<group>"; };
		18B2338919E57D3C000A1FA1 /* PopOptionLicenseVC.h */ = {isa = PBXFileReference; fileEncoding = 4; lastKnownFileType = sourcecode.c.h; path = PopOptionLicenseVC.h; sourceTree = "<group>"; };
		18B2338A19E57D3C000A1FA1 /* PopOptionLicenseVC.m */ = {isa = PBXFileReference; fileEncoding = 4; lastKnownFileType = sourcecode.c.objc; path = PopOptionLicenseVC.m; sourceTree = "<group>"; };
		18B2338B19E57D3C000A1FA1 /* PopOptionsUserInfoVC.h */ = {isa = PBXFileReference; fileEncoding = 4; lastKnownFileType = sourcecode.c.h; path = PopOptionsUserInfoVC.h; sourceTree = "<group>"; };
		18B2338C19E57D3C000A1FA1 /* PopOptionsUserInfoVC.m */ = {isa = PBXFileReference; fileEncoding = 4; lastKnownFileType = sourcecode.c.objc; path = PopOptionsUserInfoVC.m; sourceTree = "<group>"; };
		18B2338D19E57D3C000A1FA1 /* PopOptionsVC.h */ = {isa = PBXFileReference; fileEncoding = 4; lastKnownFileType = sourcecode.c.h; path = PopOptionsVC.h; sourceTree = "<group>"; };
		18B2338E19E57D3C000A1FA1 /* PopOptionsVC.m */ = {isa = PBXFileReference; fileEncoding = 4; lastKnownFileType = sourcecode.c.objc; path = PopOptionsVC.m; sourceTree = "<group>"; };
		18B2339019E57D3C000A1FA1 /* StorageCollectionVC.h */ = {isa = PBXFileReference; fileEncoding = 4; lastKnownFileType = sourcecode.c.h; path = StorageCollectionVC.h; sourceTree = "<group>"; };
		18B2339119E57D3C000A1FA1 /* StorageCollectionVC.m */ = {isa = PBXFileReference; fileEncoding = 4; lastKnownFileType = sourcecode.c.objc; path = StorageCollectionVC.m; sourceTree = "<group>"; };
		18B2339219E57D3C000A1FA1 /* StorageContainerVC.h */ = {isa = PBXFileReference; fileEncoding = 4; lastKnownFileType = sourcecode.c.h; path = StorageContainerVC.h; sourceTree = "<group>"; };
		18B2339319E57D3C000A1FA1 /* StorageContainerVC.m */ = {isa = PBXFileReference; fileEncoding = 4; lastKnownFileType = sourcecode.c.objc; path = StorageContainerVC.m; sourceTree = "<group>"; };
		18B2339419E57D3C000A1FA1 /* StorageDetailDiskCell.h */ = {isa = PBXFileReference; fileEncoding = 4; lastKnownFileType = sourcecode.c.h; path = StorageDetailDiskCell.h; sourceTree = "<group>"; };
		18B2339519E57D3C000A1FA1 /* StorageDetailDiskCell.m */ = {isa = PBXFileReference; fileEncoding = 4; lastKnownFileType = sourcecode.c.objc; path = StorageDetailDiskCell.m; sourceTree = "<group>"; };
		18B2339619E57D3C000A1FA1 /* StorageDetailInfoVC.h */ = {isa = PBXFileReference; fileEncoding = 4; lastKnownFileType = sourcecode.c.h; path = StorageDetailInfoVC.h; sourceTree = "<group>"; };
		18B2339719E57D3C000A1FA1 /* StorageDetailInfoVC.m */ = {isa = PBXFileReference; fileEncoding = 4; lastKnownFileType = sourcecode.c.objc; path = StorageDetailInfoVC.m; sourceTree = "<group>"; };
		18B2339919E57D3C000A1FA1 /* PopControlRecordCell.h */ = {isa = PBXFileReference; fileEncoding = 4; lastKnownFileType = sourcecode.c.h; path = PopControlRecordCell.h; sourceTree = "<group>"; };
		18B2339A19E57D3C000A1FA1 /* PopControlRecordCell.m */ = {isa = PBXFileReference; fileEncoding = 4; lastKnownFileType = sourcecode.c.objc; path = PopControlRecordCell.m; sourceTree = "<group>"; };
		18B2339B19E57D3C000A1FA1 /* PopControlRecordCellForTime.h */ = {isa = PBXFileReference; fileEncoding = 4; lastKnownFileType = sourcecode.c.h; path = PopControlRecordCellForTime.h; sourceTree = "<group>"; };
		18B2339C19E57D3C000A1FA1 /* PopControlRecordCellForTime.m */ = {isa = PBXFileReference; fileEncoding = 4; lastKnownFileType = sourcecode.c.objc; path = PopControlRecordCellForTime.m; sourceTree = "<group>"; };
		18B2339D19E57D3C000A1FA1 /* PopControlRecordVC.h */ = {isa = PBXFileReference; fileEncoding = 4; lastKnownFileType = sourcecode.c.h; path = PopControlRecordVC.h; sourceTree = "<group>"; };
		18B2339E19E57D3C000A1FA1 /* PopControlRecordVC.m */ = {isa = PBXFileReference; fileEncoding = 4; lastKnownFileType = sourcecode.c.objc; path = PopControlRecordVC.m; sourceTree = "<group>"; };
		18B233A019E57D3C000A1FA1 /* VmCollectionCell.h */ = {isa = PBXFileReference; fileEncoding = 4; lastKnownFileType = sourcecode.c.h; path = VmCollectionCell.h; sourceTree = "<group>"; };
		18B233A119E57D3C000A1FA1 /* VmCollectionCell.m */ = {isa = PBXFileReference; fileEncoding = 4; lastKnownFileType = sourcecode.c.objc; path = VmCollectionCell.m; sourceTree = "<group>"; };
		18B233A219E57D3C000A1FA1 /* VmCollectionVC.h */ = {isa = PBXFileReference; fileEncoding = 4; lastKnownFileType = sourcecode.c.h; path = VmCollectionVC.h; sourceTree = "<group>"; };
		18B233A319E57D3C000A1FA1 /* VmCollectionVC.m */ = {isa = PBXFileReference; fileEncoding = 4; lastKnownFileType = sourcecode.c.objc; path = VmCollectionVC.m; sourceTree = "<group>"; };
		18B233A419E57D3C000A1FA1 /* VmContainerVC.h */ = {isa = PBXFileReference; fileEncoding = 4; lastKnownFileType = sourcecode.c.h; path = VmContainerVC.h; sourceTree = "<group>"; };
		18B233A519E57D3C000A1FA1 /* VmContainerVC.m */ = {isa = PBXFileReference; fileEncoding = 4; lastKnownFileType = sourcecode.c.objc; path = VmContainerVC.m; sourceTree = "<group>"; };
		18B233A619E57D3C000A1FA1 /* VmDetailCPUConfigVC.h */ = {isa = PBXFileReference; fileEncoding = 4; lastKnownFileType = sourcecode.c.h; path = VmDetailCPUConfigVC.h; sourceTree = "<group>"; };
		18B233A719E57D3C000A1FA1 /* VmDetailCPUConfigVC.m */ = {isa = PBXFileReference; fileEncoding = 4; lastKnownFileType = sourcecode.c.objc; path = VmDetailCPUConfigVC.m; sourceTree = "<group>"; };
		18B233A819E57D3C000A1FA1 /* VmDetailInfoVC.h */ = {isa = PBXFileReference; fileEncoding = 4; lastKnownFileType = sourcecode.c.h; path = VmDetailInfoVC.h; sourceTree = "<group>"; };
		18B233A919E57D3C000A1FA1 /* VmDetailInfoVC.m */ = {isa = PBXFileReference; fileEncoding = 4; lastKnownFileType = sourcecode.c.objc; path = VmDetailInfoVC.m; sourceTree = "<group>"; };
		18B233AA19E57D3C000A1FA1 /* VmDetailMemryConfigVC.h */ = {isa = PBXFileReference; fileEncoding = 4; lastKnownFileType = sourcecode.c.h; path = VmDetailMemryConfigVC.h; sourceTree = "<group>"; };
		18B233AB19E57D3C000A1FA1 /* VmDetailMemryConfigVC.m */ = {isa = PBXFileReference; fileEncoding = 4; lastKnownFileType = sourcecode.c.objc; path = VmDetailMemryConfigVC.m; sourceTree = "<group>"; };
		18B233AC19E57D3C000A1FA1 /* VmDetailSnapshootVC.h */ = {isa = PBXFileReference; fileEncoding = 4; lastKnownFileType = sourcecode.c.h; path = VmDetailSnapshootVC.h; sourceTree = "<group>"; };
		18B233AD19E57D3C000A1FA1 /* VmDetailSnapshootVC.m */ = {isa = PBXFileReference; fileEncoding = 4; lastKnownFileType = sourcecode.c.objc; path = VmDetailSnapshootVC.m; sourceTree = "<group>"; };
		18B233AE19E57D3C000A1FA1 /* VmDiskCollectionVC.h */ = {isa = PBXFileReference; fileEncoding = 4; lastKnownFileType = sourcecode.c.h; path = VmDiskCollectionVC.h; sourceTree = "<group>"; };
		18B233AF19E57D3C000A1FA1 /* VmDiskCollectionVC.m */ = {isa = PBXFileReference; fileEncoding = 4; lastKnownFileType = sourcecode.c.objc; path = VmDiskCollectionVC.m; sourceTree = "<group>"; };
		18B233B019E57D3C000A1FA1 /* VmMigrateSelectHostListCell.h */ = {isa = PBXFileReference; fileEncoding = 4; lastKnownFileType = sourcecode.c.h; path = VmMigrateSelectHostListCell.h; sourceTree = "<group>"; };
		18B233B119E57D3C000A1FA1 /* VmMigrateSelectHostListCell.m */ = {isa = PBXFileReference; fileEncoding = 4; lastKnownFileType = sourcecode.c.objc; path = VmMigrateSelectHostListCell.m; sourceTree = "<group>"; };
		18B233B219E57D3C000A1FA1 /* VmMigrateSelectHostListVC.h */ = {isa = PBXFileReference; fileEncoding = 4; lastKnownFileType = sourcecode.c.h; path = VmMigrateSelectHostListVC.h; sourceTree = "<group>"; };
		18B233B319E57D3C000A1FA1 /* VmMigrateSelectHostListVC.m */ = {isa = PBXFileReference; fileEncoding = 4; lastKnownFileType = sourcecode.c.objc; path = VmMigrateSelectHostListVC.m; sourceTree = "<group>"; };
		18B233B419E57D3C000A1FA1 /* VmMigrateVC.h */ = {isa = PBXFileReference; fileEncoding = 4; lastKnownFileType = sourcecode.c.h; path = VmMigrateVC.h; sourceTree = "<group>"; };
		18B233B519E57D3C000A1FA1 /* VmMigrateVC.m */ = {isa = PBXFileReference; fileEncoding = 4; lastKnownFileType = sourcecode.c.objc; path = VmMigrateVC.m; sourceTree = "<group>"; };
		18B233B619E57D3C000A1FA1 /* VmNetworkCollectionVC.h */ = {isa = PBXFileReference; fileEncoding = 4; lastKnownFileType = sourcecode.c.h; path = VmNetworkCollectionVC.h; sourceTree = "<group>"; };
		18B233B719E57D3C000A1FA1 /* VmNetworkCollectionVC.m */ = {isa = PBXFileReference; fileEncoding = 4; lastKnownFileType = sourcecode.c.objc; path = VmNetworkCollectionVC.m; sourceTree = "<group>"; };
		18B233B819E57D3C000A1FA1 /* VmNewVC.h */ = {isa = PBXFileReference; fileEncoding = 4; lastKnownFileType = sourcecode.c.h; path = VmNewVC.h; sourceTree = "<group>"; };
		18B233B919E57D3C000A1FA1 /* VmNewVC.m */ = {isa = PBXFileReference; fileEncoding = 4; lastKnownFileType = sourcecode.c.objc; path = VmNewVC.m; sourceTree = "<group>"; };
		18B233BB19E57D3C000A1FA1 /* PopWarningInfoCell.h */ = {isa = PBXFileReference; fileEncoding = 4; lastKnownFileType = sourcecode.c.h; path = PopWarningInfoCell.h; sourceTree = "<group>"; };
		18B233BC19E57D3C000A1FA1 /* PopWarningInfoCell.m */ = {isa = PBXFileReference; fileEncoding = 4; lastKnownFileType = sourcecode.c.objc; path = PopWarningInfoCell.m; sourceTree = "<group>"; };
		18B233BD19E57D3C000A1FA1 /* PopWarningInfoCellForTime.h */ = {isa = PBXFileReference; fileEncoding = 4; lastKnownFileType = sourcecode.c.h; path = PopWarningInfoCellForTime.h; sourceTree = "<group>"; };
		18B233BE19E57D3C000A1FA1 /* PopWarningInfoCellForTime.m */ = {isa = PBXFileReference; fileEncoding = 4; lastKnownFileType = sourcecode.c.objc; path = PopWarningInfoCellForTime.m; sourceTree = "<group>"; };
		18B233BF19E57D3C000A1FA1 /* PopWarningInfoVC.h */ = {isa = PBXFileReference; fileEncoding = 4; lastKnownFileType = sourcecode.c.h; path = PopWarningInfoVC.h; sourceTree = "<group>"; };
		18B233C019E57D3C000A1FA1 /* PopWarningInfoVC.m */ = {isa = PBXFileReference; fileEncoding = 4; lastKnownFileType = sourcecode.c.objc; path = PopWarningInfoVC.m; sourceTree = "<group>"; };
		18C8466719E5A15F005FD404 /* DatacenterContainerVC.h */ = {isa = PBXFileReference; fileEncoding = 4; lastKnownFileType = sourcecode.c.h; path = DatacenterContainerVC.h; sourceTree = "<group>"; };
		18C8466819E5A15F005FD404 /* DatacenterContainerVC.m */ = {isa = PBXFileReference; fileEncoding = 4; lastKnownFileType = sourcecode.c.objc; path = DatacenterContainerVC.m; sourceTree = "<group>"; };
		18C8466919E5A15F005FD404 /* DatacenterDetailCollectionVC.h */ = {isa = PBXFileReference; fileEncoding = 4; lastKnownFileType = sourcecode.c.h; path = DatacenterDetailCollectionVC.h; sourceTree = "<group>"; };
		18C8466A19E5A15F005FD404 /* DatacenterDetailCollectionVC.m */ = {isa = PBXFileReference; fileEncoding = 4; lastKnownFileType = sourcecode.c.objc; path = DatacenterDetailCollectionVC.m; sourceTree = "<group>"; };
		18C8466B19E5A15F005FD404 /* DatacenterDetailInfoVC.h */ = {isa = PBXFileReference; fileEncoding = 4; lastKnownFileType = sourcecode.c.h; path = DatacenterDetailInfoVC.h; sourceTree = "<group>"; };
		18C8466C19E5A15F005FD404 /* DatacenterDetailInfoVC.m */ = {isa = PBXFileReference; fileEncoding = 4; lastKnownFileType = sourcecode.c.objc; path = DatacenterDetailInfoVC.m; sourceTree = "<group>"; };
		18C8466D19E5A15F005FD404 /* DatacenterDetailMoreVC.h */ = {isa = PBXFileReference; fileEncoding = 4; lastKnownFileType = sourcecode.c.h; path = DatacenterDetailMoreVC.h; sourceTree = "<group>"; };
		18C8466E19E5A15F005FD404 /* DatacenterDetailMoreVC.m */ = {isa = PBXFileReference; fileEncoding = 4; lastKnownFileType = sourcecode.c.objc; path = DatacenterDetailMoreVC.m; sourceTree = "<group>"; };
		18C8466F19E5A15F005FD404 /* DatacenterTableVC.h */ = {isa = PBXFileReference; fileEncoding = 4; lastKnownFileType = sourcecode.c.h; path = DatacenterTableVC.h; sourceTree = "<group>"; };
		18C8467019E5A15F005FD404 /* DatacenterTableVC.m */ = {isa = PBXFileReference; fileEncoding = 4; lastKnownFileType = sourcecode.c.objc; path = DatacenterTableVC.m; sourceTree = "<group>"; };
		A4825152B7144FD988BCC1D0 /* Pods-WinCenter-iPhone.xcconfig */ = {isa = PBXFileReference; includeInIndex = 1; lastKnownFileType = text.xcconfig; name = "Pods-WinCenter-iPhone.xcconfig"; path = "../Pods/Pods-WinCenter-iPhone.xcconfig"; sourceTree = "<group>"; };
/* End PBXFileReference section */

/* Begin PBXFrameworksBuildPhase section */
		18A4D42B19B560D400415896 /* Frameworks */ = {
			isa = PBXFrameworksBuildPhase;
			buildActionMask = 2147483647;
			files = (
				18B2325719E57462000A1FA1 /* libWinCenter-Common.a in Frameworks */,
				18A4D43419B560D400415896 /* CoreGraphics.framework in Frameworks */,
				18A4D43619B560D400415896 /* UIKit.framework in Frameworks */,
				18A4D43219B560D400415896 /* Foundation.framework in Frameworks */,
			);
			runOnlyForDeploymentPostprocessing = 0;
		};
		18A4D44C19B560D400415896 /* Frameworks */ = {
			isa = PBXFrameworksBuildPhase;
			buildActionMask = 2147483647;
			files = (
				18A4D45119B560D400415896 /* XCTest.framework in Frameworks */,
				18A4D45319B560D400415896 /* UIKit.framework in Frameworks */,
				18A4D45219B560D400415896 /* Foundation.framework in Frameworks */,
			);
			runOnlyForDeploymentPostprocessing = 0;
		};
/* End PBXFrameworksBuildPhase section */

/* Begin PBXGroup section */
		18A4D42519B560D400415896 = {
			isa = PBXGroup;
			children = (
				18A4D43719B560D400415896 /* WinCenter-iPhone */,
				18A4D45619B560D400415896 /* WinCenter-iPhoneTests */,
				18A4D43019B560D400415896 /* Frameworks */,
				18A4D42F19B560D400415896 /* Products */,
				A4825152B7144FD988BCC1D0 /* Pods-WinCenter-iPhone.xcconfig */,
			);
			sourceTree = "<group>";
		};
		18A4D42F19B560D400415896 /* Products */ = {
			isa = PBXGroup;
			children = (
				18A4D42E19B560D400415896 /* WinCenter-iPhone.app */,
				18A4D44F19B560D400415896 /* WinCenter-iPhoneTests.xctest */,
			);
			name = Products;
			sourceTree = "<group>";
		};
		18A4D43019B560D400415896 /* Frameworks */ = {
			isa = PBXGroup;
			children = (
				18B2325519E5724F000A1FA1 /* libWinCenter-Common.a */,
				18A4D43119B560D400415896 /* Foundation.framework */,
				18A4D43319B560D400415896 /* CoreGraphics.framework */,
				18A4D43519B560D400415896 /* UIKit.framework */,
				18A4D45019B560D400415896 /* XCTest.framework */,
				13A170202CD2432BA61AB707 /* libPods-WinCenter-iPhone.a */,
			);
			name = Frameworks;
			sourceTree = "<group>";
		};
		18A4D43719B560D400415896 /* WinCenter-iPhone */ = {
			isa = PBXGroup;
			children = (
				18B2331A19E57D3B000A1FA1 /* datas */,
				18B2333C19E57D3B000A1FA1 /* views */,
				18A4D44019B560D400415896 /* AppDelegate.h */,
				18A4D44119B560D400415896 /* AppDelegate.m */,
				18A4D44319B560D400415896 /* Main.storyboard */,
				18A4D44919B560D400415896 /* Images.xcassets */,
				18A4D43819B560D400415896 /* Supporting Files */,
			);
			path = "WinCenter-iPhone";
			sourceTree = "<group>";
		};
		18A4D43819B560D400415896 /* Supporting Files */ = {
			isa = PBXGroup;
			children = (
				18A4D43919B560D400415896 /* WinCenter-iPhone-Info.plist */,
				18A4D43A19B560D400415896 /* InfoPlist.strings */,
				18A4D43D19B560D400415896 /* main.m */,
				18A4D43F19B560D400415896 /* WinCenter-iPhone-Prefix.pch */,
			);
			name = "Supporting Files";
			sourceTree = "<group>";
		};
		18A4D45619B560D400415896 /* WinCenter-iPhoneTests */ = {
			isa = PBXGroup;
			children = (
				18A4D45C19B560D400415896 /* WinCenter_iPhoneTests.m */,
				18A4D45719B560D400415896 /* Supporting Files */,
			);
			path = "WinCenter-iPhoneTests";
			sourceTree = "<group>";
		};
		18A4D45719B560D400415896 /* Supporting Files */ = {
			isa = PBXGroup;
			children = (
				18A4D45819B560D400415896 /* WinCenter-iPhoneTests-Info.plist */,
				18A4D45919B560D400415896 /* InfoPlist.strings */,
			);
			name = "Supporting Files";
			sourceTree = "<group>";
		};
		18B2331A19E57D3B000A1FA1 /* datas */ = {
			isa = PBXGroup;
			children = (
				18B2331B19E57D3B000A1FA1 /* BusinessVO.getBusinessVOAsync.json */,
				18B2331C19E57D3B000A1FA1 /* ControlRecordVO.getControlRecordListViaObject.json */,
				18B2331D19E57D3B000A1FA1 /* DatacenterVO.getBusinessListAsync.json */,
				18B2331E19E57D3B000A1FA1 /* DatacenterVO.getBusinessListAsync.limit.json */,
				18B2331F19E57D3B000A1FA1 /* DatacenterVO.getDatacenterListAsync.json */,
				18B2332019E57D3B000A1FA1 /* DatacenterVO.getDatacenterStatWinserverVOAsync.json */,
				18B2332119E57D3B000A1FA1 /* DatacenterVO.getPoolListAsync.json */,
				18B2332219E57D3B000A1FA1 /* DatacenterVO.getPoolListAsync.limit.json */,
				18B2332319E57D3B000A1FA1 /* HostVO.getHostNetworkExternalListAsync.json */,
				18B2332419E57D3B000A1FA1 /* HostVO.getHostNetworkInternalListAsync.json */,
				18B2332519E57D3B000A1FA1 /* HostVO.getHostNicGroupedListAsync.json */,
				18B2332619E57D3B000A1FA1 /* HostVO.getHostNicUngroupedListAsync.json */,
				18B2332719E57D3B000A1FA1 /* HostVO.getHostStatVOAsync.json */,
				18B2332819E57D3B000A1FA1 /* HostVO.getHostVOAsync.json */,
				18B2332919E57D3B000A1FA1 /* HostVO.getStorageListAsync.json */,
				18B2332A19E57D3B000A1FA1 /* HostVO.getVmListAsync.json */,
				18B2332B19E57D3B000A1FA1 /* LicenseVO.getLicenseVOAsync.json */,
				18B2332C19E57D3B000A1FA1 /* PoolVO.getHostListAsync.json */,
				18B2332D19E57D3B000A1FA1 /* PoolVO.getHostLisWithlimit.json */,
				18B2332E19E57D3B000A1FA1 /* PoolVO.getPoolElasticAsync.json */,
				18B2332F19E57D3B000A1FA1 /* PoolVO.getPoolVOAsync.json */,
				18B2333019E57D3B000A1FA1 /* PoolVO.getStorageList.json */,
				18B2333119E57D3B000A1FA1 /* PoolVO.getStorageListAsync.json */,
				18B2333219E57D3B000A1FA1 /* PoolVO.getVmListAsync.json */,
				18B2333319E57D3B000A1FA1 /* PoolVO.getVmListWithlimit.json */,
				18B2333419E57D3B000A1FA1 /* StorageVO.getStorageVOAsync.json */,
				18B2333519E57D3B000A1FA1 /* StorageVO.getStorageVolumnListAsync.json */,
				18B2333619E57D3B000A1FA1 /* TemplateIcon2x.png */,
				18B2333719E57D3B000A1FA1 /* UserVO.getUserVOAsync.json */,
				18B2333819E57D3B000A1FA1 /* VmVO.getVmNicListAsync.json */,
				18B2333919E57D3B000A1FA1 /* VmVO.getVmVOAsync.json */,
				18B2333A19E57D3B000A1FA1 /* VmVO.getVmVolumnListAsync.json */,
				18B2333B19E57D3B000A1FA1 /* WarningInfoVO.getWarningInfoListAsync.json */,
			);
			name = datas;
			path = "../../WinCenter-iPad/WinCenter-iPad/datas";
			sourceTree = "<group>";
		};
		18B2333C19E57D3B000A1FA1 /* views */ = {
			isa = PBXGroup;
			children = (
				18B2333D19E57D3B000A1FA1 /* controllers */,
			);
			name = views;
			path = "../../WinCenter-iPad/WinCenter-iPad/views";
			sourceTree = "<group>";
		};
		18B2333D19E57D3B000A1FA1 /* controllers */ = {
			isa = PBXGroup;
			children = (
				18B2333E19E57D3B000A1FA1 /* business */,
				18B2334319E57D3B000A1FA1 /* collection */,
				18B2334A19E57D3B000A1FA1 /* container */,
				18C8466619E5A15F005FD404 /* datacenter */,
				18B2336A19E57D3C000A1FA1 /* host */,
				18B2337719E57D3C000A1FA1 /* login */,
				18B2337C19E57D3C000A1FA1 /* network */,
				18B2338319E57D3C000A1FA1 /* pool */,
				18B2338819E57D3C000A1FA1 /* setting */,
				18B2338F19E57D3C000A1FA1 /* storage */,
				18B2339819E57D3C000A1FA1 /* task */,
				18B2339F19E57D3C000A1FA1 /* vm */,
				18B233BA19E57D3C000A1FA1 /* warning */,
			);
			path = controllers;
			sourceTree = "<group>";
		};
		18B2333E19E57D3B000A1FA1 /* business */ = {
			isa = PBXGroup;
			children = (
				18B2333F19E57D3B000A1FA1 /* BusinessContainerVC.h */,
				18B2334019E57D3B000A1FA1 /* BusinessContainerVC.m */,
				18B2334119E57D3B000A1FA1 /* BusinessDetailInfoVC.h */,
				18B2334219E57D3B000A1FA1 /* BusinessDetailInfoVC.m */,
			);
			path = business;
			sourceTree = "<group>";
		};
		18B2334319E57D3B000A1FA1 /* collection */ = {
			isa = PBXGroup;
			children = (
				18B2334419E57D3B000A1FA1 /* MasterCollectionCell.h */,
				18B2334519E57D3B000A1FA1 /* MasterCollectionCell.m */,
				18B2334619E57D3B000A1FA1 /* MasterCollectionHeader.h */,
				18B2334719E57D3B000A1FA1 /* MasterCollectionHeader.m */,
				18B2334819E57D3B000A1FA1 /* MasterCollectionVC.h */,
				18B2334919E57D3B000A1FA1 /* MasterCollectionVC.m */,
			);
			path = collection;
			sourceTree = "<group>";
		};
		18B2334A19E57D3B000A1FA1 /* container */ = {
			isa = PBXGroup;
			children = (
				18B2334B19E57D3B000A1FA1 /* MasterContainerVC.h */,
				18B2334C19E57D3B000A1FA1 /* MasterContainerVC.m */,
			);
			path = container;
			sourceTree = "<group>";
		};
		18B2336A19E57D3C000A1FA1 /* host */ = {
			isa = PBXGroup;
			children = (
				18B2336B19E57D3C000A1FA1 /* HostCollectionVC.h */,
				18B2336C19E57D3C000A1FA1 /* HostCollectionVC.m */,
				18B2336D19E57D3C000A1FA1 /* HostContainerVC.h */,
				18B2336E19E57D3C000A1FA1 /* HostContainerVC.m */,
				18B2336F19E57D3C000A1FA1 /* HostDetailInfoVC.h */,
				18B2337019E57D3C000A1FA1 /* HostDetailInfoVC.m */,
				18B2337119E57D3C000A1FA1 /* HostDetailPerformanceVC.h */,
				18B2337219E57D3C000A1FA1 /* HostDetailPerformanceVC.m */,
				18B2337319E57D3C000A1FA1 /* HostNetworkCollectionVC.h */,
				18B2337419E57D3C000A1FA1 /* HostNetworkCollectionVC.m */,
				18B2337519E57D3C000A1FA1 /* HostNicCollectionVC.h */,
				18B2337619E57D3C000A1FA1 /* HostNicCollectionVC.m */,
			);
			path = host;
			sourceTree = "<group>";
		};
		18B2337719E57D3C000A1FA1 /* login */ = {
			isa = PBXGroup;
			children = (
				18B2337819E57D3C000A1FA1 /* LoginSettingVC.h */,
				18B2337919E57D3C000A1FA1 /* LoginSettingVC.m */,
				18B2337A19E57D3C000A1FA1 /* LoginVC.h */,
				18B2337B19E57D3C000A1FA1 /* LoginVC.m */,
			);
			path = login;
			sourceTree = "<group>";
		};
		18B2337C19E57D3C000A1FA1 /* network */ = {
			isa = PBXGroup;
			children = (
				18B2337D19E57D3C000A1FA1 /* NetworkCollectionCell.h */,
				18B2337E19E57D3C000A1FA1 /* NetworkCollectionCell.m */,
				18B2337F19E57D3C000A1FA1 /* NetworkCollectionVC.h */,
				18B2338019E57D3C000A1FA1 /* NetworkCollectionVC.m */,
				18B2338119E57D3C000A1FA1 /* NetworkContainerVC.h */,
				18B2338219E57D3C000A1FA1 /* NetworkContainerVC.m */,
			);
			path = network;
			sourceTree = "<group>";
		};
		18B2338319E57D3C000A1FA1 /* pool */ = {
			isa = PBXGroup;
			children = (
				18B2338419E57D3C000A1FA1 /* PoolContainerVC.h */,
				18B2338519E57D3C000A1FA1 /* PoolContainerVC.m */,
				18B2338619E57D3C000A1FA1 /* PoolDetailInfoVC.h */,
				18B2338719E57D3C000A1FA1 /* PoolDetailInfoVC.m */,
			);
			path = pool;
			sourceTree = "<group>";
		};
		18B2338819E57D3C000A1FA1 /* setting */ = {
			isa = PBXGroup;
			children = (
				18B2338919E57D3C000A1FA1 /* PopOptionLicenseVC.h */,
				18B2338A19E57D3C000A1FA1 /* PopOptionLicenseVC.m */,
				18B2338B19E57D3C000A1FA1 /* PopOptionsUserInfoVC.h */,
				18B2338C19E57D3C000A1FA1 /* PopOptionsUserInfoVC.m */,
				18B2338D19E57D3C000A1FA1 /* PopOptionsVC.h */,
				18B2338E19E57D3C000A1FA1 /* PopOptionsVC.m */,
			);
			path = setting;
			sourceTree = "<group>";
		};
		18B2338F19E57D3C000A1FA1 /* storage */ = {
			isa = PBXGroup;
			children = (
				18B2339019E57D3C000A1FA1 /* StorageCollectionVC.h */,
				18B2339119E57D3C000A1FA1 /* StorageCollectionVC.m */,
				18B2339219E57D3C000A1FA1 /* StorageContainerVC.h */,
				18B2339319E57D3C000A1FA1 /* StorageContainerVC.m */,
				18B2339419E57D3C000A1FA1 /* StorageDetailDiskCell.h */,
				18B2339519E57D3C000A1FA1 /* StorageDetailDiskCell.m */,
				18B2339619E57D3C000A1FA1 /* StorageDetailInfoVC.h */,
				18B2339719E57D3C000A1FA1 /* StorageDetailInfoVC.m */,
			);
			path = storage;
			sourceTree = "<group>";
		};
		18B2339819E57D3C000A1FA1 /* task */ = {
			isa = PBXGroup;
			children = (
				18B2339919E57D3C000A1FA1 /* PopControlRecordCell.h */,
				18B2339A19E57D3C000A1FA1 /* PopControlRecordCell.m */,
				18B2339B19E57D3C000A1FA1 /* PopControlRecordCellForTime.h */,
				18B2339C19E57D3C000A1FA1 /* PopControlRecordCellForTime.m */,
				18B2339D19E57D3C000A1FA1 /* PopControlRecordVC.h */,
				18B2339E19E57D3C000A1FA1 /* PopControlRecordVC.m */,
			);
			path = task;
			sourceTree = "<group>";
		};
		18B2339F19E57D3C000A1FA1 /* vm */ = {
			isa = PBXGroup;
			children = (
				18B233A019E57D3C000A1FA1 /* VmCollectionCell.h */,
				18B233A119E57D3C000A1FA1 /* VmCollectionCell.m */,
				18B233A219E57D3C000A1FA1 /* VmCollectionVC.h */,
				18B233A319E57D3C000A1FA1 /* VmCollectionVC.m */,
				18B233A419E57D3C000A1FA1 /* VmContainerVC.h */,
				18B233A519E57D3C000A1FA1 /* VmContainerVC.m */,
				18B233A619E57D3C000A1FA1 /* VmDetailCPUConfigVC.h */,
				18B233A719E57D3C000A1FA1 /* VmDetailCPUConfigVC.m */,
				18B233A819E57D3C000A1FA1 /* VmDetailInfoVC.h */,
				18B233A919E57D3C000A1FA1 /* VmDetailInfoVC.m */,
				18B233AA19E57D3C000A1FA1 /* VmDetailMemryConfigVC.h */,
				18B233AB19E57D3C000A1FA1 /* VmDetailMemryConfigVC.m */,
				18B233AC19E57D3C000A1FA1 /* VmDetailSnapshootVC.h */,
				18B233AD19E57D3C000A1FA1 /* VmDetailSnapshootVC.m */,
				18B233AE19E57D3C000A1FA1 /* VmDiskCollectionVC.h */,
				18B233AF19E57D3C000A1FA1 /* VmDiskCollectionVC.m */,
				18B233B019E57D3C000A1FA1 /* VmMigrateSelectHostListCell.h */,
				18B233B119E57D3C000A1FA1 /* VmMigrateSelectHostListCell.m */,
				18B233B219E57D3C000A1FA1 /* VmMigrateSelectHostListVC.h */,
				18B233B319E57D3C000A1FA1 /* VmMigrateSelectHostListVC.m */,
				18B233B419E57D3C000A1FA1 /* VmMigrateVC.h */,
				18B233B519E57D3C000A1FA1 /* VmMigrateVC.m */,
				18B233B619E57D3C000A1FA1 /* VmNetworkCollectionVC.h */,
				18B233B719E57D3C000A1FA1 /* VmNetworkCollectionVC.m */,
				18B233B819E57D3C000A1FA1 /* VmNewVC.h */,
				18B233B919E57D3C000A1FA1 /* VmNewVC.m */,
			);
			path = vm;
			sourceTree = "<group>";
		};
		18B233BA19E57D3C000A1FA1 /* warning */ = {
			isa = PBXGroup;
			children = (
				18B233BB19E57D3C000A1FA1 /* PopWarningInfoCell.h */,
				18B233BC19E57D3C000A1FA1 /* PopWarningInfoCell.m */,
				18B233BD19E57D3C000A1FA1 /* PopWarningInfoCellForTime.h */,
				18B233BE19E57D3C000A1FA1 /* PopWarningInfoCellForTime.m */,
				18B233BF19E57D3C000A1FA1 /* PopWarningInfoVC.h */,
				18B233C019E57D3C000A1FA1 /* PopWarningInfoVC.m */,
			);
			path = warning;
			sourceTree = "<group>";
		};
		18C8466619E5A15F005FD404 /* datacenter */ = {
			isa = PBXGroup;
			children = (
				18C8466719E5A15F005FD404 /* DatacenterContainerVC.h */,
				18C8466819E5A15F005FD404 /* DatacenterContainerVC.m */,
				18C8466919E5A15F005FD404 /* DatacenterDetailCollectionVC.h */,
				18C8466A19E5A15F005FD404 /* DatacenterDetailCollectionVC.m */,
				18C8466B19E5A15F005FD404 /* DatacenterDetailInfoVC.h */,
				18C8466C19E5A15F005FD404 /* DatacenterDetailInfoVC.m */,
				18C8466D19E5A15F005FD404 /* DatacenterDetailMoreVC.h */,
				18C8466E19E5A15F005FD404 /* DatacenterDetailMoreVC.m */,
				18C8466F19E5A15F005FD404 /* DatacenterTableVC.h */,
				18C8467019E5A15F005FD404 /* DatacenterTableVC.m */,
			);
			path = datacenter;
			sourceTree = "<group>";
		};
/* End PBXGroup section */

/* Begin PBXNativeTarget section */
		18A4D42D19B560D400415896 /* WinCenter-iPhone */ = {
			isa = PBXNativeTarget;
			buildConfigurationList = 18A4D46019B560D400415896 /* Build configuration list for PBXNativeTarget "WinCenter-iPhone" */;
			buildPhases = (
				B1B1E8F968E74A20B6F06B0B /* Check Pods Manifest.lock */,
				18A4D42A19B560D400415896 /* Sources */,
				18A4D42B19B560D400415896 /* Frameworks */,
				18A4D42C19B560D400415896 /* Resources */,
				C30B961C39ED4F149F99B57B /* Copy Pods Resources */,
			);
			buildRules = (
			);
			dependencies = (
			);
			name = "WinCenter-iPhone";
			productName = "WinCenter-iPhone";
			productReference = 18A4D42E19B560D400415896 /* WinCenter-iPhone.app */;
			productType = "com.apple.product-type.application";
		};
		18A4D44E19B560D400415896 /* WinCenter-iPhoneTests */ = {
			isa = PBXNativeTarget;
			buildConfigurationList = 18A4D46319B560D400415896 /* Build configuration list for PBXNativeTarget "WinCenter-iPhoneTests" */;
			buildPhases = (
				18A4D44B19B560D400415896 /* Sources */,
				18A4D44C19B560D400415896 /* Frameworks */,
				18A4D44D19B560D400415896 /* Resources */,
			);
			buildRules = (
			);
			dependencies = (
				18A4D45519B560D400415896 /* PBXTargetDependency */,
			);
			name = "WinCenter-iPhoneTests";
			productName = "WinCenter-iPhoneTests";
			productReference = 18A4D44F19B560D400415896 /* WinCenter-iPhoneTests.xctest */;
			productType = "com.apple.product-type.bundle.unit-test";
		};
/* End PBXNativeTarget section */

/* Begin PBXProject section */
		18A4D42619B560D400415896 /* Project object */ = {
			isa = PBXProject;
			attributes = {
				LastUpgradeCheck = 0510;
				ORGANIZATIONNAME = huadi;
				TargetAttributes = {
					18A4D44E19B560D400415896 = {
						TestTargetID = 18A4D42D19B560D400415896;
					};
				};
			};
			buildConfigurationList = 18A4D42919B560D400415896 /* Build configuration list for PBXProject "WinCenter-iPhone" */;
			compatibilityVersion = "Xcode 3.2";
			developmentRegion = English;
			hasScannedForEncodings = 0;
			knownRegions = (
				en,
				Base,
			);
			mainGroup = 18A4D42519B560D400415896;
			productRefGroup = 18A4D42F19B560D400415896 /* Products */;
			projectDirPath = "";
			projectRoot = "";
			targets = (
				18A4D42D19B560D400415896 /* WinCenter-iPhone */,
				18A4D44E19B560D400415896 /* WinCenter-iPhoneTests */,
			);
		};
/* End PBXProject section */

/* Begin PBXResourcesBuildPhase section */
		18A4D42C19B560D400415896 /* Resources */ = {
			isa = PBXResourcesBuildPhase;
			buildActionMask = 2147483647;
			files = (
				18B233C819E57D3C000A1FA1 /* DatacenterVO.getPoolListAsync.limit.json in Resources */,
				18B233CB19E57D3C000A1FA1 /* HostVO.getHostNicGroupedListAsync.json in Resources */,
				18B233C119E57D3C000A1FA1 /* BusinessVO.getBusinessVOAsync.json in Resources */,
				18A4D44A19B560D400415896 /* Images.xcassets in Resources */,
				18B233E019E57D3C000A1FA1 /* VmVO.getVmVolumnListAsync.json in Resources */,
				18B233D519E57D3C000A1FA1 /* PoolVO.getPoolVOAsync.json in Resources */,
				18B233D419E57D3C000A1FA1 /* PoolVO.getPoolElasticAsync.json in Resources */,
				18B233CD19E57D3C000A1FA1 /* HostVO.getHostStatVOAsync.json in Resources */,
				18B233D019E57D3C000A1FA1 /* HostVO.getVmListAsync.json in Resources */,
				18B233C319E57D3C000A1FA1 /* DatacenterVO.getBusinessListAsync.json in Resources */,
				18B233D919E57D3C000A1FA1 /* PoolVO.getVmListWithlimit.json in Resources */,
				18B233E119E57D3C000A1FA1 /* WarningInfoVO.getWarningInfoListAsync.json in Resources */,
				18B233DB19E57D3C000A1FA1 /* StorageVO.getStorageVolumnListAsync.json in Resources */,
				18B233C619E57D3C000A1FA1 /* DatacenterVO.getDatacenterStatWinserverVOAsync.json in Resources */,
				18B233D119E57D3C000A1FA1 /* LicenseVO.getLicenseVOAsync.json in Resources */,
				18B233C919E57D3C000A1FA1 /* HostVO.getHostNetworkExternalListAsync.json in Resources */,
				18B233DA19E57D3C000A1FA1 /* StorageVO.getStorageVOAsync.json in Resources */,
				18B233C519E57D3C000A1FA1 /* DatacenterVO.getDatacenterListAsync.json in Resources */,
				18B233DF19E57D3C000A1FA1 /* VmVO.getVmVOAsync.json in Resources */,
				18A4D43C19B560D400415896 /* InfoPlist.strings in Resources */,
				18B233D219E57D3C000A1FA1 /* PoolVO.getHostListAsync.json in Resources */,
				18B233C719E57D3C000A1FA1 /* DatacenterVO.getPoolListAsync.json in Resources */,
				18B233C419E57D3C000A1FA1 /* DatacenterVO.getBusinessListAsync.limit.json in Resources */,
				18B233D619E57D3C000A1FA1 /* PoolVO.getStorageList.json in Resources */,
				18B233C219E57D3C000A1FA1 /* ControlRecordVO.getControlRecordListViaObject.json in Resources */,
				18B233DD19E57D3C000A1FA1 /* UserVO.getUserVOAsync.json in Resources */,
				18A4D44519B560D400415896 /* Main.storyboard in Resources */,
				18B233CA19E57D3C000A1FA1 /* HostVO.getHostNetworkInternalListAsync.json in Resources */,
				18B233D719E57D3C000A1FA1 /* PoolVO.getStorageListAsync.json in Resources */,
				18B233DC19E57D3C000A1FA1 /* TemplateIcon2x.png in Resources */,
				18B233CC19E57D3C000A1FA1 /* HostVO.getHostNicUngroupedListAsync.json in Resources */,
				18B233D319E57D3C000A1FA1 /* PoolVO.getHostLisWithlimit.json in Resources */,
				18B233CE19E57D3C000A1FA1 /* HostVO.getHostVOAsync.json in Resources */,
				18B233D819E57D3C000A1FA1 /* PoolVO.getVmListAsync.json in Resources */,
				18B233DE19E57D3C000A1FA1 /* VmVO.getVmNicListAsync.json in Resources */,
				18B233CF19E57D3C000A1FA1 /* HostVO.getStorageListAsync.json in Resources */,
			);
			runOnlyForDeploymentPostprocessing = 0;
		};
		18A4D44D19B560D400415896 /* Resources */ = {
			isa = PBXResourcesBuildPhase;
			buildActionMask = 2147483647;
			files = (
				18A4D45B19B560D400415896 /* InfoPlist.strings in Resources */,
			);
			runOnlyForDeploymentPostprocessing = 0;
		};
/* End PBXResourcesBuildPhase section */

/* Begin PBXShellScriptBuildPhase section */
		B1B1E8F968E74A20B6F06B0B /* Check Pods Manifest.lock */ = {
			isa = PBXShellScriptBuildPhase;
			buildActionMask = 2147483647;
			files = (
			);
			inputPaths = (
			);
			name = "Check Pods Manifest.lock";
			outputPaths = (
			);
			runOnlyForDeploymentPostprocessing = 0;
			shellPath = /bin/sh;
			shellScript = "diff \"${PODS_ROOT}/../Podfile.lock\" \"${PODS_ROOT}/Manifest.lock\" > /dev/null\nif [[ $? != 0 ]] ; then\n    cat << EOM\nerror: The sandbox is not in sync with the Podfile.lock. Run 'pod install' or update your CocoaPods installation.\nEOM\n    exit 1\nfi\n";
			showEnvVarsInLog = 0;
		};
		C30B961C39ED4F149F99B57B /* Copy Pods Resources */ = {
			isa = PBXShellScriptBuildPhase;
			buildActionMask = 2147483647;
			files = (
			);
			inputPaths = (
			);
			name = "Copy Pods Resources";
			outputPaths = (
			);
			runOnlyForDeploymentPostprocessing = 0;
			shellPath = /bin/sh;
			shellScript = "\"${SRCROOT}/../Pods/Pods-WinCenter-iPhone-resources.sh\"\n";
			showEnvVarsInLog = 0;
		};
/* End PBXShellScriptBuildPhase section */

/* Begin PBXSourcesBuildPhase section */
		18A4D42A19B560D400415896 /* Sources */ = {
			isa = PBXSourcesBuildPhase;
			buildActionMask = 2147483647;
			files = (
				18B2340719E57D3C000A1FA1 /* StorageContainerVC.m in Sources */,
				18B2341C19E57D3C000A1FA1 /* PopWarningInfoVC.m in Sources */,
				18B233F819E57D3C000A1FA1 /* HostDetailInfoVC.m in Sources */,
				18B2340219E57D3C000A1FA1 /* PoolDetailInfoVC.m in Sources */,
				18C8467419E5A15F005FD404 /* DatacenterDetailMoreVC.m in Sources */,
				18B233FD19E57D3C000A1FA1 /* LoginVC.m in Sources */,
				18B233FA19E57D3C000A1FA1 /* HostNetworkCollectionVC.m in Sources */,
				18B233E619E57D3C000A1FA1 /* MasterCollectionVC.m in Sources */,
				18B2340F19E57D3C000A1FA1 /* VmContainerVC.m in Sources */,
				18B2340E19E57D3C000A1FA1 /* VmCollectionVC.m in Sources */,
				18B2340B19E57D3C000A1FA1 /* PopControlRecordCellForTime.m in Sources */,
				18B2340D19E57D3C000A1FA1 /* VmCollectionCell.m in Sources */,
				18B2340119E57D3C000A1FA1 /* PoolContainerVC.m in Sources */,
				18B233FC19E57D3C000A1FA1 /* LoginSettingVC.m in Sources */,
				18B233F719E57D3C000A1FA1 /* HostContainerVC.m in Sources */,
				18B233FB19E57D3C000A1FA1 /* HostNicCollectionVC.m in Sources */,
				18B2340819E57D3C000A1FA1 /* StorageDetailDiskCell.m in Sources */,
				18B2341919E57D3C000A1FA1 /* VmNewVC.m in Sources */,
				18B2341619E57D3C000A1FA1 /* VmMigrateSelectHostListVC.m in Sources */,
				18B2341719E57D3C000A1FA1 /* VmMigrateVC.m in Sources */,
				18B2341419E57D3C000A1FA1 /* VmDiskCollectionVC.m in Sources */,
				18B2341219E57D3C000A1FA1 /* VmDetailMemryConfigVC.m in Sources */,
				18C8467219E5A15F005FD404 /* DatacenterDetailCollectionVC.m in Sources */,
				18B2341319E57D3C000A1FA1 /* VmDetailSnapshootVC.m in Sources */,
				18B2340319E57D3C000A1FA1 /* PopOptionLicenseVC.m in Sources */,
				18B233F619E57D3C000A1FA1 /* HostCollectionVC.m in Sources */,
				18A4D44219B560D400415896 /* AppDelegate.m in Sources */,
				18C8467119E5A15F005FD404 /* DatacenterContainerVC.m in Sources */,
				18B2341819E57D3C000A1FA1 /* VmNetworkCollectionVC.m in Sources */,
				18B2340A19E57D3C000A1FA1 /* PopControlRecordCell.m in Sources */,
				18B233FE19E57D3C000A1FA1 /* NetworkCollectionCell.m in Sources */,
				18B233E319E57D3C000A1FA1 /* BusinessDetailInfoVC.m in Sources */,
				18B2340619E57D3C000A1FA1 /* StorageCollectionVC.m in Sources */,
				18A4D43E19B560D400415896 /* main.m in Sources */,
				18B2341019E57D3C000A1FA1 /* VmDetailCPUConfigVC.m in Sources */,
				18B2341B19E57D3C000A1FA1 /* PopWarningInfoCellForTime.m in Sources */,
				18B2340519E57D3C000A1FA1 /* PopOptionsVC.m in Sources */,
				18C8467319E5A15F005FD404 /* DatacenterDetailInfoVC.m in Sources */,
				18C8467519E5A15F005FD404 /* DatacenterTableVC.m in Sources */,
				18B2340C19E57D3C000A1FA1 /* PopControlRecordVC.m in Sources */,
				18B2341A19E57D3C000A1FA1 /* PopWarningInfoCell.m in Sources */,
				18B2340919E57D3C000A1FA1 /* StorageDetailInfoVC.m in Sources */,
				18B233E419E57D3C000A1FA1 /* MasterCollectionCell.m in Sources */,
				18B2341119E57D3C000A1FA1 /* VmDetailInfoVC.m in Sources */,
				18B2341519E57D3C000A1FA1 /* VmMigrateSelectHostListCell.m in Sources */,
				18B233E519E57D3C000A1FA1 /* MasterCollectionHeader.m in Sources */,
				18B233F919E57D3C000A1FA1 /* HostDetailPerformanceVC.m in Sources */,
				18B2340419E57D3C000A1FA1 /* PopOptionsUserInfoVC.m in Sources */,
				18B233E719E57D3C000A1FA1 /* MasterContainerVC.m in Sources */,
				18B2340019E57D3C000A1FA1 /* NetworkContainerVC.m in Sources */,
				18B233E219E57D3C000A1FA1 /* BusinessContainerVC.m in Sources */,
				18B233FF19E57D3C000A1FA1 /* NetworkCollectionVC.m in Sources */,
			);
			runOnlyForDeploymentPostprocessing = 0;
		};
		18A4D44B19B560D400415896 /* Sources */ = {
			isa = PBXSourcesBuildPhase;
			buildActionMask = 2147483647;
			files = (
				18A4D45D19B560D400415896 /* WinCenter_iPhoneTests.m in Sources */,
			);
			runOnlyForDeploymentPostprocessing = 0;
		};
/* End PBXSourcesBuildPhase section */

/* Begin PBXTargetDependency section */
		18A4D45519B560D400415896 /* PBXTargetDependency */ = {
			isa = PBXTargetDependency;
			target = 18A4D42D19B560D400415896 /* WinCenter-iPhone */;
			targetProxy = 18A4D45419B560D400415896 /* PBXContainerItemProxy */;
		};
/* End PBXTargetDependency section */

/* Begin PBXVariantGroup section */
		18A4D43A19B560D400415896 /* InfoPlist.strings */ = {
			isa = PBXVariantGroup;
			children = (
				18A4D43B19B560D400415896 /* en */,
			);
			name = InfoPlist.strings;
			sourceTree = "<group>";
		};
		18A4D44319B560D400415896 /* Main.storyboard */ = {
			isa = PBXVariantGroup;
			children = (
				18A4D44419B560D400415896 /* Base */,
			);
			name = Main.storyboard;
			sourceTree = "<group>";
		};
		18A4D45919B560D400415896 /* InfoPlist.strings */ = {
			isa = PBXVariantGroup;
			children = (
				18A4D45A19B560D400415896 /* en */,
			);
			name = InfoPlist.strings;
			sourceTree = "<group>";
		};
/* End PBXVariantGroup section */

/* Begin XCBuildConfiguration section */
		18A4D45E19B560D400415896 /* Debug */ = {
			isa = XCBuildConfiguration;
			buildSettings = {
				ALWAYS_SEARCH_USER_PATHS = NO;
				CLANG_CXX_LANGUAGE_STANDARD = "gnu++0x";
				CLANG_CXX_LIBRARY = "libc++";
				CLANG_ENABLE_MODULES = YES;
				CLANG_ENABLE_OBJC_ARC = YES;
				CLANG_WARN_BOOL_CONVERSION = YES;
				CLANG_WARN_CONSTANT_CONVERSION = YES;
				CLANG_WARN_DIRECT_OBJC_ISA_USAGE = YES_ERROR;
				CLANG_WARN_EMPTY_BODY = YES;
				CLANG_WARN_ENUM_CONVERSION = YES;
				CLANG_WARN_INT_CONVERSION = YES;
				CLANG_WARN_OBJC_ROOT_CLASS = YES_ERROR;
				CLANG_WARN__DUPLICATE_METHOD_MATCH = YES;
				"CODE_SIGN_IDENTITY[sdk=iphoneos*]" = "iPhone Developer";
				COPY_PHASE_STRIP = NO;
				GCC_C_LANGUAGE_STANDARD = gnu99;
				GCC_DYNAMIC_NO_PIC = NO;
				GCC_OPTIMIZATION_LEVEL = 0;
				GCC_PREPROCESSOR_DEFINITIONS = (
					"DEBUG=1",
					"$(inherited)",
				);
				GCC_SYMBOLS_PRIVATE_EXTERN = NO;
				GCC_WARN_64_TO_32_BIT_CONVERSION = YES;
				GCC_WARN_ABOUT_RETURN_TYPE = YES_ERROR;
				GCC_WARN_UNDECLARED_SELECTOR = YES;
				GCC_WARN_UNINITIALIZED_AUTOS = YES_AGGRESSIVE;
				GCC_WARN_UNUSED_FUNCTION = YES;
				GCC_WARN_UNUSED_VARIABLE = YES;
				IPHONEOS_DEPLOYMENT_TARGET = 7.1;
				ONLY_ACTIVE_ARCH = YES;
				SDKROOT = iphoneos;
			};
			name = Debug;
		};
		18A4D45F19B560D400415896 /* Release */ = {
			isa = XCBuildConfiguration;
			buildSettings = {
				ALWAYS_SEARCH_USER_PATHS = NO;
				CLANG_CXX_LANGUAGE_STANDARD = "gnu++0x";
				CLANG_CXX_LIBRARY = "libc++";
				CLANG_ENABLE_MODULES = YES;
				CLANG_ENABLE_OBJC_ARC = YES;
				CLANG_WARN_BOOL_CONVERSION = YES;
				CLANG_WARN_CONSTANT_CONVERSION = YES;
				CLANG_WARN_DIRECT_OBJC_ISA_USAGE = YES_ERROR;
				CLANG_WARN_EMPTY_BODY = YES;
				CLANG_WARN_ENUM_CONVERSION = YES;
				CLANG_WARN_INT_CONVERSION = YES;
				CLANG_WARN_OBJC_ROOT_CLASS = YES_ERROR;
				CLANG_WARN__DUPLICATE_METHOD_MATCH = YES;
				"CODE_SIGN_IDENTITY[sdk=iphoneos*]" = "iPhone Developer";
				COPY_PHASE_STRIP = YES;
				ENABLE_NS_ASSERTIONS = NO;
				GCC_C_LANGUAGE_STANDARD = gnu99;
				GCC_WARN_64_TO_32_BIT_CONVERSION = YES;
				GCC_WARN_ABOUT_RETURN_TYPE = YES_ERROR;
				GCC_WARN_UNDECLARED_SELECTOR = YES;
				GCC_WARN_UNINITIALIZED_AUTOS = YES_AGGRESSIVE;
				GCC_WARN_UNUSED_FUNCTION = YES;
				GCC_WARN_UNUSED_VARIABLE = YES;
				IPHONEOS_DEPLOYMENT_TARGET = 7.1;
				SDKROOT = iphoneos;
				VALIDATE_PRODUCT = YES;
			};
			name = Release;
		};
		18A4D46119B560D400415896 /* Debug */ = {
			isa = XCBuildConfiguration;
			baseConfigurationReference = A4825152B7144FD988BCC1D0 /* Pods-WinCenter-iPhone.xcconfig */;
			buildSettings = {
				ASSETCATALOG_COMPILER_APPICON_NAME = AppIcon;
				ASSETCATALOG_COMPILER_LAUNCHIMAGE_NAME = LaunchImage;
				GCC_PRECOMPILE_PREFIX_HEADER = YES;
				GCC_PREFIX_HEADER = "WinCenter-iPhone/WinCenter-iPhone-Prefix.pch";
				INFOPLIST_FILE = "WinCenter-iPhone/WinCenter-iPhone-Info.plist";
				LIBRARY_SEARCH_PATHS = (
					"$(inherited)",
					"$(USER_LIBRARY_DIR)/Developer/Xcode/DerivedData/Winhong-dvmhodjrothmeaalefhubdoypnlc/Build/Products/Debug-iphoneos",
				);
				PRODUCT_NAME = "$(TARGET_NAME)";
				USER_HEADER_SEARCH_PATHS = "../WinCenter-Common/**";
				WRAPPER_EXTENSION = app;
			};
			name = Debug;
		};
		18A4D46219B560D400415896 /* Release */ = {
			isa = XCBuildConfiguration;
			baseConfigurationReference = A4825152B7144FD988BCC1D0 /* Pods-WinCenter-iPhone.xcconfig */;
			buildSettings = {
				ASSETCATALOG_COMPILER_APPICON_NAME = AppIcon;
				ASSETCATALOG_COMPILER_LAUNCHIMAGE_NAME = LaunchImage;
				GCC_PRECOMPILE_PREFIX_HEADER = YES;
				GCC_PREFIX_HEADER = "WinCenter-iPhone/WinCenter-iPhone-Prefix.pch";
				INFOPLIST_FILE = "WinCenter-iPhone/WinCenter-iPhone-Info.plist";
				LIBRARY_SEARCH_PATHS = (
					"$(inherited)",
					"$(USER_LIBRARY_DIR)/Developer/Xcode/DerivedData/Winhong-dvmhodjrothmeaalefhubdoypnlc/Build/Products/Debug-iphoneos",
				);
				PRODUCT_NAME = "$(TARGET_NAME)";
				USER_HEADER_SEARCH_PATHS = "../WinCenter-Common/**";
				WRAPPER_EXTENSION = app;
			};
			name = Release;
		};
		18A4D46419B560D400415896 /* Debug */ = {
			isa = XCBuildConfiguration;
			buildSettings = {
				BUNDLE_LOADER = "$(BUILT_PRODUCTS_DIR)/WinCenter-iPhone.app/WinCenter-iPhone";
				FRAMEWORK_SEARCH_PATHS = (
					"$(SDKROOT)/Developer/Library/Frameworks",
					"$(inherited)",
					"$(DEVELOPER_FRAMEWORKS_DIR)",
				);
				GCC_PRECOMPILE_PREFIX_HEADER = YES;
				GCC_PREFIX_HEADER = "WinCenter-iPhone/WinCenter-iPhone-Prefix.pch";
				GCC_PREPROCESSOR_DEFINITIONS = (
					"DEBUG=1",
					"$(inherited)",
				);
				INFOPLIST_FILE = "WinCenter-iPhoneTests/WinCenter-iPhoneTests-Info.plist";
				PRODUCT_NAME = "$(TARGET_NAME)";
				TEST_HOST = "$(BUNDLE_LOADER)";
				WRAPPER_EXTENSION = xctest;
			};
			name = Debug;
		};
		18A4D46519B560D400415896 /* Release */ = {
			isa = XCBuildConfiguration;
			buildSettings = {
				BUNDLE_LOADER = "$(BUILT_PRODUCTS_DIR)/WinCenter-iPhone.app/WinCenter-iPhone";
				FRAMEWORK_SEARCH_PATHS = (
					"$(SDKROOT)/Developer/Library/Frameworks",
					"$(inherited)",
					"$(DEVELOPER_FRAMEWORKS_DIR)",
				);
				GCC_PRECOMPILE_PREFIX_HEADER = YES;
				GCC_PREFIX_HEADER = "WinCenter-iPhone/WinCenter-iPhone-Prefix.pch";
				INFOPLIST_FILE = "WinCenter-iPhoneTests/WinCenter-iPhoneTests-Info.plist";
				PRODUCT_NAME = "$(TARGET_NAME)";
				TEST_HOST = "$(BUNDLE_LOADER)";
				WRAPPER_EXTENSION = xctest;
			};
			name = Release;
		};
/* End XCBuildConfiguration section */

/* Begin XCConfigurationList section */
		18A4D42919B560D400415896 /* Build configuration list for PBXProject "WinCenter-iPhone" */ = {
			isa = XCConfigurationList;
			buildConfigurations = (
				18A4D45E19B560D400415896 /* Debug */,
				18A4D45F19B560D400415896 /* Release */,
			);
			defaultConfigurationIsVisible = 0;
			defaultConfigurationName = Release;
		};
		18A4D46019B560D400415896 /* Build configuration list for PBXNativeTarget "WinCenter-iPhone" */ = {
			isa = XCConfigurationList;
			buildConfigurations = (
				18A4D46119B560D400415896 /* Debug */,
				18A4D46219B560D400415896 /* Release */,
			);
			defaultConfigurationIsVisible = 0;
			defaultConfigurationName = Release;
		};
		18A4D46319B560D400415896 /* Build configuration list for PBXNativeTarget "WinCenter-iPhoneTests" */ = {
			isa = XCConfigurationList;
			buildConfigurations = (
				18A4D46419B560D400415896 /* Debug */,
				18A4D46519B560D400415896 /* Release */,
			);
			defaultConfigurationIsVisible = 0;
			defaultConfigurationName = Release;
		};
/* End XCConfigurationList section */
	};
	rootObject = 18A4D42619B560D400415896 /* Project object */;
}
